
Microsoft Visual Studio Solution File, Format Version 12.00
# Visual Studio 15
VisualStudioVersion = 15.0.27004.2005
MinimumVisualStudioVersion = 10.0.40219.1
Project("{9A19103F-16F7-4668-BE54-9A1E7A4F7556}") = "Tweetinvi.Core", "Tweetinvi.Core\Tweetinvi.Core.csproj", "{9101F0E8-CFA4-49B5-8568-C3136A765AAF}"
EndProject
Project("{9A19103F-16F7-4668-BE54-9A1E7A4F7556}") = "Tweetinvi.Security", "Tweetinvi.Security\Tweetinvi.Security.csproj", "{8EB2050F-48CE-446A-AE3D-651857A6EABF}"
EndProject
Project("{9A19103F-16F7-4668-BE54-9A1E7A4F7556}") = "Tweetinvi.Logic", "Tweetinvi.Logic\Tweetinvi.Logic.csproj", "{B4C1DEDA-5769-4AEB-831C-7E1B4371BB13}"
EndProject
Project("{9A19103F-16F7-4668-BE54-9A1E7A4F7556}") = "Tweetinvi.Streams", "Tweetinvi.Streams\Tweetinvi.Streams.csproj", "{8C34703A-6E99-446D-9B15-03D96987174D}"
EndProject
Project("{9A19103F-16F7-4668-BE54-9A1E7A4F7556}") = "Tweetinvi.WebLogic", "Tweetinvi.WebLogic\Tweetinvi.WebLogic.csproj", "{77830533-DB3C-42B5-8551-8B2335E501D4}"
EndProject
Project("{9A19103F-16F7-4668-BE54-9A1E7A4F7556}") = "Tweetinvi.Factories", "Tweetinvi.Factories\Tweetinvi.Factories.csproj", "{EB88F1D0-3530-4DD4-BDAD-9E51B7493BEB}"
EndProject
Project("{9A19103F-16F7-4668-BE54-9A1E7A4F7556}") = "Tweetinvi.Credentials", "Tweetinvi.Credentials\Tweetinvi.Credentials.csproj", "{D68ED488-4970-4301-BF3C-D56C1E6B9B31}"
EndProject
Project("{9A19103F-16F7-4668-BE54-9A1E7A4F7556}") = "Tweetinvi.Controllers", "Tweetinvi.Controllers\Tweetinvi.Controllers.csproj", "{DB56C7C1-12FC-48C8-A79E-13B08E5E5B84}"
EndProject
Project("{9A19103F-16F7-4668-BE54-9A1E7A4F7556}") = "Tweetinvi", "Tweetinvi\Tweetinvi.csproj", "{5C207EEF-BD2E-47A0-8E35-591207240476}"
EndProject
Project("{9A19103F-16F7-4668-BE54-9A1E7A4F7556}") = "Examplinvi.NETStandard", "Examplinvi.NETStandard\Examplinvi.NETStandard.csproj", "{1BF67ABB-5417-47DC-8C28-FF1DD7DC0B07}"
EndProject
Project("{2150E333-8FDC-42A3-9474-1A3956D46DE8}") = "Examples", "Examples", "{BF17EF93-A82C-43D8-813C-0DBBC53A8A80}"
EndProject
Project("{FAE04EC0-301F-11D3-BF4B-00C04F79EFBC}") = "Testinvi", "Testinvi\Testinvi.csproj", "{BBD2D87F-E83B-4FE7-B4C7-3DAF61472D30}"
EndProject
Project("{9A19103F-16F7-4668-BE54-9A1E7A4F7556}") = "Examplinvi.ASP.NET.Core", "Examplinvi.ASP.NET.Core\Examplinvi.ASP.NET.Core.csproj", "{F37A48F5-39DA-4FA2-8175-2EF291BC1202}"
EndProject
Project("{9A19103F-16F7-4668-BE54-9A1E7A4F7556}") = "Examplinvi.NETStandard-2.0", "Examplinvi.NETStandard-2.0\Examplinvi.NETStandard-2.0.csproj", "{D3239412-8AA7-45E2-9BDE-BE82A3E50A67}"
EndProject
Project("{9A19103F-16F7-4668-BE54-9A1E7A4F7556}") = "Examplinvi.WebhooksServer", "Examplinvi.WebhooksServer\Examplinvi.WebhooksServer.csproj", "{803CC0E9-3DA8-411C-BDA2-ADA3919E7948}"
EndProject
Project("{9A19103F-16F7-4668-BE54-9A1E7A4F7556}") = "Tweetinvi.Webhooks", "Tweetinvi.Webhooks\Tweetinvi.Webhooks.csproj", "{E77AE04C-4ABA-49EC-9474-38FD844335C9}"
EndProject
Global
	GlobalSection(SolutionConfigurationPlatforms) = preSolution
		Ad-Hoc|Any CPU = Ad-Hoc|Any CPU
		Ad-Hoc|ARM = Ad-Hoc|ARM
		Ad-Hoc|iPhone = Ad-Hoc|iPhone
		Ad-Hoc|iPhoneSimulator = Ad-Hoc|iPhoneSimulator
		Ad-Hoc|x64 = Ad-Hoc|x64
		Ad-Hoc|x86 = Ad-Hoc|x86
		AppStore|Any CPU = AppStore|Any CPU
		AppStore|ARM = AppStore|ARM
		AppStore|iPhone = AppStore|iPhone
		AppStore|iPhoneSimulator = AppStore|iPhoneSimulator
		AppStore|x64 = AppStore|x64
		AppStore|x86 = AppStore|x86
		Debug|Any CPU = Debug|Any CPU
		Debug|ARM = Debug|ARM
		Debug|iPhone = Debug|iPhone
		Debug|iPhoneSimulator = Debug|iPhoneSimulator
		Debug|x64 = Debug|x64
		Debug|x86 = Debug|x86
		Release|Any CPU = Release|Any CPU
		Release|ARM = Release|ARM
		Release|iPhone = Release|iPhone
		Release|iPhoneSimulator = Release|iPhoneSimulator
		Release|x64 = Release|x64
		Release|x86 = Release|x86
	EndGlobalSection
	GlobalSection(ProjectConfigurationPlatforms) = postSolution
		{9101F0E8-CFA4-49B5-8568-C3136A765AAF}.Ad-Hoc|Any CPU.ActiveCfg = Release|Any CPU
		{9101F0E8-CFA4-49B5-8568-C3136A765AAF}.Ad-Hoc|Any CPU.Build.0 = Release|Any CPU
		{9101F0E8-CFA4-49B5-8568-C3136A765AAF}.Ad-Hoc|ARM.ActiveCfg = Release|Any CPU
		{9101F0E8-CFA4-49B5-8568-C3136A765AAF}.Ad-Hoc|ARM.Build.0 = Release|Any CPU
		{9101F0E8-CFA4-49B5-8568-C3136A765AAF}.Ad-Hoc|iPhone.ActiveCfg = Release|Any CPU
		{9101F0E8-CFA4-49B5-8568-C3136A765AAF}.Ad-Hoc|iPhone.Build.0 = Release|Any CPU
		{9101F0E8-CFA4-49B5-8568-C3136A765AAF}.Ad-Hoc|iPhoneSimulator.ActiveCfg = Release|Any CPU
		{9101F0E8-CFA4-49B5-8568-C3136A765AAF}.Ad-Hoc|iPhoneSimulator.Build.0 = Release|Any CPU
		{9101F0E8-CFA4-49B5-8568-C3136A765AAF}.Ad-Hoc|x64.ActiveCfg = Release|Any CPU
		{9101F0E8-CFA4-49B5-8568-C3136A765AAF}.Ad-Hoc|x64.Build.0 = Release|Any CPU
		{9101F0E8-CFA4-49B5-8568-C3136A765AAF}.Ad-Hoc|x86.ActiveCfg = Release|Any CPU
		{9101F0E8-CFA4-49B5-8568-C3136A765AAF}.Ad-Hoc|x86.Build.0 = Release|Any CPU
		{9101F0E8-CFA4-49B5-8568-C3136A765AAF}.AppStore|Any CPU.ActiveCfg = Release|Any CPU
		{9101F0E8-CFA4-49B5-8568-C3136A765AAF}.AppStore|Any CPU.Build.0 = Release|Any CPU
		{9101F0E8-CFA4-49B5-8568-C3136A765AAF}.AppStore|ARM.ActiveCfg = Release|Any CPU
		{9101F0E8-CFA4-49B5-8568-C3136A765AAF}.AppStore|ARM.Build.0 = Release|Any CPU
		{9101F0E8-CFA4-49B5-8568-C3136A765AAF}.AppStore|iPhone.ActiveCfg = Release|Any CPU
		{9101F0E8-CFA4-49B5-8568-C3136A765AAF}.AppStore|iPhone.Build.0 = Release|Any CPU
		{9101F0E8-CFA4-49B5-8568-C3136A765AAF}.AppStore|iPhoneSimulator.ActiveCfg = Release|Any CPU
		{9101F0E8-CFA4-49B5-8568-C3136A765AAF}.AppStore|iPhoneSimulator.Build.0 = Release|Any CPU
		{9101F0E8-CFA4-49B5-8568-C3136A765AAF}.AppStore|x64.ActiveCfg = Release|Any CPU
		{9101F0E8-CFA4-49B5-8568-C3136A765AAF}.AppStore|x64.Build.0 = Release|Any CPU
		{9101F0E8-CFA4-49B5-8568-C3136A765AAF}.AppStore|x86.ActiveCfg = Release|Any CPU
		{9101F0E8-CFA4-49B5-8568-C3136A765AAF}.AppStore|x86.Build.0 = Release|Any CPU
		{9101F0E8-CFA4-49B5-8568-C3136A765AAF}.Debug|Any CPU.ActiveCfg = Debug|Any CPU
		{9101F0E8-CFA4-49B5-8568-C3136A765AAF}.Debug|Any CPU.Build.0 = Debug|Any CPU
		{9101F0E8-CFA4-49B5-8568-C3136A765AAF}.Debug|ARM.ActiveCfg = Debug|Any CPU
		{9101F0E8-CFA4-49B5-8568-C3136A765AAF}.Debug|ARM.Build.0 = Debug|Any CPU
		{9101F0E8-CFA4-49B5-8568-C3136A765AAF}.Debug|iPhone.ActiveCfg = Debug|Any CPU
		{9101F0E8-CFA4-49B5-8568-C3136A765AAF}.Debug|iPhone.Build.0 = Debug|Any CPU
		{9101F0E8-CFA4-49B5-8568-C3136A765AAF}.Debug|iPhoneSimulator.ActiveCfg = Debug|Any CPU
		{9101F0E8-CFA4-49B5-8568-C3136A765AAF}.Debug|iPhoneSimulator.Build.0 = Debug|Any CPU
		{9101F0E8-CFA4-49B5-8568-C3136A765AAF}.Debug|x64.ActiveCfg = Debug|Any CPU
		{9101F0E8-CFA4-49B5-8568-C3136A765AAF}.Debug|x64.Build.0 = Debug|Any CPU
		{9101F0E8-CFA4-49B5-8568-C3136A765AAF}.Debug|x86.ActiveCfg = Debug|Any CPU
		{9101F0E8-CFA4-49B5-8568-C3136A765AAF}.Debug|x86.Build.0 = Debug|Any CPU
		{9101F0E8-CFA4-49B5-8568-C3136A765AAF}.Release|Any CPU.ActiveCfg = Release|Any CPU
		{9101F0E8-CFA4-49B5-8568-C3136A765AAF}.Release|Any CPU.Build.0 = Release|Any CPU
		{9101F0E8-CFA4-49B5-8568-C3136A765AAF}.Release|ARM.ActiveCfg = Release|Any CPU
		{9101F0E8-CFA4-49B5-8568-C3136A765AAF}.Release|ARM.Build.0 = Release|Any CPU
		{9101F0E8-CFA4-49B5-8568-C3136A765AAF}.Release|iPhone.ActiveCfg = Release|Any CPU
		{9101F0E8-CFA4-49B5-8568-C3136A765AAF}.Release|iPhone.Build.0 = Release|Any CPU
		{9101F0E8-CFA4-49B5-8568-C3136A765AAF}.Release|iPhoneSimulator.ActiveCfg = Release|Any CPU
		{9101F0E8-CFA4-49B5-8568-C3136A765AAF}.Release|iPhoneSimulator.Build.0 = Release|Any CPU
		{9101F0E8-CFA4-49B5-8568-C3136A765AAF}.Release|x64.ActiveCfg = Release|Any CPU
		{9101F0E8-CFA4-49B5-8568-C3136A765AAF}.Release|x64.Build.0 = Release|Any CPU
		{9101F0E8-CFA4-49B5-8568-C3136A765AAF}.Release|x86.ActiveCfg = Release|Any CPU
		{9101F0E8-CFA4-49B5-8568-C3136A765AAF}.Release|x86.Build.0 = Release|Any CPU
		{8EB2050F-48CE-446A-AE3D-651857A6EABF}.Ad-Hoc|Any CPU.ActiveCfg = Release|Any CPU
		{8EB2050F-48CE-446A-AE3D-651857A6EABF}.Ad-Hoc|Any CPU.Build.0 = Release|Any CPU
		{8EB2050F-48CE-446A-AE3D-651857A6EABF}.Ad-Hoc|ARM.ActiveCfg = Release|Any CPU
		{8EB2050F-48CE-446A-AE3D-651857A6EABF}.Ad-Hoc|ARM.Build.0 = Release|Any CPU
		{8EB2050F-48CE-446A-AE3D-651857A6EABF}.Ad-Hoc|iPhone.ActiveCfg = Release|Any CPU
		{8EB2050F-48CE-446A-AE3D-651857A6EABF}.Ad-Hoc|iPhone.Build.0 = Release|Any CPU
		{8EB2050F-48CE-446A-AE3D-651857A6EABF}.Ad-Hoc|iPhoneSimulator.ActiveCfg = Release|Any CPU
		{8EB2050F-48CE-446A-AE3D-651857A6EABF}.Ad-Hoc|iPhoneSimulator.Build.0 = Release|Any CPU
		{8EB2050F-48CE-446A-AE3D-651857A6EABF}.Ad-Hoc|x64.ActiveCfg = Release|Any CPU
		{8EB2050F-48CE-446A-AE3D-651857A6EABF}.Ad-Hoc|x64.Build.0 = Release|Any CPU
		{8EB2050F-48CE-446A-AE3D-651857A6EABF}.Ad-Hoc|x86.ActiveCfg = Release|Any CPU
		{8EB2050F-48CE-446A-AE3D-651857A6EABF}.Ad-Hoc|x86.Build.0 = Release|Any CPU
		{8EB2050F-48CE-446A-AE3D-651857A6EABF}.AppStore|Any CPU.ActiveCfg = Release|Any CPU
		{8EB2050F-48CE-446A-AE3D-651857A6EABF}.AppStore|Any CPU.Build.0 = Release|Any CPU
		{8EB2050F-48CE-446A-AE3D-651857A6EABF}.AppStore|ARM.ActiveCfg = Release|Any CPU
		{8EB2050F-48CE-446A-AE3D-651857A6EABF}.AppStore|ARM.Build.0 = Release|Any CPU
		{8EB2050F-48CE-446A-AE3D-651857A6EABF}.AppStore|iPhone.ActiveCfg = Release|Any CPU
		{8EB2050F-48CE-446A-AE3D-651857A6EABF}.AppStore|iPhone.Build.0 = Release|Any CPU
		{8EB2050F-48CE-446A-AE3D-651857A6EABF}.AppStore|iPhoneSimulator.ActiveCfg = Release|Any CPU
		{8EB2050F-48CE-446A-AE3D-651857A6EABF}.AppStore|iPhoneSimulator.Build.0 = Release|Any CPU
		{8EB2050F-48CE-446A-AE3D-651857A6EABF}.AppStore|x64.ActiveCfg = Release|Any CPU
		{8EB2050F-48CE-446A-AE3D-651857A6EABF}.AppStore|x64.Build.0 = Release|Any CPU
		{8EB2050F-48CE-446A-AE3D-651857A6EABF}.AppStore|x86.ActiveCfg = Release|Any CPU
		{8EB2050F-48CE-446A-AE3D-651857A6EABF}.AppStore|x86.Build.0 = Release|Any CPU
		{8EB2050F-48CE-446A-AE3D-651857A6EABF}.Debug|Any CPU.ActiveCfg = Debug|Any CPU
		{8EB2050F-48CE-446A-AE3D-651857A6EABF}.Debug|Any CPU.Build.0 = Debug|Any CPU
		{8EB2050F-48CE-446A-AE3D-651857A6EABF}.Debug|ARM.ActiveCfg = Debug|Any CPU
		{8EB2050F-48CE-446A-AE3D-651857A6EABF}.Debug|ARM.Build.0 = Debug|Any CPU
		{8EB2050F-48CE-446A-AE3D-651857A6EABF}.Debug|iPhone.ActiveCfg = Debug|Any CPU
		{8EB2050F-48CE-446A-AE3D-651857A6EABF}.Debug|iPhone.Build.0 = Debug|Any CPU
		{8EB2050F-48CE-446A-AE3D-651857A6EABF}.Debug|iPhoneSimulator.ActiveCfg = Debug|Any CPU
		{8EB2050F-48CE-446A-AE3D-651857A6EABF}.Debug|iPhoneSimulator.Build.0 = Debug|Any CPU
		{8EB2050F-48CE-446A-AE3D-651857A6EABF}.Debug|x64.ActiveCfg = Debug|Any CPU
		{8EB2050F-48CE-446A-AE3D-651857A6EABF}.Debug|x64.Build.0 = Debug|Any CPU
		{8EB2050F-48CE-446A-AE3D-651857A6EABF}.Debug|x86.ActiveCfg = Debug|Any CPU
		{8EB2050F-48CE-446A-AE3D-651857A6EABF}.Debug|x86.Build.0 = Debug|Any CPU
		{8EB2050F-48CE-446A-AE3D-651857A6EABF}.Release|Any CPU.ActiveCfg = Release|Any CPU
		{8EB2050F-48CE-446A-AE3D-651857A6EABF}.Release|Any CPU.Build.0 = Release|Any CPU
		{8EB2050F-48CE-446A-AE3D-651857A6EABF}.Release|ARM.ActiveCfg = Release|Any CPU
		{8EB2050F-48CE-446A-AE3D-651857A6EABF}.Release|ARM.Build.0 = Release|Any CPU
		{8EB2050F-48CE-446A-AE3D-651857A6EABF}.Release|iPhone.ActiveCfg = Release|Any CPU
		{8EB2050F-48CE-446A-AE3D-651857A6EABF}.Release|iPhone.Build.0 = Release|Any CPU
		{8EB2050F-48CE-446A-AE3D-651857A6EABF}.Release|iPhoneSimulator.ActiveCfg = Release|Any CPU
		{8EB2050F-48CE-446A-AE3D-651857A6EABF}.Release|iPhoneSimulator.Build.0 = Release|Any CPU
		{8EB2050F-48CE-446A-AE3D-651857A6EABF}.Release|x64.ActiveCfg = Release|Any CPU
		{8EB2050F-48CE-446A-AE3D-651857A6EABF}.Release|x64.Build.0 = Release|Any CPU
		{8EB2050F-48CE-446A-AE3D-651857A6EABF}.Release|x86.ActiveCfg = Release|Any CPU
		{8EB2050F-48CE-446A-AE3D-651857A6EABF}.Release|x86.Build.0 = Release|Any CPU
		{B4C1DEDA-5769-4AEB-831C-7E1B4371BB13}.Ad-Hoc|Any CPU.ActiveCfg = Release|Any CPU
		{B4C1DEDA-5769-4AEB-831C-7E1B4371BB13}.Ad-Hoc|Any CPU.Build.0 = Release|Any CPU
		{B4C1DEDA-5769-4AEB-831C-7E1B4371BB13}.Ad-Hoc|ARM.ActiveCfg = Release|Any CPU
		{B4C1DEDA-5769-4AEB-831C-7E1B4371BB13}.Ad-Hoc|ARM.Build.0 = Release|Any CPU
		{B4C1DEDA-5769-4AEB-831C-7E1B4371BB13}.Ad-Hoc|iPhone.ActiveCfg = Release|Any CPU
		{B4C1DEDA-5769-4AEB-831C-7E1B4371BB13}.Ad-Hoc|iPhone.Build.0 = Release|Any CPU
		{B4C1DEDA-5769-4AEB-831C-7E1B4371BB13}.Ad-Hoc|iPhoneSimulator.ActiveCfg = Release|Any CPU
		{B4C1DEDA-5769-4AEB-831C-7E1B4371BB13}.Ad-Hoc|iPhoneSimulator.Build.0 = Release|Any CPU
		{B4C1DEDA-5769-4AEB-831C-7E1B4371BB13}.Ad-Hoc|x64.ActiveCfg = Release|Any CPU
		{B4C1DEDA-5769-4AEB-831C-7E1B4371BB13}.Ad-Hoc|x64.Build.0 = Release|Any CPU
		{B4C1DEDA-5769-4AEB-831C-7E1B4371BB13}.Ad-Hoc|x86.ActiveCfg = Release|Any CPU
		{B4C1DEDA-5769-4AEB-831C-7E1B4371BB13}.Ad-Hoc|x86.Build.0 = Release|Any CPU
		{B4C1DEDA-5769-4AEB-831C-7E1B4371BB13}.AppStore|Any CPU.ActiveCfg = Release|Any CPU
		{B4C1DEDA-5769-4AEB-831C-7E1B4371BB13}.AppStore|Any CPU.Build.0 = Release|Any CPU
		{B4C1DEDA-5769-4AEB-831C-7E1B4371BB13}.AppStore|ARM.ActiveCfg = Release|Any CPU
		{B4C1DEDA-5769-4AEB-831C-7E1B4371BB13}.AppStore|ARM.Build.0 = Release|Any CPU
		{B4C1DEDA-5769-4AEB-831C-7E1B4371BB13}.AppStore|iPhone.ActiveCfg = Release|Any CPU
		{B4C1DEDA-5769-4AEB-831C-7E1B4371BB13}.AppStore|iPhone.Build.0 = Release|Any CPU
		{B4C1DEDA-5769-4AEB-831C-7E1B4371BB13}.AppStore|iPhoneSimulator.ActiveCfg = Release|Any CPU
		{B4C1DEDA-5769-4AEB-831C-7E1B4371BB13}.AppStore|iPhoneSimulator.Build.0 = Release|Any CPU
		{B4C1DEDA-5769-4AEB-831C-7E1B4371BB13}.AppStore|x64.ActiveCfg = Release|Any CPU
		{B4C1DEDA-5769-4AEB-831C-7E1B4371BB13}.AppStore|x64.Build.0 = Release|Any CPU
		{B4C1DEDA-5769-4AEB-831C-7E1B4371BB13}.AppStore|x86.ActiveCfg = Release|Any CPU
		{B4C1DEDA-5769-4AEB-831C-7E1B4371BB13}.AppStore|x86.Build.0 = Release|Any CPU
		{B4C1DEDA-5769-4AEB-831C-7E1B4371BB13}.Debug|Any CPU.ActiveCfg = Debug|Any CPU
		{B4C1DEDA-5769-4AEB-831C-7E1B4371BB13}.Debug|Any CPU.Build.0 = Debug|Any CPU
		{B4C1DEDA-5769-4AEB-831C-7E1B4371BB13}.Debug|ARM.ActiveCfg = Debug|Any CPU
		{B4C1DEDA-5769-4AEB-831C-7E1B4371BB13}.Debug|ARM.Build.0 = Debug|Any CPU
		{B4C1DEDA-5769-4AEB-831C-7E1B4371BB13}.Debug|iPhone.ActiveCfg = Debug|Any CPU
		{B4C1DEDA-5769-4AEB-831C-7E1B4371BB13}.Debug|iPhone.Build.0 = Debug|Any CPU
		{B4C1DEDA-5769-4AEB-831C-7E1B4371BB13}.Debug|iPhoneSimulator.ActiveCfg = Debug|Any CPU
		{B4C1DEDA-5769-4AEB-831C-7E1B4371BB13}.Debug|iPhoneSimulator.Build.0 = Debug|Any CPU
		{B4C1DEDA-5769-4AEB-831C-7E1B4371BB13}.Debug|x64.ActiveCfg = Debug|Any CPU
		{B4C1DEDA-5769-4AEB-831C-7E1B4371BB13}.Debug|x64.Build.0 = Debug|Any CPU
		{B4C1DEDA-5769-4AEB-831C-7E1B4371BB13}.Debug|x86.ActiveCfg = Debug|Any CPU
		{B4C1DEDA-5769-4AEB-831C-7E1B4371BB13}.Debug|x86.Build.0 = Debug|Any CPU
		{B4C1DEDA-5769-4AEB-831C-7E1B4371BB13}.Release|Any CPU.ActiveCfg = Release|Any CPU
		{B4C1DEDA-5769-4AEB-831C-7E1B4371BB13}.Release|Any CPU.Build.0 = Release|Any CPU
		{B4C1DEDA-5769-4AEB-831C-7E1B4371BB13}.Release|ARM.ActiveCfg = Release|Any CPU
		{B4C1DEDA-5769-4AEB-831C-7E1B4371BB13}.Release|ARM.Build.0 = Release|Any CPU
		{B4C1DEDA-5769-4AEB-831C-7E1B4371BB13}.Release|iPhone.ActiveCfg = Release|Any CPU
		{B4C1DEDA-5769-4AEB-831C-7E1B4371BB13}.Release|iPhone.Build.0 = Release|Any CPU
		{B4C1DEDA-5769-4AEB-831C-7E1B4371BB13}.Release|iPhoneSimulator.ActiveCfg = Release|Any CPU
		{B4C1DEDA-5769-4AEB-831C-7E1B4371BB13}.Release|iPhoneSimulator.Build.0 = Release|Any CPU
		{B4C1DEDA-5769-4AEB-831C-7E1B4371BB13}.Release|x64.ActiveCfg = Release|Any CPU
		{B4C1DEDA-5769-4AEB-831C-7E1B4371BB13}.Release|x64.Build.0 = Release|Any CPU
		{B4C1DEDA-5769-4AEB-831C-7E1B4371BB13}.Release|x86.ActiveCfg = Release|Any CPU
		{B4C1DEDA-5769-4AEB-831C-7E1B4371BB13}.Release|x86.Build.0 = Release|Any CPU
		{8C34703A-6E99-446D-9B15-03D96987174D}.Ad-Hoc|Any CPU.ActiveCfg = Release|Any CPU
		{8C34703A-6E99-446D-9B15-03D96987174D}.Ad-Hoc|Any CPU.Build.0 = Release|Any CPU
		{8C34703A-6E99-446D-9B15-03D96987174D}.Ad-Hoc|ARM.ActiveCfg = Release|Any CPU
		{8C34703A-6E99-446D-9B15-03D96987174D}.Ad-Hoc|ARM.Build.0 = Release|Any CPU
		{8C34703A-6E99-446D-9B15-03D96987174D}.Ad-Hoc|iPhone.ActiveCfg = Release|Any CPU
		{8C34703A-6E99-446D-9B15-03D96987174D}.Ad-Hoc|iPhone.Build.0 = Release|Any CPU
		{8C34703A-6E99-446D-9B15-03D96987174D}.Ad-Hoc|iPhoneSimulator.ActiveCfg = Release|Any CPU
		{8C34703A-6E99-446D-9B15-03D96987174D}.Ad-Hoc|iPhoneSimulator.Build.0 = Release|Any CPU
		{8C34703A-6E99-446D-9B15-03D96987174D}.Ad-Hoc|x64.ActiveCfg = Release|Any CPU
		{8C34703A-6E99-446D-9B15-03D96987174D}.Ad-Hoc|x64.Build.0 = Release|Any CPU
		{8C34703A-6E99-446D-9B15-03D96987174D}.Ad-Hoc|x86.ActiveCfg = Release|Any CPU
		{8C34703A-6E99-446D-9B15-03D96987174D}.Ad-Hoc|x86.Build.0 = Release|Any CPU
		{8C34703A-6E99-446D-9B15-03D96987174D}.AppStore|Any CPU.ActiveCfg = Release|Any CPU
		{8C34703A-6E99-446D-9B15-03D96987174D}.AppStore|Any CPU.Build.0 = Release|Any CPU
		{8C34703A-6E99-446D-9B15-03D96987174D}.AppStore|ARM.ActiveCfg = Release|Any CPU
		{8C34703A-6E99-446D-9B15-03D96987174D}.AppStore|ARM.Build.0 = Release|Any CPU
		{8C34703A-6E99-446D-9B15-03D96987174D}.AppStore|iPhone.ActiveCfg = Release|Any CPU
		{8C34703A-6E99-446D-9B15-03D96987174D}.AppStore|iPhone.Build.0 = Release|Any CPU
		{8C34703A-6E99-446D-9B15-03D96987174D}.AppStore|iPhoneSimulator.ActiveCfg = Release|Any CPU
		{8C34703A-6E99-446D-9B15-03D96987174D}.AppStore|iPhoneSimulator.Build.0 = Release|Any CPU
		{8C34703A-6E99-446D-9B15-03D96987174D}.AppStore|x64.ActiveCfg = Release|Any CPU
		{8C34703A-6E99-446D-9B15-03D96987174D}.AppStore|x64.Build.0 = Release|Any CPU
		{8C34703A-6E99-446D-9B15-03D96987174D}.AppStore|x86.ActiveCfg = Release|Any CPU
		{8C34703A-6E99-446D-9B15-03D96987174D}.AppStore|x86.Build.0 = Release|Any CPU
		{8C34703A-6E99-446D-9B15-03D96987174D}.Debug|Any CPU.ActiveCfg = Debug|Any CPU
		{8C34703A-6E99-446D-9B15-03D96987174D}.Debug|Any CPU.Build.0 = Debug|Any CPU
		{8C34703A-6E99-446D-9B15-03D96987174D}.Debug|ARM.ActiveCfg = Debug|Any CPU
		{8C34703A-6E99-446D-9B15-03D96987174D}.Debug|ARM.Build.0 = Debug|Any CPU
		{8C34703A-6E99-446D-9B15-03D96987174D}.Debug|iPhone.ActiveCfg = Debug|Any CPU
		{8C34703A-6E99-446D-9B15-03D96987174D}.Debug|iPhone.Build.0 = Debug|Any CPU
		{8C34703A-6E99-446D-9B15-03D96987174D}.Debug|iPhoneSimulator.ActiveCfg = Debug|Any CPU
		{8C34703A-6E99-446D-9B15-03D96987174D}.Debug|iPhoneSimulator.Build.0 = Debug|Any CPU
		{8C34703A-6E99-446D-9B15-03D96987174D}.Debug|x64.ActiveCfg = Debug|Any CPU
		{8C34703A-6E99-446D-9B15-03D96987174D}.Debug|x64.Build.0 = Debug|Any CPU
		{8C34703A-6E99-446D-9B15-03D96987174D}.Debug|x86.ActiveCfg = Debug|Any CPU
		{8C34703A-6E99-446D-9B15-03D96987174D}.Debug|x86.Build.0 = Debug|Any CPU
		{8C34703A-6E99-446D-9B15-03D96987174D}.Release|Any CPU.ActiveCfg = Release|Any CPU
		{8C34703A-6E99-446D-9B15-03D96987174D}.Release|Any CPU.Build.0 = Release|Any CPU
		{8C34703A-6E99-446D-9B15-03D96987174D}.Release|ARM.ActiveCfg = Release|Any CPU
		{8C34703A-6E99-446D-9B15-03D96987174D}.Release|ARM.Build.0 = Release|Any CPU
		{8C34703A-6E99-446D-9B15-03D96987174D}.Release|iPhone.ActiveCfg = Release|Any CPU
		{8C34703A-6E99-446D-9B15-03D96987174D}.Release|iPhone.Build.0 = Release|Any CPU
		{8C34703A-6E99-446D-9B15-03D96987174D}.Release|iPhoneSimulator.ActiveCfg = Release|Any CPU
		{8C34703A-6E99-446D-9B15-03D96987174D}.Release|iPhoneSimulator.Build.0 = Release|Any CPU
		{8C34703A-6E99-446D-9B15-03D96987174D}.Release|x64.ActiveCfg = Release|Any CPU
		{8C34703A-6E99-446D-9B15-03D96987174D}.Release|x64.Build.0 = Release|Any CPU
		{8C34703A-6E99-446D-9B15-03D96987174D}.Release|x86.ActiveCfg = Release|Any CPU
		{8C34703A-6E99-446D-9B15-03D96987174D}.Release|x86.Build.0 = Release|Any CPU
		{77830533-DB3C-42B5-8551-8B2335E501D4}.Ad-Hoc|Any CPU.ActiveCfg = Release|Any CPU
		{77830533-DB3C-42B5-8551-8B2335E501D4}.Ad-Hoc|Any CPU.Build.0 = Release|Any CPU
		{77830533-DB3C-42B5-8551-8B2335E501D4}.Ad-Hoc|ARM.ActiveCfg = Release|Any CPU
		{77830533-DB3C-42B5-8551-8B2335E501D4}.Ad-Hoc|ARM.Build.0 = Release|Any CPU
		{77830533-DB3C-42B5-8551-8B2335E501D4}.Ad-Hoc|iPhone.ActiveCfg = Release|Any CPU
		{77830533-DB3C-42B5-8551-8B2335E501D4}.Ad-Hoc|iPhone.Build.0 = Release|Any CPU
		{77830533-DB3C-42B5-8551-8B2335E501D4}.Ad-Hoc|iPhoneSimulator.ActiveCfg = Release|Any CPU
		{77830533-DB3C-42B5-8551-8B2335E501D4}.Ad-Hoc|iPhoneSimulator.Build.0 = Release|Any CPU
		{77830533-DB3C-42B5-8551-8B2335E501D4}.Ad-Hoc|x64.ActiveCfg = Release|Any CPU
		{77830533-DB3C-42B5-8551-8B2335E501D4}.Ad-Hoc|x64.Build.0 = Release|Any CPU
		{77830533-DB3C-42B5-8551-8B2335E501D4}.Ad-Hoc|x86.ActiveCfg = Release|Any CPU
		{77830533-DB3C-42B5-8551-8B2335E501D4}.Ad-Hoc|x86.Build.0 = Release|Any CPU
		{77830533-DB3C-42B5-8551-8B2335E501D4}.AppStore|Any CPU.ActiveCfg = Release|Any CPU
		{77830533-DB3C-42B5-8551-8B2335E501D4}.AppStore|Any CPU.Build.0 = Release|Any CPU
		{77830533-DB3C-42B5-8551-8B2335E501D4}.AppStore|ARM.ActiveCfg = Release|Any CPU
		{77830533-DB3C-42B5-8551-8B2335E501D4}.AppStore|ARM.Build.0 = Release|Any CPU
		{77830533-DB3C-42B5-8551-8B2335E501D4}.AppStore|iPhone.ActiveCfg = Release|Any CPU
		{77830533-DB3C-42B5-8551-8B2335E501D4}.AppStore|iPhone.Build.0 = Release|Any CPU
		{77830533-DB3C-42B5-8551-8B2335E501D4}.AppStore|iPhoneSimulator.ActiveCfg = Release|Any CPU
		{77830533-DB3C-42B5-8551-8B2335E501D4}.AppStore|iPhoneSimulator.Build.0 = Release|Any CPU
		{77830533-DB3C-42B5-8551-8B2335E501D4}.AppStore|x64.ActiveCfg = Release|Any CPU
		{77830533-DB3C-42B5-8551-8B2335E501D4}.AppStore|x64.Build.0 = Release|Any CPU
		{77830533-DB3C-42B5-8551-8B2335E501D4}.AppStore|x86.ActiveCfg = Release|Any CPU
		{77830533-DB3C-42B5-8551-8B2335E501D4}.AppStore|x86.Build.0 = Release|Any CPU
		{77830533-DB3C-42B5-8551-8B2335E501D4}.Debug|Any CPU.ActiveCfg = Debug|Any CPU
		{77830533-DB3C-42B5-8551-8B2335E501D4}.Debug|Any CPU.Build.0 = Debug|Any CPU
		{77830533-DB3C-42B5-8551-8B2335E501D4}.Debug|ARM.ActiveCfg = Debug|Any CPU
		{77830533-DB3C-42B5-8551-8B2335E501D4}.Debug|ARM.Build.0 = Debug|Any CPU
		{77830533-DB3C-42B5-8551-8B2335E501D4}.Debug|iPhone.ActiveCfg = Debug|Any CPU
		{77830533-DB3C-42B5-8551-8B2335E501D4}.Debug|iPhone.Build.0 = Debug|Any CPU
		{77830533-DB3C-42B5-8551-8B2335E501D4}.Debug|iPhoneSimulator.ActiveCfg = Debug|Any CPU
		{77830533-DB3C-42B5-8551-8B2335E501D4}.Debug|iPhoneSimulator.Build.0 = Debug|Any CPU
		{77830533-DB3C-42B5-8551-8B2335E501D4}.Debug|x64.ActiveCfg = Debug|Any CPU
		{77830533-DB3C-42B5-8551-8B2335E501D4}.Debug|x64.Build.0 = Debug|Any CPU
		{77830533-DB3C-42B5-8551-8B2335E501D4}.Debug|x86.ActiveCfg = Debug|Any CPU
		{77830533-DB3C-42B5-8551-8B2335E501D4}.Debug|x86.Build.0 = Debug|Any CPU
		{77830533-DB3C-42B5-8551-8B2335E501D4}.Release|Any CPU.ActiveCfg = Release|Any CPU
		{77830533-DB3C-42B5-8551-8B2335E501D4}.Release|Any CPU.Build.0 = Release|Any CPU
		{77830533-DB3C-42B5-8551-8B2335E501D4}.Release|ARM.ActiveCfg = Release|Any CPU
		{77830533-DB3C-42B5-8551-8B2335E501D4}.Release|ARM.Build.0 = Release|Any CPU
		{77830533-DB3C-42B5-8551-8B2335E501D4}.Release|iPhone.ActiveCfg = Release|Any CPU
		{77830533-DB3C-42B5-8551-8B2335E501D4}.Release|iPhone.Build.0 = Release|Any CPU
		{77830533-DB3C-42B5-8551-8B2335E501D4}.Release|iPhoneSimulator.ActiveCfg = Release|Any CPU
		{77830533-DB3C-42B5-8551-8B2335E501D4}.Release|iPhoneSimulator.Build.0 = Release|Any CPU
		{77830533-DB3C-42B5-8551-8B2335E501D4}.Release|x64.ActiveCfg = Release|Any CPU
		{77830533-DB3C-42B5-8551-8B2335E501D4}.Release|x64.Build.0 = Release|Any CPU
		{77830533-DB3C-42B5-8551-8B2335E501D4}.Release|x86.ActiveCfg = Release|Any CPU
		{77830533-DB3C-42B5-8551-8B2335E501D4}.Release|x86.Build.0 = Release|Any CPU
		{EB88F1D0-3530-4DD4-BDAD-9E51B7493BEB}.Ad-Hoc|Any CPU.ActiveCfg = Release|Any CPU
		{EB88F1D0-3530-4DD4-BDAD-9E51B7493BEB}.Ad-Hoc|Any CPU.Build.0 = Release|Any CPU
		{EB88F1D0-3530-4DD4-BDAD-9E51B7493BEB}.Ad-Hoc|ARM.ActiveCfg = Release|Any CPU
		{EB88F1D0-3530-4DD4-BDAD-9E51B7493BEB}.Ad-Hoc|ARM.Build.0 = Release|Any CPU
		{EB88F1D0-3530-4DD4-BDAD-9E51B7493BEB}.Ad-Hoc|iPhone.ActiveCfg = Release|Any CPU
		{EB88F1D0-3530-4DD4-BDAD-9E51B7493BEB}.Ad-Hoc|iPhone.Build.0 = Release|Any CPU
		{EB88F1D0-3530-4DD4-BDAD-9E51B7493BEB}.Ad-Hoc|iPhoneSimulator.ActiveCfg = Release|Any CPU
		{EB88F1D0-3530-4DD4-BDAD-9E51B7493BEB}.Ad-Hoc|iPhoneSimulator.Build.0 = Release|Any CPU
		{EB88F1D0-3530-4DD4-BDAD-9E51B7493BEB}.Ad-Hoc|x64.ActiveCfg = Release|Any CPU
		{EB88F1D0-3530-4DD4-BDAD-9E51B7493BEB}.Ad-Hoc|x64.Build.0 = Release|Any CPU
		{EB88F1D0-3530-4DD4-BDAD-9E51B7493BEB}.Ad-Hoc|x86.ActiveCfg = Release|Any CPU
		{EB88F1D0-3530-4DD4-BDAD-9E51B7493BEB}.Ad-Hoc|x86.Build.0 = Release|Any CPU
		{EB88F1D0-3530-4DD4-BDAD-9E51B7493BEB}.AppStore|Any CPU.ActiveCfg = Release|Any CPU
		{EB88F1D0-3530-4DD4-BDAD-9E51B7493BEB}.AppStore|Any CPU.Build.0 = Release|Any CPU
		{EB88F1D0-3530-4DD4-BDAD-9E51B7493BEB}.AppStore|ARM.ActiveCfg = Release|Any CPU
		{EB88F1D0-3530-4DD4-BDAD-9E51B7493BEB}.AppStore|ARM.Build.0 = Release|Any CPU
		{EB88F1D0-3530-4DD4-BDAD-9E51B7493BEB}.AppStore|iPhone.ActiveCfg = Release|Any CPU
		{EB88F1D0-3530-4DD4-BDAD-9E51B7493BEB}.AppStore|iPhone.Build.0 = Release|Any CPU
		{EB88F1D0-3530-4DD4-BDAD-9E51B7493BEB}.AppStore|iPhoneSimulator.ActiveCfg = Release|Any CPU
		{EB88F1D0-3530-4DD4-BDAD-9E51B7493BEB}.AppStore|iPhoneSimulator.Build.0 = Release|Any CPU
		{EB88F1D0-3530-4DD4-BDAD-9E51B7493BEB}.AppStore|x64.ActiveCfg = Release|Any CPU
		{EB88F1D0-3530-4DD4-BDAD-9E51B7493BEB}.AppStore|x64.Build.0 = Release|Any CPU
		{EB88F1D0-3530-4DD4-BDAD-9E51B7493BEB}.AppStore|x86.ActiveCfg = Release|Any CPU
		{EB88F1D0-3530-4DD4-BDAD-9E51B7493BEB}.AppStore|x86.Build.0 = Release|Any CPU
		{EB88F1D0-3530-4DD4-BDAD-9E51B7493BEB}.Debug|Any CPU.ActiveCfg = Debug|Any CPU
		{EB88F1D0-3530-4DD4-BDAD-9E51B7493BEB}.Debug|Any CPU.Build.0 = Debug|Any CPU
		{EB88F1D0-3530-4DD4-BDAD-9E51B7493BEB}.Debug|ARM.ActiveCfg = Debug|Any CPU
		{EB88F1D0-3530-4DD4-BDAD-9E51B7493BEB}.Debug|ARM.Build.0 = Debug|Any CPU
		{EB88F1D0-3530-4DD4-BDAD-9E51B7493BEB}.Debug|iPhone.ActiveCfg = Debug|Any CPU
		{EB88F1D0-3530-4DD4-BDAD-9E51B7493BEB}.Debug|iPhone.Build.0 = Debug|Any CPU
		{EB88F1D0-3530-4DD4-BDAD-9E51B7493BEB}.Debug|iPhoneSimulator.ActiveCfg = Debug|Any CPU
		{EB88F1D0-3530-4DD4-BDAD-9E51B7493BEB}.Debug|iPhoneSimulator.Build.0 = Debug|Any CPU
		{EB88F1D0-3530-4DD4-BDAD-9E51B7493BEB}.Debug|x64.ActiveCfg = Debug|Any CPU
		{EB88F1D0-3530-4DD4-BDAD-9E51B7493BEB}.Debug|x64.Build.0 = Debug|Any CPU
		{EB88F1D0-3530-4DD4-BDAD-9E51B7493BEB}.Debug|x86.ActiveCfg = Debug|Any CPU
		{EB88F1D0-3530-4DD4-BDAD-9E51B7493BEB}.Debug|x86.Build.0 = Debug|Any CPU
		{EB88F1D0-3530-4DD4-BDAD-9E51B7493BEB}.Release|Any CPU.ActiveCfg = Release|Any CPU
		{EB88F1D0-3530-4DD4-BDAD-9E51B7493BEB}.Release|Any CPU.Build.0 = Release|Any CPU
		{EB88F1D0-3530-4DD4-BDAD-9E51B7493BEB}.Release|ARM.ActiveCfg = Release|Any CPU
		{EB88F1D0-3530-4DD4-BDAD-9E51B7493BEB}.Release|ARM.Build.0 = Release|Any CPU
		{EB88F1D0-3530-4DD4-BDAD-9E51B7493BEB}.Release|iPhone.ActiveCfg = Release|Any CPU
		{EB88F1D0-3530-4DD4-BDAD-9E51B7493BEB}.Release|iPhone.Build.0 = Release|Any CPU
		{EB88F1D0-3530-4DD4-BDAD-9E51B7493BEB}.Release|iPhoneSimulator.ActiveCfg = Release|Any CPU
		{EB88F1D0-3530-4DD4-BDAD-9E51B7493BEB}.Release|iPhoneSimulator.Build.0 = Release|Any CPU
		{EB88F1D0-3530-4DD4-BDAD-9E51B7493BEB}.Release|x64.ActiveCfg = Release|Any CPU
		{EB88F1D0-3530-4DD4-BDAD-9E51B7493BEB}.Release|x64.Build.0 = Release|Any CPU
		{EB88F1D0-3530-4DD4-BDAD-9E51B7493BEB}.Release|x86.ActiveCfg = Release|Any CPU
		{EB88F1D0-3530-4DD4-BDAD-9E51B7493BEB}.Release|x86.Build.0 = Release|Any CPU
		{D68ED488-4970-4301-BF3C-D56C1E6B9B31}.Ad-Hoc|Any CPU.ActiveCfg = Release|Any CPU
		{D68ED488-4970-4301-BF3C-D56C1E6B9B31}.Ad-Hoc|Any CPU.Build.0 = Release|Any CPU
		{D68ED488-4970-4301-BF3C-D56C1E6B9B31}.Ad-Hoc|ARM.ActiveCfg = Release|Any CPU
		{D68ED488-4970-4301-BF3C-D56C1E6B9B31}.Ad-Hoc|ARM.Build.0 = Release|Any CPU
		{D68ED488-4970-4301-BF3C-D56C1E6B9B31}.Ad-Hoc|iPhone.ActiveCfg = Release|Any CPU
		{D68ED488-4970-4301-BF3C-D56C1E6B9B31}.Ad-Hoc|iPhone.Build.0 = Release|Any CPU
		{D68ED488-4970-4301-BF3C-D56C1E6B9B31}.Ad-Hoc|iPhoneSimulator.ActiveCfg = Release|Any CPU
		{D68ED488-4970-4301-BF3C-D56C1E6B9B31}.Ad-Hoc|iPhoneSimulator.Build.0 = Release|Any CPU
		{D68ED488-4970-4301-BF3C-D56C1E6B9B31}.Ad-Hoc|x64.ActiveCfg = Release|Any CPU
		{D68ED488-4970-4301-BF3C-D56C1E6B9B31}.Ad-Hoc|x64.Build.0 = Release|Any CPU
		{D68ED488-4970-4301-BF3C-D56C1E6B9B31}.Ad-Hoc|x86.ActiveCfg = Release|Any CPU
		{D68ED488-4970-4301-BF3C-D56C1E6B9B31}.Ad-Hoc|x86.Build.0 = Release|Any CPU
		{D68ED488-4970-4301-BF3C-D56C1E6B9B31}.AppStore|Any CPU.ActiveCfg = Release|Any CPU
		{D68ED488-4970-4301-BF3C-D56C1E6B9B31}.AppStore|Any CPU.Build.0 = Release|Any CPU
		{D68ED488-4970-4301-BF3C-D56C1E6B9B31}.AppStore|ARM.ActiveCfg = Release|Any CPU
		{D68ED488-4970-4301-BF3C-D56C1E6B9B31}.AppStore|ARM.Build.0 = Release|Any CPU
		{D68ED488-4970-4301-BF3C-D56C1E6B9B31}.AppStore|iPhone.ActiveCfg = Release|Any CPU
		{D68ED488-4970-4301-BF3C-D56C1E6B9B31}.AppStore|iPhone.Build.0 = Release|Any CPU
		{D68ED488-4970-4301-BF3C-D56C1E6B9B31}.AppStore|iPhoneSimulator.ActiveCfg = Release|Any CPU
		{D68ED488-4970-4301-BF3C-D56C1E6B9B31}.AppStore|iPhoneSimulator.Build.0 = Release|Any CPU
		{D68ED488-4970-4301-BF3C-D56C1E6B9B31}.AppStore|x64.ActiveCfg = Release|Any CPU
		{D68ED488-4970-4301-BF3C-D56C1E6B9B31}.AppStore|x64.Build.0 = Release|Any CPU
		{D68ED488-4970-4301-BF3C-D56C1E6B9B31}.AppStore|x86.ActiveCfg = Release|Any CPU
		{D68ED488-4970-4301-BF3C-D56C1E6B9B31}.AppStore|x86.Build.0 = Release|Any CPU
		{D68ED488-4970-4301-BF3C-D56C1E6B9B31}.Debug|Any CPU.ActiveCfg = Debug|Any CPU
		{D68ED488-4970-4301-BF3C-D56C1E6B9B31}.Debug|Any CPU.Build.0 = Debug|Any CPU
		{D68ED488-4970-4301-BF3C-D56C1E6B9B31}.Debug|ARM.ActiveCfg = Debug|Any CPU
		{D68ED488-4970-4301-BF3C-D56C1E6B9B31}.Debug|ARM.Build.0 = Debug|Any CPU
		{D68ED488-4970-4301-BF3C-D56C1E6B9B31}.Debug|iPhone.ActiveCfg = Debug|Any CPU
		{D68ED488-4970-4301-BF3C-D56C1E6B9B31}.Debug|iPhone.Build.0 = Debug|Any CPU
		{D68ED488-4970-4301-BF3C-D56C1E6B9B31}.Debug|iPhoneSimulator.ActiveCfg = Debug|Any CPU
		{D68ED488-4970-4301-BF3C-D56C1E6B9B31}.Debug|iPhoneSimulator.Build.0 = Debug|Any CPU
		{D68ED488-4970-4301-BF3C-D56C1E6B9B31}.Debug|x64.ActiveCfg = Debug|Any CPU
		{D68ED488-4970-4301-BF3C-D56C1E6B9B31}.Debug|x64.Build.0 = Debug|Any CPU
		{D68ED488-4970-4301-BF3C-D56C1E6B9B31}.Debug|x86.ActiveCfg = Debug|Any CPU
		{D68ED488-4970-4301-BF3C-D56C1E6B9B31}.Debug|x86.Build.0 = Debug|Any CPU
		{D68ED488-4970-4301-BF3C-D56C1E6B9B31}.Release|Any CPU.ActiveCfg = Release|Any CPU
		{D68ED488-4970-4301-BF3C-D56C1E6B9B31}.Release|Any CPU.Build.0 = Release|Any CPU
		{D68ED488-4970-4301-BF3C-D56C1E6B9B31}.Release|ARM.ActiveCfg = Release|Any CPU
		{D68ED488-4970-4301-BF3C-D56C1E6B9B31}.Release|ARM.Build.0 = Release|Any CPU
		{D68ED488-4970-4301-BF3C-D56C1E6B9B31}.Release|iPhone.ActiveCfg = Release|Any CPU
		{D68ED488-4970-4301-BF3C-D56C1E6B9B31}.Release|iPhone.Build.0 = Release|Any CPU
		{D68ED488-4970-4301-BF3C-D56C1E6B9B31}.Release|iPhoneSimulator.ActiveCfg = Release|Any CPU
		{D68ED488-4970-4301-BF3C-D56C1E6B9B31}.Release|iPhoneSimulator.Build.0 = Release|Any CPU
		{D68ED488-4970-4301-BF3C-D56C1E6B9B31}.Release|x64.ActiveCfg = Release|Any CPU
		{D68ED488-4970-4301-BF3C-D56C1E6B9B31}.Release|x64.Build.0 = Release|Any CPU
		{D68ED488-4970-4301-BF3C-D56C1E6B9B31}.Release|x86.ActiveCfg = Release|Any CPU
		{D68ED488-4970-4301-BF3C-D56C1E6B9B31}.Release|x86.Build.0 = Release|Any CPU
		{DB56C7C1-12FC-48C8-A79E-13B08E5E5B84}.Ad-Hoc|Any CPU.ActiveCfg = Release|Any CPU
		{DB56C7C1-12FC-48C8-A79E-13B08E5E5B84}.Ad-Hoc|Any CPU.Build.0 = Release|Any CPU
		{DB56C7C1-12FC-48C8-A79E-13B08E5E5B84}.Ad-Hoc|ARM.ActiveCfg = Release|Any CPU
		{DB56C7C1-12FC-48C8-A79E-13B08E5E5B84}.Ad-Hoc|ARM.Build.0 = Release|Any CPU
		{DB56C7C1-12FC-48C8-A79E-13B08E5E5B84}.Ad-Hoc|iPhone.ActiveCfg = Release|Any CPU
		{DB56C7C1-12FC-48C8-A79E-13B08E5E5B84}.Ad-Hoc|iPhone.Build.0 = Release|Any CPU
		{DB56C7C1-12FC-48C8-A79E-13B08E5E5B84}.Ad-Hoc|iPhoneSimulator.ActiveCfg = Release|Any CPU
		{DB56C7C1-12FC-48C8-A79E-13B08E5E5B84}.Ad-Hoc|iPhoneSimulator.Build.0 = Release|Any CPU
		{DB56C7C1-12FC-48C8-A79E-13B08E5E5B84}.Ad-Hoc|x64.ActiveCfg = Release|Any CPU
		{DB56C7C1-12FC-48C8-A79E-13B08E5E5B84}.Ad-Hoc|x64.Build.0 = Release|Any CPU
		{DB56C7C1-12FC-48C8-A79E-13B08E5E5B84}.Ad-Hoc|x86.ActiveCfg = Release|Any CPU
		{DB56C7C1-12FC-48C8-A79E-13B08E5E5B84}.Ad-Hoc|x86.Build.0 = Release|Any CPU
		{DB56C7C1-12FC-48C8-A79E-13B08E5E5B84}.AppStore|Any CPU.ActiveCfg = Release|Any CPU
		{DB56C7C1-12FC-48C8-A79E-13B08E5E5B84}.AppStore|Any CPU.Build.0 = Release|Any CPU
		{DB56C7C1-12FC-48C8-A79E-13B08E5E5B84}.AppStore|ARM.ActiveCfg = Release|Any CPU
		{DB56C7C1-12FC-48C8-A79E-13B08E5E5B84}.AppStore|ARM.Build.0 = Release|Any CPU
		{DB56C7C1-12FC-48C8-A79E-13B08E5E5B84}.AppStore|iPhone.ActiveCfg = Release|Any CPU
		{DB56C7C1-12FC-48C8-A79E-13B08E5E5B84}.AppStore|iPhone.Build.0 = Release|Any CPU
		{DB56C7C1-12FC-48C8-A79E-13B08E5E5B84}.AppStore|iPhoneSimulator.ActiveCfg = Release|Any CPU
		{DB56C7C1-12FC-48C8-A79E-13B08E5E5B84}.AppStore|iPhoneSimulator.Build.0 = Release|Any CPU
		{DB56C7C1-12FC-48C8-A79E-13B08E5E5B84}.AppStore|x64.ActiveCfg = Release|Any CPU
		{DB56C7C1-12FC-48C8-A79E-13B08E5E5B84}.AppStore|x64.Build.0 = Release|Any CPU
		{DB56C7C1-12FC-48C8-A79E-13B08E5E5B84}.AppStore|x86.ActiveCfg = Release|Any CPU
		{DB56C7C1-12FC-48C8-A79E-13B08E5E5B84}.AppStore|x86.Build.0 = Release|Any CPU
		{DB56C7C1-12FC-48C8-A79E-13B08E5E5B84}.Debug|Any CPU.ActiveCfg = Debug|Any CPU
		{DB56C7C1-12FC-48C8-A79E-13B08E5E5B84}.Debug|Any CPU.Build.0 = Debug|Any CPU
		{DB56C7C1-12FC-48C8-A79E-13B08E5E5B84}.Debug|ARM.ActiveCfg = Debug|Any CPU
		{DB56C7C1-12FC-48C8-A79E-13B08E5E5B84}.Debug|ARM.Build.0 = Debug|Any CPU
		{DB56C7C1-12FC-48C8-A79E-13B08E5E5B84}.Debug|iPhone.ActiveCfg = Debug|Any CPU
		{DB56C7C1-12FC-48C8-A79E-13B08E5E5B84}.Debug|iPhone.Build.0 = Debug|Any CPU
		{DB56C7C1-12FC-48C8-A79E-13B08E5E5B84}.Debug|iPhoneSimulator.ActiveCfg = Debug|Any CPU
		{DB56C7C1-12FC-48C8-A79E-13B08E5E5B84}.Debug|iPhoneSimulator.Build.0 = Debug|Any CPU
		{DB56C7C1-12FC-48C8-A79E-13B08E5E5B84}.Debug|x64.ActiveCfg = Debug|Any CPU
		{DB56C7C1-12FC-48C8-A79E-13B08E5E5B84}.Debug|x64.Build.0 = Debug|Any CPU
		{DB56C7C1-12FC-48C8-A79E-13B08E5E5B84}.Debug|x86.ActiveCfg = Debug|Any CPU
		{DB56C7C1-12FC-48C8-A79E-13B08E5E5B84}.Debug|x86.Build.0 = Debug|Any CPU
		{DB56C7C1-12FC-48C8-A79E-13B08E5E5B84}.Release|Any CPU.ActiveCfg = Release|Any CPU
		{DB56C7C1-12FC-48C8-A79E-13B08E5E5B84}.Release|Any CPU.Build.0 = Release|Any CPU
		{DB56C7C1-12FC-48C8-A79E-13B08E5E5B84}.Release|ARM.ActiveCfg = Release|Any CPU
		{DB56C7C1-12FC-48C8-A79E-13B08E5E5B84}.Release|ARM.Build.0 = Release|Any CPU
		{DB56C7C1-12FC-48C8-A79E-13B08E5E5B84}.Release|iPhone.ActiveCfg = Release|Any CPU
		{DB56C7C1-12FC-48C8-A79E-13B08E5E5B84}.Release|iPhone.Build.0 = Release|Any CPU
		{DB56C7C1-12FC-48C8-A79E-13B08E5E5B84}.Release|iPhoneSimulator.ActiveCfg = Release|Any CPU
		{DB56C7C1-12FC-48C8-A79E-13B08E5E5B84}.Release|iPhoneSimulator.Build.0 = Release|Any CPU
		{DB56C7C1-12FC-48C8-A79E-13B08E5E5B84}.Release|x64.ActiveCfg = Release|Any CPU
		{DB56C7C1-12FC-48C8-A79E-13B08E5E5B84}.Release|x64.Build.0 = Release|Any CPU
		{DB56C7C1-12FC-48C8-A79E-13B08E5E5B84}.Release|x86.ActiveCfg = Release|Any CPU
		{DB56C7C1-12FC-48C8-A79E-13B08E5E5B84}.Release|x86.Build.0 = Release|Any CPU
		{5C207EEF-BD2E-47A0-8E35-591207240476}.Ad-Hoc|Any CPU.ActiveCfg = Release|Any CPU
		{5C207EEF-BD2E-47A0-8E35-591207240476}.Ad-Hoc|Any CPU.Build.0 = Release|Any CPU
		{5C207EEF-BD2E-47A0-8E35-591207240476}.Ad-Hoc|ARM.ActiveCfg = Release|Any CPU
		{5C207EEF-BD2E-47A0-8E35-591207240476}.Ad-Hoc|ARM.Build.0 = Release|Any CPU
		{5C207EEF-BD2E-47A0-8E35-591207240476}.Ad-Hoc|iPhone.ActiveCfg = Release|Any CPU
		{5C207EEF-BD2E-47A0-8E35-591207240476}.Ad-Hoc|iPhone.Build.0 = Release|Any CPU
		{5C207EEF-BD2E-47A0-8E35-591207240476}.Ad-Hoc|iPhoneSimulator.ActiveCfg = Release|Any CPU
		{5C207EEF-BD2E-47A0-8E35-591207240476}.Ad-Hoc|iPhoneSimulator.Build.0 = Release|Any CPU
		{5C207EEF-BD2E-47A0-8E35-591207240476}.Ad-Hoc|x64.ActiveCfg = Release|Any CPU
		{5C207EEF-BD2E-47A0-8E35-591207240476}.Ad-Hoc|x64.Build.0 = Release|Any CPU
		{5C207EEF-BD2E-47A0-8E35-591207240476}.Ad-Hoc|x86.ActiveCfg = Release|Any CPU
		{5C207EEF-BD2E-47A0-8E35-591207240476}.Ad-Hoc|x86.Build.0 = Release|Any CPU
		{5C207EEF-BD2E-47A0-8E35-591207240476}.AppStore|Any CPU.ActiveCfg = Release|Any CPU
		{5C207EEF-BD2E-47A0-8E35-591207240476}.AppStore|Any CPU.Build.0 = Release|Any CPU
		{5C207EEF-BD2E-47A0-8E35-591207240476}.AppStore|ARM.ActiveCfg = Release|Any CPU
		{5C207EEF-BD2E-47A0-8E35-591207240476}.AppStore|ARM.Build.0 = Release|Any CPU
		{5C207EEF-BD2E-47A0-8E35-591207240476}.AppStore|iPhone.ActiveCfg = Release|Any CPU
		{5C207EEF-BD2E-47A0-8E35-591207240476}.AppStore|iPhone.Build.0 = Release|Any CPU
		{5C207EEF-BD2E-47A0-8E35-591207240476}.AppStore|iPhoneSimulator.ActiveCfg = Release|Any CPU
		{5C207EEF-BD2E-47A0-8E35-591207240476}.AppStore|iPhoneSimulator.Build.0 = Release|Any CPU
		{5C207EEF-BD2E-47A0-8E35-591207240476}.AppStore|x64.ActiveCfg = Release|Any CPU
		{5C207EEF-BD2E-47A0-8E35-591207240476}.AppStore|x64.Build.0 = Release|Any CPU
		{5C207EEF-BD2E-47A0-8E35-591207240476}.AppStore|x86.ActiveCfg = Release|Any CPU
		{5C207EEF-BD2E-47A0-8E35-591207240476}.AppStore|x86.Build.0 = Release|Any CPU
		{5C207EEF-BD2E-47A0-8E35-591207240476}.Debug|Any CPU.ActiveCfg = Debug|Any CPU
		{5C207EEF-BD2E-47A0-8E35-591207240476}.Debug|Any CPU.Build.0 = Debug|Any CPU
		{5C207EEF-BD2E-47A0-8E35-591207240476}.Debug|ARM.ActiveCfg = Debug|Any CPU
		{5C207EEF-BD2E-47A0-8E35-591207240476}.Debug|ARM.Build.0 = Debug|Any CPU
		{5C207EEF-BD2E-47A0-8E35-591207240476}.Debug|iPhone.ActiveCfg = Debug|Any CPU
		{5C207EEF-BD2E-47A0-8E35-591207240476}.Debug|iPhone.Build.0 = Debug|Any CPU
		{5C207EEF-BD2E-47A0-8E35-591207240476}.Debug|iPhoneSimulator.ActiveCfg = Debug|Any CPU
		{5C207EEF-BD2E-47A0-8E35-591207240476}.Debug|iPhoneSimulator.Build.0 = Debug|Any CPU
		{5C207EEF-BD2E-47A0-8E35-591207240476}.Debug|x64.ActiveCfg = Debug|Any CPU
		{5C207EEF-BD2E-47A0-8E35-591207240476}.Debug|x64.Build.0 = Debug|Any CPU
		{5C207EEF-BD2E-47A0-8E35-591207240476}.Debug|x86.ActiveCfg = Debug|Any CPU
		{5C207EEF-BD2E-47A0-8E35-591207240476}.Debug|x86.Build.0 = Debug|Any CPU
		{5C207EEF-BD2E-47A0-8E35-591207240476}.Release|Any CPU.ActiveCfg = Release|Any CPU
		{5C207EEF-BD2E-47A0-8E35-591207240476}.Release|Any CPU.Build.0 = Release|Any CPU
		{5C207EEF-BD2E-47A0-8E35-591207240476}.Release|ARM.ActiveCfg = Release|Any CPU
		{5C207EEF-BD2E-47A0-8E35-591207240476}.Release|ARM.Build.0 = Release|Any CPU
		{5C207EEF-BD2E-47A0-8E35-591207240476}.Release|iPhone.ActiveCfg = Release|Any CPU
		{5C207EEF-BD2E-47A0-8E35-591207240476}.Release|iPhone.Build.0 = Release|Any CPU
		{5C207EEF-BD2E-47A0-8E35-591207240476}.Release|iPhoneSimulator.ActiveCfg = Release|Any CPU
		{5C207EEF-BD2E-47A0-8E35-591207240476}.Release|iPhoneSimulator.Build.0 = Release|Any CPU
		{5C207EEF-BD2E-47A0-8E35-591207240476}.Release|x64.ActiveCfg = Release|Any CPU
		{5C207EEF-BD2E-47A0-8E35-591207240476}.Release|x64.Build.0 = Release|Any CPU
		{5C207EEF-BD2E-47A0-8E35-591207240476}.Release|x86.ActiveCfg = Release|Any CPU
		{5C207EEF-BD2E-47A0-8E35-591207240476}.Release|x86.Build.0 = Release|Any CPU
		{1BF67ABB-5417-47DC-8C28-FF1DD7DC0B07}.Ad-Hoc|Any CPU.ActiveCfg = Release|Any CPU
		{1BF67ABB-5417-47DC-8C28-FF1DD7DC0B07}.Ad-Hoc|Any CPU.Build.0 = Release|Any CPU
		{1BF67ABB-5417-47DC-8C28-FF1DD7DC0B07}.Ad-Hoc|ARM.ActiveCfg = Release|Any CPU
		{1BF67ABB-5417-47DC-8C28-FF1DD7DC0B07}.Ad-Hoc|ARM.Build.0 = Release|Any CPU
		{1BF67ABB-5417-47DC-8C28-FF1DD7DC0B07}.Ad-Hoc|iPhone.ActiveCfg = Release|Any CPU
		{1BF67ABB-5417-47DC-8C28-FF1DD7DC0B07}.Ad-Hoc|iPhone.Build.0 = Release|Any CPU
		{1BF67ABB-5417-47DC-8C28-FF1DD7DC0B07}.Ad-Hoc|iPhoneSimulator.ActiveCfg = Release|Any CPU
		{1BF67ABB-5417-47DC-8C28-FF1DD7DC0B07}.Ad-Hoc|iPhoneSimulator.Build.0 = Release|Any CPU
		{1BF67ABB-5417-47DC-8C28-FF1DD7DC0B07}.Ad-Hoc|x64.ActiveCfg = Release|Any CPU
		{1BF67ABB-5417-47DC-8C28-FF1DD7DC0B07}.Ad-Hoc|x64.Build.0 = Release|Any CPU
		{1BF67ABB-5417-47DC-8C28-FF1DD7DC0B07}.Ad-Hoc|x86.ActiveCfg = Release|Any CPU
		{1BF67ABB-5417-47DC-8C28-FF1DD7DC0B07}.Ad-Hoc|x86.Build.0 = Release|Any CPU
		{1BF67ABB-5417-47DC-8C28-FF1DD7DC0B07}.AppStore|Any CPU.ActiveCfg = Release|Any CPU
		{1BF67ABB-5417-47DC-8C28-FF1DD7DC0B07}.AppStore|Any CPU.Build.0 = Release|Any CPU
		{1BF67ABB-5417-47DC-8C28-FF1DD7DC0B07}.AppStore|ARM.ActiveCfg = Release|Any CPU
		{1BF67ABB-5417-47DC-8C28-FF1DD7DC0B07}.AppStore|ARM.Build.0 = Release|Any CPU
		{1BF67ABB-5417-47DC-8C28-FF1DD7DC0B07}.AppStore|iPhone.ActiveCfg = Release|Any CPU
		{1BF67ABB-5417-47DC-8C28-FF1DD7DC0B07}.AppStore|iPhone.Build.0 = Release|Any CPU
		{1BF67ABB-5417-47DC-8C28-FF1DD7DC0B07}.AppStore|iPhoneSimulator.ActiveCfg = Release|Any CPU
		{1BF67ABB-5417-47DC-8C28-FF1DD7DC0B07}.AppStore|iPhoneSimulator.Build.0 = Release|Any CPU
		{1BF67ABB-5417-47DC-8C28-FF1DD7DC0B07}.AppStore|x64.ActiveCfg = Release|Any CPU
		{1BF67ABB-5417-47DC-8C28-FF1DD7DC0B07}.AppStore|x64.Build.0 = Release|Any CPU
		{1BF67ABB-5417-47DC-8C28-FF1DD7DC0B07}.AppStore|x86.ActiveCfg = Release|Any CPU
		{1BF67ABB-5417-47DC-8C28-FF1DD7DC0B07}.AppStore|x86.Build.0 = Release|Any CPU
		{1BF67ABB-5417-47DC-8C28-FF1DD7DC0B07}.Debug|Any CPU.ActiveCfg = Debug|Any CPU
		{1BF67ABB-5417-47DC-8C28-FF1DD7DC0B07}.Debug|Any CPU.Build.0 = Debug|Any CPU
		{1BF67ABB-5417-47DC-8C28-FF1DD7DC0B07}.Debug|ARM.ActiveCfg = Debug|Any CPU
		{1BF67ABB-5417-47DC-8C28-FF1DD7DC0B07}.Debug|ARM.Build.0 = Debug|Any CPU
		{1BF67ABB-5417-47DC-8C28-FF1DD7DC0B07}.Debug|iPhone.ActiveCfg = Debug|Any CPU
		{1BF67ABB-5417-47DC-8C28-FF1DD7DC0B07}.Debug|iPhone.Build.0 = Debug|Any CPU
		{1BF67ABB-5417-47DC-8C28-FF1DD7DC0B07}.Debug|iPhoneSimulator.ActiveCfg = Debug|Any CPU
		{1BF67ABB-5417-47DC-8C28-FF1DD7DC0B07}.Debug|iPhoneSimulator.Build.0 = Debug|Any CPU
		{1BF67ABB-5417-47DC-8C28-FF1DD7DC0B07}.Debug|x64.ActiveCfg = Debug|Any CPU
		{1BF67ABB-5417-47DC-8C28-FF1DD7DC0B07}.Debug|x64.Build.0 = Debug|Any CPU
		{1BF67ABB-5417-47DC-8C28-FF1DD7DC0B07}.Debug|x86.ActiveCfg = Debug|Any CPU
		{1BF67ABB-5417-47DC-8C28-FF1DD7DC0B07}.Debug|x86.Build.0 = Debug|Any CPU
		{1BF67ABB-5417-47DC-8C28-FF1DD7DC0B07}.Release|Any CPU.ActiveCfg = Release|Any CPU
		{1BF67ABB-5417-47DC-8C28-FF1DD7DC0B07}.Release|Any CPU.Build.0 = Release|Any CPU
		{1BF67ABB-5417-47DC-8C28-FF1DD7DC0B07}.Release|ARM.ActiveCfg = Release|Any CPU
		{1BF67ABB-5417-47DC-8C28-FF1DD7DC0B07}.Release|ARM.Build.0 = Release|Any CPU
		{1BF67ABB-5417-47DC-8C28-FF1DD7DC0B07}.Release|iPhone.ActiveCfg = Release|Any CPU
		{1BF67ABB-5417-47DC-8C28-FF1DD7DC0B07}.Release|iPhone.Build.0 = Release|Any CPU
		{1BF67ABB-5417-47DC-8C28-FF1DD7DC0B07}.Release|iPhoneSimulator.ActiveCfg = Release|Any CPU
		{1BF67ABB-5417-47DC-8C28-FF1DD7DC0B07}.Release|iPhoneSimulator.Build.0 = Release|Any CPU
		{1BF67ABB-5417-47DC-8C28-FF1DD7DC0B07}.Release|x64.ActiveCfg = Release|Any CPU
		{1BF67ABB-5417-47DC-8C28-FF1DD7DC0B07}.Release|x64.Build.0 = Release|Any CPU
		{1BF67ABB-5417-47DC-8C28-FF1DD7DC0B07}.Release|x86.ActiveCfg = Release|Any CPU
		{1BF67ABB-5417-47DC-8C28-FF1DD7DC0B07}.Release|x86.Build.0 = Release|Any CPU
		{BBD2D87F-E83B-4FE7-B4C7-3DAF61472D30}.Ad-Hoc|Any CPU.ActiveCfg = Release|Any CPU
		{BBD2D87F-E83B-4FE7-B4C7-3DAF61472D30}.Ad-Hoc|Any CPU.Build.0 = Release|Any CPU
		{BBD2D87F-E83B-4FE7-B4C7-3DAF61472D30}.Ad-Hoc|ARM.ActiveCfg = Release|Any CPU
		{BBD2D87F-E83B-4FE7-B4C7-3DAF61472D30}.Ad-Hoc|ARM.Build.0 = Release|Any CPU
		{BBD2D87F-E83B-4FE7-B4C7-3DAF61472D30}.Ad-Hoc|iPhone.ActiveCfg = Release|Any CPU
		{BBD2D87F-E83B-4FE7-B4C7-3DAF61472D30}.Ad-Hoc|iPhone.Build.0 = Release|Any CPU
		{BBD2D87F-E83B-4FE7-B4C7-3DAF61472D30}.Ad-Hoc|iPhoneSimulator.ActiveCfg = Release|Any CPU
		{BBD2D87F-E83B-4FE7-B4C7-3DAF61472D30}.Ad-Hoc|iPhoneSimulator.Build.0 = Release|Any CPU
		{BBD2D87F-E83B-4FE7-B4C7-3DAF61472D30}.Ad-Hoc|x64.ActiveCfg = Release|Any CPU
		{BBD2D87F-E83B-4FE7-B4C7-3DAF61472D30}.Ad-Hoc|x64.Build.0 = Release|Any CPU
		{BBD2D87F-E83B-4FE7-B4C7-3DAF61472D30}.Ad-Hoc|x86.ActiveCfg = Release|Any CPU
		{BBD2D87F-E83B-4FE7-B4C7-3DAF61472D30}.Ad-Hoc|x86.Build.0 = Release|Any CPU
		{BBD2D87F-E83B-4FE7-B4C7-3DAF61472D30}.AppStore|Any CPU.ActiveCfg = Release|Any CPU
		{BBD2D87F-E83B-4FE7-B4C7-3DAF61472D30}.AppStore|Any CPU.Build.0 = Release|Any CPU
		{BBD2D87F-E83B-4FE7-B4C7-3DAF61472D30}.AppStore|ARM.ActiveCfg = Release|Any CPU
		{BBD2D87F-E83B-4FE7-B4C7-3DAF61472D30}.AppStore|ARM.Build.0 = Release|Any CPU
		{BBD2D87F-E83B-4FE7-B4C7-3DAF61472D30}.AppStore|iPhone.ActiveCfg = Release|Any CPU
		{BBD2D87F-E83B-4FE7-B4C7-3DAF61472D30}.AppStore|iPhone.Build.0 = Release|Any CPU
		{BBD2D87F-E83B-4FE7-B4C7-3DAF61472D30}.AppStore|iPhoneSimulator.ActiveCfg = Release|Any CPU
		{BBD2D87F-E83B-4FE7-B4C7-3DAF61472D30}.AppStore|iPhoneSimulator.Build.0 = Release|Any CPU
		{BBD2D87F-E83B-4FE7-B4C7-3DAF61472D30}.AppStore|x64.ActiveCfg = Release|Any CPU
		{BBD2D87F-E83B-4FE7-B4C7-3DAF61472D30}.AppStore|x64.Build.0 = Release|Any CPU
		{BBD2D87F-E83B-4FE7-B4C7-3DAF61472D30}.AppStore|x86.ActiveCfg = Release|Any CPU
		{BBD2D87F-E83B-4FE7-B4C7-3DAF61472D30}.AppStore|x86.Build.0 = Release|Any CPU
		{BBD2D87F-E83B-4FE7-B4C7-3DAF61472D30}.Debug|Any CPU.ActiveCfg = Debug|Any CPU
		{BBD2D87F-E83B-4FE7-B4C7-3DAF61472D30}.Debug|Any CPU.Build.0 = Debug|Any CPU
		{BBD2D87F-E83B-4FE7-B4C7-3DAF61472D30}.Debug|ARM.ActiveCfg = Debug|Any CPU
		{BBD2D87F-E83B-4FE7-B4C7-3DAF61472D30}.Debug|ARM.Build.0 = Debug|Any CPU
		{BBD2D87F-E83B-4FE7-B4C7-3DAF61472D30}.Debug|iPhone.ActiveCfg = Debug|Any CPU
		{BBD2D87F-E83B-4FE7-B4C7-3DAF61472D30}.Debug|iPhone.Build.0 = Debug|Any CPU
		{BBD2D87F-E83B-4FE7-B4C7-3DAF61472D30}.Debug|iPhoneSimulator.ActiveCfg = Debug|Any CPU
		{BBD2D87F-E83B-4FE7-B4C7-3DAF61472D30}.Debug|iPhoneSimulator.Build.0 = Debug|Any CPU
		{BBD2D87F-E83B-4FE7-B4C7-3DAF61472D30}.Debug|x64.ActiveCfg = Debug|Any CPU
		{BBD2D87F-E83B-4FE7-B4C7-3DAF61472D30}.Debug|x64.Build.0 = Debug|Any CPU
		{BBD2D87F-E83B-4FE7-B4C7-3DAF61472D30}.Debug|x86.ActiveCfg = Debug|Any CPU
		{BBD2D87F-E83B-4FE7-B4C7-3DAF61472D30}.Debug|x86.Build.0 = Debug|Any CPU
		{BBD2D87F-E83B-4FE7-B4C7-3DAF61472D30}.Release|Any CPU.ActiveCfg = Release|Any CPU
		{BBD2D87F-E83B-4FE7-B4C7-3DAF61472D30}.Release|Any CPU.Build.0 = Release|Any CPU
		{BBD2D87F-E83B-4FE7-B4C7-3DAF61472D30}.Release|ARM.ActiveCfg = Release|Any CPU
		{BBD2D87F-E83B-4FE7-B4C7-3DAF61472D30}.Release|ARM.Build.0 = Release|Any CPU
		{BBD2D87F-E83B-4FE7-B4C7-3DAF61472D30}.Release|iPhone.ActiveCfg = Release|Any CPU
		{BBD2D87F-E83B-4FE7-B4C7-3DAF61472D30}.Release|iPhone.Build.0 = Release|Any CPU
		{BBD2D87F-E83B-4FE7-B4C7-3DAF61472D30}.Release|iPhoneSimulator.ActiveCfg = Release|Any CPU
		{BBD2D87F-E83B-4FE7-B4C7-3DAF61472D30}.Release|iPhoneSimulator.Build.0 = Release|Any CPU
		{BBD2D87F-E83B-4FE7-B4C7-3DAF61472D30}.Release|x64.ActiveCfg = Release|Any CPU
		{BBD2D87F-E83B-4FE7-B4C7-3DAF61472D30}.Release|x64.Build.0 = Release|Any CPU
		{BBD2D87F-E83B-4FE7-B4C7-3DAF61472D30}.Release|x86.ActiveCfg = Release|Any CPU
		{BBD2D87F-E83B-4FE7-B4C7-3DAF61472D30}.Release|x86.Build.0 = Release|Any CPU
		{F37A48F5-39DA-4FA2-8175-2EF291BC1202}.Ad-Hoc|Any CPU.ActiveCfg = Release|Any CPU
		{F37A48F5-39DA-4FA2-8175-2EF291BC1202}.Ad-Hoc|Any CPU.Build.0 = Release|Any CPU
		{F37A48F5-39DA-4FA2-8175-2EF291BC1202}.Ad-Hoc|ARM.ActiveCfg = Release|Any CPU
		{F37A48F5-39DA-4FA2-8175-2EF291BC1202}.Ad-Hoc|ARM.Build.0 = Release|Any CPU
		{F37A48F5-39DA-4FA2-8175-2EF291BC1202}.Ad-Hoc|iPhone.ActiveCfg = Release|Any CPU
		{F37A48F5-39DA-4FA2-8175-2EF291BC1202}.Ad-Hoc|iPhone.Build.0 = Release|Any CPU
		{F37A48F5-39DA-4FA2-8175-2EF291BC1202}.Ad-Hoc|iPhoneSimulator.ActiveCfg = Release|Any CPU
		{F37A48F5-39DA-4FA2-8175-2EF291BC1202}.Ad-Hoc|iPhoneSimulator.Build.0 = Release|Any CPU
		{F37A48F5-39DA-4FA2-8175-2EF291BC1202}.Ad-Hoc|x64.ActiveCfg = Release|Any CPU
		{F37A48F5-39DA-4FA2-8175-2EF291BC1202}.Ad-Hoc|x64.Build.0 = Release|Any CPU
		{F37A48F5-39DA-4FA2-8175-2EF291BC1202}.Ad-Hoc|x86.ActiveCfg = Release|Any CPU
		{F37A48F5-39DA-4FA2-8175-2EF291BC1202}.Ad-Hoc|x86.Build.0 = Release|Any CPU
		{F37A48F5-39DA-4FA2-8175-2EF291BC1202}.AppStore|Any CPU.ActiveCfg = Release|Any CPU
		{F37A48F5-39DA-4FA2-8175-2EF291BC1202}.AppStore|Any CPU.Build.0 = Release|Any CPU
		{F37A48F5-39DA-4FA2-8175-2EF291BC1202}.AppStore|ARM.ActiveCfg = Release|Any CPU
		{F37A48F5-39DA-4FA2-8175-2EF291BC1202}.AppStore|ARM.Build.0 = Release|Any CPU
		{F37A48F5-39DA-4FA2-8175-2EF291BC1202}.AppStore|iPhone.ActiveCfg = Release|Any CPU
		{F37A48F5-39DA-4FA2-8175-2EF291BC1202}.AppStore|iPhone.Build.0 = Release|Any CPU
		{F37A48F5-39DA-4FA2-8175-2EF291BC1202}.AppStore|iPhoneSimulator.ActiveCfg = Release|Any CPU
		{F37A48F5-39DA-4FA2-8175-2EF291BC1202}.AppStore|iPhoneSimulator.Build.0 = Release|Any CPU
		{F37A48F5-39DA-4FA2-8175-2EF291BC1202}.AppStore|x64.ActiveCfg = Release|Any CPU
		{F37A48F5-39DA-4FA2-8175-2EF291BC1202}.AppStore|x64.Build.0 = Release|Any CPU
		{F37A48F5-39DA-4FA2-8175-2EF291BC1202}.AppStore|x86.ActiveCfg = Release|Any CPU
		{F37A48F5-39DA-4FA2-8175-2EF291BC1202}.AppStore|x86.Build.0 = Release|Any CPU
		{F37A48F5-39DA-4FA2-8175-2EF291BC1202}.Debug|Any CPU.ActiveCfg = Debug|Any CPU
		{F37A48F5-39DA-4FA2-8175-2EF291BC1202}.Debug|Any CPU.Build.0 = Debug|Any CPU
		{F37A48F5-39DA-4FA2-8175-2EF291BC1202}.Debug|ARM.ActiveCfg = Debug|Any CPU
		{F37A48F5-39DA-4FA2-8175-2EF291BC1202}.Debug|ARM.Build.0 = Debug|Any CPU
		{F37A48F5-39DA-4FA2-8175-2EF291BC1202}.Debug|iPhone.ActiveCfg = Debug|Any CPU
		{F37A48F5-39DA-4FA2-8175-2EF291BC1202}.Debug|iPhone.Build.0 = Debug|Any CPU
		{F37A48F5-39DA-4FA2-8175-2EF291BC1202}.Debug|iPhoneSimulator.ActiveCfg = Debug|Any CPU
		{F37A48F5-39DA-4FA2-8175-2EF291BC1202}.Debug|iPhoneSimulator.Build.0 = Debug|Any CPU
		{F37A48F5-39DA-4FA2-8175-2EF291BC1202}.Debug|x64.ActiveCfg = Debug|Any CPU
		{F37A48F5-39DA-4FA2-8175-2EF291BC1202}.Debug|x64.Build.0 = Debug|Any CPU
		{F37A48F5-39DA-4FA2-8175-2EF291BC1202}.Debug|x86.ActiveCfg = Debug|Any CPU
		{F37A48F5-39DA-4FA2-8175-2EF291BC1202}.Debug|x86.Build.0 = Debug|Any CPU
		{F37A48F5-39DA-4FA2-8175-2EF291BC1202}.Release|Any CPU.ActiveCfg = Release|Any CPU
		{F37A48F5-39DA-4FA2-8175-2EF291BC1202}.Release|Any CPU.Build.0 = Release|Any CPU
		{F37A48F5-39DA-4FA2-8175-2EF291BC1202}.Release|ARM.ActiveCfg = Release|Any CPU
		{F37A48F5-39DA-4FA2-8175-2EF291BC1202}.Release|ARM.Build.0 = Release|Any CPU
		{F37A48F5-39DA-4FA2-8175-2EF291BC1202}.Release|iPhone.ActiveCfg = Release|Any CPU
		{F37A48F5-39DA-4FA2-8175-2EF291BC1202}.Release|iPhone.Build.0 = Release|Any CPU
		{F37A48F5-39DA-4FA2-8175-2EF291BC1202}.Release|iPhoneSimulator.ActiveCfg = Release|Any CPU
		{F37A48F5-39DA-4FA2-8175-2EF291BC1202}.Release|iPhoneSimulator.Build.0 = Release|Any CPU
		{F37A48F5-39DA-4FA2-8175-2EF291BC1202}.Release|x64.ActiveCfg = Release|Any CPU
		{F37A48F5-39DA-4FA2-8175-2EF291BC1202}.Release|x64.Build.0 = Release|Any CPU
		{F37A48F5-39DA-4FA2-8175-2EF291BC1202}.Release|x86.ActiveCfg = Release|Any CPU
		{F37A48F5-39DA-4FA2-8175-2EF291BC1202}.Release|x86.Build.0 = Release|Any CPU
		{D3239412-8AA7-45E2-9BDE-BE82A3E50A67}.Ad-Hoc|Any CPU.ActiveCfg = Debug|Any CPU
		{D3239412-8AA7-45E2-9BDE-BE82A3E50A67}.Ad-Hoc|Any CPU.Build.0 = Debug|Any CPU
		{D3239412-8AA7-45E2-9BDE-BE82A3E50A67}.Ad-Hoc|ARM.ActiveCfg = Debug|Any CPU
		{D3239412-8AA7-45E2-9BDE-BE82A3E50A67}.Ad-Hoc|ARM.Build.0 = Debug|Any CPU
		{D3239412-8AA7-45E2-9BDE-BE82A3E50A67}.Ad-Hoc|iPhone.ActiveCfg = Debug|Any CPU
		{D3239412-8AA7-45E2-9BDE-BE82A3E50A67}.Ad-Hoc|iPhone.Build.0 = Debug|Any CPU
		{D3239412-8AA7-45E2-9BDE-BE82A3E50A67}.Ad-Hoc|iPhoneSimulator.ActiveCfg = Debug|Any CPU
		{D3239412-8AA7-45E2-9BDE-BE82A3E50A67}.Ad-Hoc|iPhoneSimulator.Build.0 = Debug|Any CPU
		{D3239412-8AA7-45E2-9BDE-BE82A3E50A67}.Ad-Hoc|x64.ActiveCfg = Debug|Any CPU
		{D3239412-8AA7-45E2-9BDE-BE82A3E50A67}.Ad-Hoc|x64.Build.0 = Debug|Any CPU
		{D3239412-8AA7-45E2-9BDE-BE82A3E50A67}.Ad-Hoc|x86.ActiveCfg = Debug|Any CPU
		{D3239412-8AA7-45E2-9BDE-BE82A3E50A67}.Ad-Hoc|x86.Build.0 = Debug|Any CPU
		{D3239412-8AA7-45E2-9BDE-BE82A3E50A67}.AppStore|Any CPU.ActiveCfg = Debug|Any CPU
		{D3239412-8AA7-45E2-9BDE-BE82A3E50A67}.AppStore|Any CPU.Build.0 = Debug|Any CPU
		{D3239412-8AA7-45E2-9BDE-BE82A3E50A67}.AppStore|ARM.ActiveCfg = Debug|Any CPU
		{D3239412-8AA7-45E2-9BDE-BE82A3E50A67}.AppStore|ARM.Build.0 = Debug|Any CPU
		{D3239412-8AA7-45E2-9BDE-BE82A3E50A67}.AppStore|iPhone.ActiveCfg = Debug|Any CPU
		{D3239412-8AA7-45E2-9BDE-BE82A3E50A67}.AppStore|iPhone.Build.0 = Debug|Any CPU
		{D3239412-8AA7-45E2-9BDE-BE82A3E50A67}.AppStore|iPhoneSimulator.ActiveCfg = Debug|Any CPU
		{D3239412-8AA7-45E2-9BDE-BE82A3E50A67}.AppStore|iPhoneSimulator.Build.0 = Debug|Any CPU
		{D3239412-8AA7-45E2-9BDE-BE82A3E50A67}.AppStore|x64.ActiveCfg = Debug|Any CPU
		{D3239412-8AA7-45E2-9BDE-BE82A3E50A67}.AppStore|x64.Build.0 = Debug|Any CPU
		{D3239412-8AA7-45E2-9BDE-BE82A3E50A67}.AppStore|x86.ActiveCfg = Debug|Any CPU
		{D3239412-8AA7-45E2-9BDE-BE82A3E50A67}.AppStore|x86.Build.0 = Debug|Any CPU
		{D3239412-8AA7-45E2-9BDE-BE82A3E50A67}.Debug|Any CPU.ActiveCfg = Debug|Any CPU
		{D3239412-8AA7-45E2-9BDE-BE82A3E50A67}.Debug|Any CPU.Build.0 = Debug|Any CPU
		{D3239412-8AA7-45E2-9BDE-BE82A3E50A67}.Debug|ARM.ActiveCfg = Debug|Any CPU
		{D3239412-8AA7-45E2-9BDE-BE82A3E50A67}.Debug|ARM.Build.0 = Debug|Any CPU
		{D3239412-8AA7-45E2-9BDE-BE82A3E50A67}.Debug|iPhone.ActiveCfg = Debug|Any CPU
		{D3239412-8AA7-45E2-9BDE-BE82A3E50A67}.Debug|iPhone.Build.0 = Debug|Any CPU
		{D3239412-8AA7-45E2-9BDE-BE82A3E50A67}.Debug|iPhoneSimulator.ActiveCfg = Debug|Any CPU
		{D3239412-8AA7-45E2-9BDE-BE82A3E50A67}.Debug|iPhoneSimulator.Build.0 = Debug|Any CPU
		{D3239412-8AA7-45E2-9BDE-BE82A3E50A67}.Debug|x64.ActiveCfg = Debug|Any CPU
		{D3239412-8AA7-45E2-9BDE-BE82A3E50A67}.Debug|x64.Build.0 = Debug|Any CPU
		{D3239412-8AA7-45E2-9BDE-BE82A3E50A67}.Debug|x86.ActiveCfg = Debug|Any CPU
		{D3239412-8AA7-45E2-9BDE-BE82A3E50A67}.Debug|x86.Build.0 = Debug|Any CPU
		{D3239412-8AA7-45E2-9BDE-BE82A3E50A67}.Release|Any CPU.ActiveCfg = Release|Any CPU
		{D3239412-8AA7-45E2-9BDE-BE82A3E50A67}.Release|Any CPU.Build.0 = Release|Any CPU
		{D3239412-8AA7-45E2-9BDE-BE82A3E50A67}.Release|ARM.ActiveCfg = Release|Any CPU
		{D3239412-8AA7-45E2-9BDE-BE82A3E50A67}.Release|ARM.Build.0 = Release|Any CPU
		{D3239412-8AA7-45E2-9BDE-BE82A3E50A67}.Release|iPhone.ActiveCfg = Release|Any CPU
		{D3239412-8AA7-45E2-9BDE-BE82A3E50A67}.Release|iPhone.Build.0 = Release|Any CPU
		{D3239412-8AA7-45E2-9BDE-BE82A3E50A67}.Release|iPhoneSimulator.ActiveCfg = Release|Any CPU
		{D3239412-8AA7-45E2-9BDE-BE82A3E50A67}.Release|iPhoneSimulator.Build.0 = Release|Any CPU
		{D3239412-8AA7-45E2-9BDE-BE82A3E50A67}.Release|x64.ActiveCfg = Release|Any CPU
		{D3239412-8AA7-45E2-9BDE-BE82A3E50A67}.Release|x64.Build.0 = Release|Any CPU
		{D3239412-8AA7-45E2-9BDE-BE82A3E50A67}.Release|x86.ActiveCfg = Release|Any CPU
		{D3239412-8AA7-45E2-9BDE-BE82A3E50A67}.Release|x86.Build.0 = Release|Any CPU
		{803CC0E9-3DA8-411C-BDA2-ADA3919E7948}.Ad-Hoc|Any CPU.ActiveCfg = Debug|Any CPU
		{803CC0E9-3DA8-411C-BDA2-ADA3919E7948}.Ad-Hoc|Any CPU.Build.0 = Debug|Any CPU
		{803CC0E9-3DA8-411C-BDA2-ADA3919E7948}.Ad-Hoc|ARM.ActiveCfg = Debug|Any CPU
		{803CC0E9-3DA8-411C-BDA2-ADA3919E7948}.Ad-Hoc|ARM.Build.0 = Debug|Any CPU
		{803CC0E9-3DA8-411C-BDA2-ADA3919E7948}.Ad-Hoc|iPhone.ActiveCfg = Debug|Any CPU
		{803CC0E9-3DA8-411C-BDA2-ADA3919E7948}.Ad-Hoc|iPhone.Build.0 = Debug|Any CPU
		{803CC0E9-3DA8-411C-BDA2-ADA3919E7948}.Ad-Hoc|iPhoneSimulator.ActiveCfg = Debug|Any CPU
		{803CC0E9-3DA8-411C-BDA2-ADA3919E7948}.Ad-Hoc|iPhoneSimulator.Build.0 = Debug|Any CPU
		{803CC0E9-3DA8-411C-BDA2-ADA3919E7948}.Ad-Hoc|x64.ActiveCfg = Debug|Any CPU
		{803CC0E9-3DA8-411C-BDA2-ADA3919E7948}.Ad-Hoc|x64.Build.0 = Debug|Any CPU
		{803CC0E9-3DA8-411C-BDA2-ADA3919E7948}.Ad-Hoc|x86.ActiveCfg = Debug|Any CPU
		{803CC0E9-3DA8-411C-BDA2-ADA3919E7948}.Ad-Hoc|x86.Build.0 = Debug|Any CPU
		{803CC0E9-3DA8-411C-BDA2-ADA3919E7948}.AppStore|Any CPU.ActiveCfg = Debug|Any CPU
		{803CC0E9-3DA8-411C-BDA2-ADA3919E7948}.AppStore|Any CPU.Build.0 = Debug|Any CPU
		{803CC0E9-3DA8-411C-BDA2-ADA3919E7948}.AppStore|ARM.ActiveCfg = Debug|Any CPU
		{803CC0E9-3DA8-411C-BDA2-ADA3919E7948}.AppStore|ARM.Build.0 = Debug|Any CPU
		{803CC0E9-3DA8-411C-BDA2-ADA3919E7948}.AppStore|iPhone.ActiveCfg = Debug|Any CPU
		{803CC0E9-3DA8-411C-BDA2-ADA3919E7948}.AppStore|iPhone.Build.0 = Debug|Any CPU
		{803CC0E9-3DA8-411C-BDA2-ADA3919E7948}.AppStore|iPhoneSimulator.ActiveCfg = Debug|Any CPU
		{803CC0E9-3DA8-411C-BDA2-ADA3919E7948}.AppStore|iPhoneSimulator.Build.0 = Debug|Any CPU
		{803CC0E9-3DA8-411C-BDA2-ADA3919E7948}.AppStore|x64.ActiveCfg = Debug|Any CPU
		{803CC0E9-3DA8-411C-BDA2-ADA3919E7948}.AppStore|x64.Build.0 = Debug|Any CPU
		{803CC0E9-3DA8-411C-BDA2-ADA3919E7948}.AppStore|x86.ActiveCfg = Debug|Any CPU
		{803CC0E9-3DA8-411C-BDA2-ADA3919E7948}.AppStore|x86.Build.0 = Debug|Any CPU
		{803CC0E9-3DA8-411C-BDA2-ADA3919E7948}.Debug|Any CPU.ActiveCfg = Debug|Any CPU
		{803CC0E9-3DA8-411C-BDA2-ADA3919E7948}.Debug|Any CPU.Build.0 = Debug|Any CPU
		{803CC0E9-3DA8-411C-BDA2-ADA3919E7948}.Debug|ARM.ActiveCfg = Debug|Any CPU
		{803CC0E9-3DA8-411C-BDA2-ADA3919E7948}.Debug|ARM.Build.0 = Debug|Any CPU
		{803CC0E9-3DA8-411C-BDA2-ADA3919E7948}.Debug|iPhone.ActiveCfg = Debug|Any CPU
		{803CC0E9-3DA8-411C-BDA2-ADA3919E7948}.Debug|iPhone.Build.0 = Debug|Any CPU
		{803CC0E9-3DA8-411C-BDA2-ADA3919E7948}.Debug|iPhoneSimulator.ActiveCfg = Debug|Any CPU
		{803CC0E9-3DA8-411C-BDA2-ADA3919E7948}.Debug|iPhoneSimulator.Build.0 = Debug|Any CPU
		{803CC0E9-3DA8-411C-BDA2-ADA3919E7948}.Debug|x64.ActiveCfg = Debug|Any CPU
		{803CC0E9-3DA8-411C-BDA2-ADA3919E7948}.Debug|x64.Build.0 = Debug|Any CPU
		{803CC0E9-3DA8-411C-BDA2-ADA3919E7948}.Debug|x86.ActiveCfg = Debug|Any CPU
		{803CC0E9-3DA8-411C-BDA2-ADA3919E7948}.Debug|x86.Build.0 = Debug|Any CPU
		{803CC0E9-3DA8-411C-BDA2-ADA3919E7948}.Release|Any CPU.ActiveCfg = Release|Any CPU
		{803CC0E9-3DA8-411C-BDA2-ADA3919E7948}.Release|Any CPU.Build.0 = Release|Any CPU
		{803CC0E9-3DA8-411C-BDA2-ADA3919E7948}.Release|ARM.ActiveCfg = Release|Any CPU
		{803CC0E9-3DA8-411C-BDA2-ADA3919E7948}.Release|ARM.Build.0 = Release|Any CPU
		{803CC0E9-3DA8-411C-BDA2-ADA3919E7948}.Release|iPhone.ActiveCfg = Release|Any CPU
		{803CC0E9-3DA8-411C-BDA2-ADA3919E7948}.Release|iPhone.Build.0 = Release|Any CPU
		{803CC0E9-3DA8-411C-BDA2-ADA3919E7948}.Release|iPhoneSimulator.ActiveCfg = Release|Any CPU
		{803CC0E9-3DA8-411C-BDA2-ADA3919E7948}.Release|iPhoneSimulator.Build.0 = Release|Any CPU
		{803CC0E9-3DA8-411C-BDA2-ADA3919E7948}.Release|x64.ActiveCfg = Release|Any CPU
		{803CC0E9-3DA8-411C-BDA2-ADA3919E7948}.Release|x64.Build.0 = Release|Any CPU
		{803CC0E9-3DA8-411C-BDA2-ADA3919E7948}.Release|x86.ActiveCfg = Release|Any CPU
		{803CC0E9-3DA8-411C-BDA2-ADA3919E7948}.Release|x86.Build.0 = Release|Any CPU
		{E77AE04C-4ABA-49EC-9474-38FD844335C9}.Ad-Hoc|Any CPU.ActiveCfg = Debug|Any CPU
		{E77AE04C-4ABA-49EC-9474-38FD844335C9}.Ad-Hoc|Any CPU.Build.0 = Debug|Any CPU
		{E77AE04C-4ABA-49EC-9474-38FD844335C9}.Ad-Hoc|ARM.ActiveCfg = Debug|Any CPU
		{E77AE04C-4ABA-49EC-9474-38FD844335C9}.Ad-Hoc|ARM.Build.0 = Debug|Any CPU
		{E77AE04C-4ABA-49EC-9474-38FD844335C9}.Ad-Hoc|iPhone.ActiveCfg = Debug|Any CPU
		{E77AE04C-4ABA-49EC-9474-38FD844335C9}.Ad-Hoc|iPhone.Build.0 = Debug|Any CPU
		{E77AE04C-4ABA-49EC-9474-38FD844335C9}.Ad-Hoc|iPhoneSimulator.ActiveCfg = Debug|Any CPU
		{E77AE04C-4ABA-49EC-9474-38FD844335C9}.Ad-Hoc|iPhoneSimulator.Build.0 = Debug|Any CPU
		{E77AE04C-4ABA-49EC-9474-38FD844335C9}.Ad-Hoc|x64.ActiveCfg = Debug|Any CPU
		{E77AE04C-4ABA-49EC-9474-38FD844335C9}.Ad-Hoc|x64.Build.0 = Debug|Any CPU
		{E77AE04C-4ABA-49EC-9474-38FD844335C9}.Ad-Hoc|x86.ActiveCfg = Debug|Any CPU
		{E77AE04C-4ABA-49EC-9474-38FD844335C9}.Ad-Hoc|x86.Build.0 = Debug|Any CPU
		{E77AE04C-4ABA-49EC-9474-38FD844335C9}.AppStore|Any CPU.ActiveCfg = Debug|Any CPU
		{E77AE04C-4ABA-49EC-9474-38FD844335C9}.AppStore|Any CPU.Build.0 = Debug|Any CPU
		{E77AE04C-4ABA-49EC-9474-38FD844335C9}.AppStore|ARM.ActiveCfg = Debug|Any CPU
		{E77AE04C-4ABA-49EC-9474-38FD844335C9}.AppStore|ARM.Build.0 = Debug|Any CPU
		{E77AE04C-4ABA-49EC-9474-38FD844335C9}.AppStore|iPhone.ActiveCfg = Debug|Any CPU
		{E77AE04C-4ABA-49EC-9474-38FD844335C9}.AppStore|iPhone.Build.0 = Debug|Any CPU
		{E77AE04C-4ABA-49EC-9474-38FD844335C9}.AppStore|iPhoneSimulator.ActiveCfg = Debug|Any CPU
		{E77AE04C-4ABA-49EC-9474-38FD844335C9}.AppStore|iPhoneSimulator.Build.0 = Debug|Any CPU
		{E77AE04C-4ABA-49EC-9474-38FD844335C9}.AppStore|x64.ActiveCfg = Debug|Any CPU
		{E77AE04C-4ABA-49EC-9474-38FD844335C9}.AppStore|x64.Build.0 = Debug|Any CPU
		{E77AE04C-4ABA-49EC-9474-38FD844335C9}.AppStore|x86.ActiveCfg = Debug|Any CPU
		{E77AE04C-4ABA-49EC-9474-38FD844335C9}.AppStore|x86.Build.0 = Debug|Any CPU
		{E77AE04C-4ABA-49EC-9474-38FD844335C9}.Debug|Any CPU.ActiveCfg = Debug|Any CPU
		{E77AE04C-4ABA-49EC-9474-38FD844335C9}.Debug|Any CPU.Build.0 = Debug|Any CPU
		{E77AE04C-4ABA-49EC-9474-38FD844335C9}.Debug|ARM.ActiveCfg = Debug|Any CPU
		{E77AE04C-4ABA-49EC-9474-38FD844335C9}.Debug|ARM.Build.0 = Debug|Any CPU
		{E77AE04C-4ABA-49EC-9474-38FD844335C9}.Debug|iPhone.ActiveCfg = Debug|Any CPU
		{E77AE04C-4ABA-49EC-9474-38FD844335C9}.Debug|iPhone.Build.0 = Debug|Any CPU
		{E77AE04C-4ABA-49EC-9474-38FD844335C9}.Debug|iPhoneSimulator.ActiveCfg = Debug|Any CPU
		{E77AE04C-4ABA-49EC-9474-38FD844335C9}.Debug|iPhoneSimulator.Build.0 = Debug|Any CPU
		{E77AE04C-4ABA-49EC-9474-38FD844335C9}.Debug|x64.ActiveCfg = Debug|Any CPU
		{E77AE04C-4ABA-49EC-9474-38FD844335C9}.Debug|x64.Build.0 = Debug|Any CPU
		{E77AE04C-4ABA-49EC-9474-38FD844335C9}.Debug|x86.ActiveCfg = Debug|Any CPU
		{E77AE04C-4ABA-49EC-9474-38FD844335C9}.Debug|x86.Build.0 = Debug|Any CPU
		{E77AE04C-4ABA-49EC-9474-38FD844335C9}.Release|Any CPU.ActiveCfg = Release|Any CPU
		{E77AE04C-4ABA-49EC-9474-38FD844335C9}.Release|Any CPU.Build.0 = Release|Any CPU
		{E77AE04C-4ABA-49EC-9474-38FD844335C9}.Release|ARM.ActiveCfg = Release|Any CPU
		{E77AE04C-4ABA-49EC-9474-38FD844335C9}.Release|ARM.Build.0 = Release|Any CPU
		{E77AE04C-4ABA-49EC-9474-38FD844335C9}.Release|iPhone.ActiveCfg = Release|Any CPU
		{E77AE04C-4ABA-49EC-9474-38FD844335C9}.Release|iPhone.Build.0 = Release|Any CPU
		{E77AE04C-4ABA-49EC-9474-38FD844335C9}.Release|iPhoneSimulator.ActiveCfg = Release|Any CPU
		{E77AE04C-4ABA-49EC-9474-38FD844335C9}.Release|iPhoneSimulator.Build.0 = Release|Any CPU
		{E77AE04C-4ABA-49EC-9474-38FD844335C9}.Release|x64.ActiveCfg = Release|Any CPU
		{E77AE04C-4ABA-49EC-9474-38FD844335C9}.Release|x64.Build.0 = Release|Any CPU
		{E77AE04C-4ABA-49EC-9474-38FD844335C9}.Release|x86.ActiveCfg = Release|Any CPU
		{E77AE04C-4ABA-49EC-9474-38FD844335C9}.Release|x86.Build.0 = Release|Any CPU
	EndGlobalSection
	GlobalSection(SolutionProperties) = preSolution
		HideSolutionNode = FALSE
	EndGlobalSection
	GlobalSection(NestedProjects) = preSolution
		{1BF67ABB-5417-47DC-8C28-FF1DD7DC0B07} = {BF17EF93-A82C-43D8-813C-0DBBC53A8A80}
		{F37A48F5-39DA-4FA2-8175-2EF291BC1202} = {BF17EF93-A82C-43D8-813C-0DBBC53A8A80}
		{D3239412-8AA7-45E2-9BDE-BE82A3E50A67} = {BF17EF93-A82C-43D8-813C-0DBBC53A8A80}
		{803CC0E9-3DA8-411C-BDA2-ADA3919E7948} = {BF17EF93-A82C-43D8-813C-0DBBC53A8A80}
	EndGlobalSection
	GlobalSection(ExtensibilityGlobals) = postSolution
		SolutionGuid = {C6934D12-5188-46C0-B5C0-FAF01E50BE0E}
	EndGlobalSection
EndGlobal
