
Microsoft Visual Studio Solution File, Format Version 12.00
# Visual Studio Version 16
VisualStudioVersion = 16.0.29215.179
MinimumVisualStudioVersion = 10.0.40219.1
Project("{9A19103F-16F7-4668-BE54-9A1E7A4F7556}") = "Tweetinvi.Core", "Tweetinvi.Core\Tweetinvi.Core.csproj", "{9101F0E8-CFA4-49B5-8568-C3136A765AAF}"
EndProject
Project("{9A19103F-16F7-4668-BE54-9A1E7A4F7556}") = "Tweetinvi.Security", "Tweetinvi.Security\Tweetinvi.Security.csproj", "{8EB2050F-48CE-446A-AE3D-651857A6EABF}"
EndProject
Project("{9A19103F-16F7-4668-BE54-9A1E7A4F7556}") = "Tweetinvi.Logic", "Tweetinvi.Logic\Tweetinvi.Logic.csproj", "{B4C1DEDA-5769-4AEB-831C-7E1B4371BB13}"
EndProject
Project("{9A19103F-16F7-4668-BE54-9A1E7A4F7556}") = "Tweetinvi.Streams", "Tweetinvi.Streams\Tweetinvi.Streams.csproj", "{8C34703A-6E99-446D-9B15-03D96987174D}"
EndProject
Project("{9A19103F-16F7-4668-BE54-9A1E7A4F7556}") = "Tweetinvi.WebLogic", "Tweetinvi.WebLogic\Tweetinvi.WebLogic.csproj", "{77830533-DB3C-42B5-8551-8B2335E501D4}"
EndProject
Project("{9A19103F-16F7-4668-BE54-9A1E7A4F7556}") = "Tweetinvi.Factories", "Tweetinvi.Factories\Tweetinvi.Factories.csproj", "{EB88F1D0-3530-4DD4-BDAD-9E51B7493BEB}"
EndProject
Project("{9A19103F-16F7-4668-BE54-9A1E7A4F7556}") = "Tweetinvi.Credentials", "Tweetinvi.Credentials\Tweetinvi.Credentials.csproj", "{D68ED488-4970-4301-BF3C-D56C1E6B9B31}"
EndProject
Project("{9A19103F-16F7-4668-BE54-9A1E7A4F7556}") = "Tweetinvi.Controllers", "Tweetinvi.Controllers\Tweetinvi.Controllers.csproj", "{DB56C7C1-12FC-48C8-A79E-13B08E5E5B84}"
EndProject
Project("{9A19103F-16F7-4668-BE54-9A1E7A4F7556}") = "Tweetinvi", "Tweetinvi\Tweetinvi.csproj", "{5C207EEF-BD2E-47A0-8E35-591207240476}"
EndProject
Project("{FAE04EC0-301F-11D3-BF4B-00C04F79EFBC}") = "Examplinvi.NETFramework", "Examplinvi.NETFramework\Examplinvi.NETFramework.csproj", "{80E89160-74AA-4A58-BCE7-6E598B1AD211}"
EndProject
Project("{9A19103F-16F7-4668-BE54-9A1E7A4F7556}") = "Examplinvi.NETStandard", "Examplinvi.NETStandard\Examplinvi.NETStandard.csproj", "{1BF67ABB-5417-47DC-8C28-FF1DD7DC0B07}"
EndProject
Project("{2150E333-8FDC-42A3-9474-1A3956D46DE8}") = "Examples", "Examples", "{BF17EF93-A82C-43D8-813C-0DBBC53A8A80}"
EndProject
Project("{FAE04EC0-301F-11D3-BF4B-00C04F79EFBC}") = "Examplinvi.UAP", "Examplinvi.UAP\Examplinvi.UAP.csproj", "{0890583B-4155-41D3-ACFF-9EF509EC3A50}"
EndProject
Project("{FAE04EC0-301F-11D3-BF4B-00C04F79EFBC}") = "Testinvi", "Testinvi\Testinvi.csproj", "{BBD2D87F-E83B-4FE7-B4C7-3DAF61472D30}"
EndProject
Project("{9A19103F-16F7-4668-BE54-9A1E7A4F7556}") = "Examplinvi.ASP.NET.Core", "Examplinvi.ASP.NET.Core\Examplinvi.ASP.NET.Core.csproj", "{F37A48F5-39DA-4FA2-8175-2EF291BC1202}"
EndProject
Project("{FAE04EC0-301F-11D3-BF4B-00C04F79EFBC}") = "Examplinvi.Xamarin.Android", "Examplinvi.Xamarin.Android\Examplinvi.Xamarin.Android.csproj", "{BACD0B37-153F-4EFD-962A-9111B51623B2}"
EndProject
Project("{FAE04EC0-301F-11D3-BF4B-00C04F79EFBC}") = "Examplinvi.ASP.NET", "Examplinvi.ASP.NET\Examplinvi.ASP.NET.csproj", "{2FCBE7B4-22DE-4AD0-8B72-ED6B878DC279}"
EndProject
Project("{FAE04EC0-301F-11D3-BF4B-00C04F79EFBC}") = "Examplinvi.Xamarin.iOS", "Examplinvi.Xamarin.iOS\Examplinvi.Xamarin.iOS.csproj", "{DFFE8B48-2B4A-4647-82B9-AEE024CA7484}"
EndProject
Project("{FAE04EC0-301F-11D3-BF4B-00C04F79EFBC}") = "Examplinvi.WPF", "Examplinvi.WPF\Examplinvi.WPF.csproj", "{3D3BC9AA-471C-42E0-BEE6-A43F955529DD}"
EndProject
Project("{FAE04EC0-301F-11D3-BF4B-00C04F79EFBC}") = "Examplinvi.Winforms", "Examplinvi.Winforms\Examplinvi.Winforms.csproj", "{1559E81A-0408-4D97-A74E-46D331A2A595}"
EndProject
Project("{9A19103F-16F7-4668-BE54-9A1E7A4F7556}") = "Tweetinvi.Webhooks", "Tweetinvi.Webhooks\Tweetinvi.Webhooks.csproj", "{FB82351E-5720-462D-8562-EDFEFA3EFA03}"
EndProject
Project("{9A19103F-16F7-4668-BE54-9A1E7A4F7556}") = "Examplinvi.NETStandard-2.0", "Examplinvi.NETStandard-2.0\Examplinvi.NETStandard-2.0.csproj", "{D3239412-8AA7-45E2-9BDE-BE82A3E50A67}"
EndProject
Global
	GlobalSection(SolutionConfigurationPlatforms) = preSolution
		Ad-Hoc|Any CPU = Ad-Hoc|Any CPU
		Ad-Hoc|ARM = Ad-Hoc|ARM
		Ad-Hoc|iPhone = Ad-Hoc|iPhone
		Ad-Hoc|iPhoneSimulator = Ad-Hoc|iPhoneSimulator
		Ad-Hoc|x64 = Ad-Hoc|x64
		Ad-Hoc|x86 = Ad-Hoc|x86
		AppStore|Any CPU = AppStore|Any CPU
		AppStore|ARM = AppStore|ARM
		AppStore|iPhone = AppStore|iPhone
		AppStore|iPhoneSimulator = AppStore|iPhoneSimulator
		AppStore|x64 = AppStore|x64
		AppStore|x86 = AppStore|x86
		Debug|Any CPU = Debug|Any CPU
		Debug|ARM = Debug|ARM
		Debug|iPhone = Debug|iPhone
		Debug|iPhoneSimulator = Debug|iPhoneSimulator
		Debug|x64 = Debug|x64
		Debug|x86 = Debug|x86
		Release|Any CPU = Release|Any CPU
		Release|ARM = Release|ARM
		Release|iPhone = Release|iPhone
		Release|iPhoneSimulator = Release|iPhoneSimulator
		Release|x64 = Release|x64
		Release|x86 = Release|x86
	EndGlobalSection
	GlobalSection(ProjectConfigurationPlatforms) = postSolution
		{9101F0E8-CFA4-49B5-8568-C3136A765AAF}.Ad-Hoc|Any CPU.ActiveCfg = Release|Any CPU
		{9101F0E8-CFA4-49B5-8568-C3136A765AAF}.Ad-Hoc|Any CPU.Build.0 = Release|Any CPU
		{9101F0E8-CFA4-49B5-8568-C3136A765AAF}.Ad-Hoc|ARM.ActiveCfg = Release|Any CPU
		{9101F0E8-CFA4-49B5-8568-C3136A765AAF}.Ad-Hoc|ARM.Build.0 = Release|Any CPU
		{9101F0E8-CFA4-49B5-8568-C3136A765AAF}.Ad-Hoc|iPhone.ActiveCfg = Release|Any CPU
		{9101F0E8-CFA4-49B5-8568-C3136A765AAF}.Ad-Hoc|iPhone.Build.0 = Release|Any CPU
		{9101F0E8-CFA4-49B5-8568-C3136A765AAF}.Ad-Hoc|iPhoneSimulator.ActiveCfg = Release|Any CPU
		{9101F0E8-CFA4-49B5-8568-C3136A765AAF}.Ad-Hoc|iPhoneSimulator.Build.0 = Release|Any CPU
		{9101F0E8-CFA4-49B5-8568-C3136A765AAF}.Ad-Hoc|x64.ActiveCfg = Release|Any CPU
		{9101F0E8-CFA4-49B5-8568-C3136A765AAF}.Ad-Hoc|x64.Build.0 = Release|Any CPU
		{9101F0E8-CFA4-49B5-8568-C3136A765AAF}.Ad-Hoc|x86.ActiveCfg = Release|Any CPU
		{9101F0E8-CFA4-49B5-8568-C3136A765AAF}.Ad-Hoc|x86.Build.0 = Release|Any CPU
		{9101F0E8-CFA4-49B5-8568-C3136A765AAF}.AppStore|Any CPU.ActiveCfg = Release|Any CPU
		{9101F0E8-CFA4-49B5-8568-C3136A765AAF}.AppStore|Any CPU.Build.0 = Release|Any CPU
		{9101F0E8-CFA4-49B5-8568-C3136A765AAF}.AppStore|ARM.ActiveCfg = Release|Any CPU
		{9101F0E8-CFA4-49B5-8568-C3136A765AAF}.AppStore|ARM.Build.0 = Release|Any CPU
		{9101F0E8-CFA4-49B5-8568-C3136A765AAF}.AppStore|iPhone.ActiveCfg = Release|Any CPU
		{9101F0E8-CFA4-49B5-8568-C3136A765AAF}.AppStore|iPhone.Build.0 = Release|Any CPU
		{9101F0E8-CFA4-49B5-8568-C3136A765AAF}.AppStore|iPhoneSimulator.ActiveCfg = Release|Any CPU
		{9101F0E8-CFA4-49B5-8568-C3136A765AAF}.AppStore|iPhoneSimulator.Build.0 = Release|Any CPU
		{9101F0E8-CFA4-49B5-8568-C3136A765AAF}.AppStore|x64.ActiveCfg = Release|Any CPU
		{9101F0E8-CFA4-49B5-8568-C3136A765AAF}.AppStore|x64.Build.0 = Release|Any CPU
		{9101F0E8-CFA4-49B5-8568-C3136A765AAF}.AppStore|x86.ActiveCfg = Release|Any CPU
		{9101F0E8-CFA4-49B5-8568-C3136A765AAF}.AppStore|x86.Build.0 = Release|Any CPU
		{9101F0E8-CFA4-49B5-8568-C3136A765AAF}.Debug|Any CPU.ActiveCfg = Debug|Any CPU
		{9101F0E8-CFA4-49B5-8568-C3136A765AAF}.Debug|Any CPU.Build.0 = Debug|Any CPU
		{9101F0E8-CFA4-49B5-8568-C3136A765AAF}.Debug|ARM.ActiveCfg = Debug|Any CPU
		{9101F0E8-CFA4-49B5-8568-C3136A765AAF}.Debug|ARM.Build.0 = Debug|Any CPU
		{9101F0E8-CFA4-49B5-8568-C3136A765AAF}.Debug|iPhone.ActiveCfg = Debug|Any CPU
		{9101F0E8-CFA4-49B5-8568-C3136A765AAF}.Debug|iPhone.Build.0 = Debug|Any CPU
		{9101F0E8-CFA4-49B5-8568-C3136A765AAF}.Debug|iPhoneSimulator.ActiveCfg = Debug|Any CPU
		{9101F0E8-CFA4-49B5-8568-C3136A765AAF}.Debug|iPhoneSimulator.Build.0 = Debug|Any CPU
		{9101F0E8-CFA4-49B5-8568-C3136A765AAF}.Debug|x64.ActiveCfg = Debug|Any CPU
		{9101F0E8-CFA4-49B5-8568-C3136A765AAF}.Debug|x64.Build.0 = Debug|Any CPU
		{9101F0E8-CFA4-49B5-8568-C3136A765AAF}.Debug|x86.ActiveCfg = Debug|Any CPU
		{9101F0E8-CFA4-49B5-8568-C3136A765AAF}.Debug|x86.Build.0 = Debug|Any CPU
		{9101F0E8-CFA4-49B5-8568-C3136A765AAF}.Release|Any CPU.ActiveCfg = Release|Any CPU
		{9101F0E8-CFA4-49B5-8568-C3136A765AAF}.Release|Any CPU.Build.0 = Release|Any CPU
		{9101F0E8-CFA4-49B5-8568-C3136A765AAF}.Release|ARM.ActiveCfg = Release|Any CPU
		{9101F0E8-CFA4-49B5-8568-C3136A765AAF}.Release|ARM.Build.0 = Release|Any CPU
		{9101F0E8-CFA4-49B5-8568-C3136A765AAF}.Release|iPhone.ActiveCfg = Release|Any CPU
		{9101F0E8-CFA4-49B5-8568-C3136A765AAF}.Release|iPhone.Build.0 = Release|Any CPU
		{9101F0E8-CFA4-49B5-8568-C3136A765AAF}.Release|iPhoneSimulator.ActiveCfg = Release|Any CPU
		{9101F0E8-CFA4-49B5-8568-C3136A765AAF}.Release|iPhoneSimulator.Build.0 = Release|Any CPU
		{9101F0E8-CFA4-49B5-8568-C3136A765AAF}.Release|x64.ActiveCfg = Release|Any CPU
		{9101F0E8-CFA4-49B5-8568-C3136A765AAF}.Release|x64.Build.0 = Release|Any CPU
		{9101F0E8-CFA4-49B5-8568-C3136A765AAF}.Release|x86.ActiveCfg = Release|Any CPU
		{9101F0E8-CFA4-49B5-8568-C3136A765AAF}.Release|x86.Build.0 = Release|Any CPU
		{8EB2050F-48CE-446A-AE3D-651857A6EABF}.Ad-Hoc|Any CPU.ActiveCfg = Release|Any CPU
		{8EB2050F-48CE-446A-AE3D-651857A6EABF}.Ad-Hoc|Any CPU.Build.0 = Release|Any CPU
		{8EB2050F-48CE-446A-AE3D-651857A6EABF}.Ad-Hoc|ARM.ActiveCfg = Release|Any CPU
		{8EB2050F-48CE-446A-AE3D-651857A6EABF}.Ad-Hoc|ARM.Build.0 = Release|Any CPU
		{8EB2050F-48CE-446A-AE3D-651857A6EABF}.Ad-Hoc|iPhone.ActiveCfg = Release|Any CPU
		{8EB2050F-48CE-446A-AE3D-651857A6EABF}.Ad-Hoc|iPhone.Build.0 = Release|Any CPU
		{8EB2050F-48CE-446A-AE3D-651857A6EABF}.Ad-Hoc|iPhoneSimulator.ActiveCfg = Release|Any CPU
		{8EB2050F-48CE-446A-AE3D-651857A6EABF}.Ad-Hoc|iPhoneSimulator.Build.0 = Release|Any CPU
		{8EB2050F-48CE-446A-AE3D-651857A6EABF}.Ad-Hoc|x64.ActiveCfg = Release|Any CPU
		{8EB2050F-48CE-446A-AE3D-651857A6EABF}.Ad-Hoc|x64.Build.0 = Release|Any CPU
		{8EB2050F-48CE-446A-AE3D-651857A6EABF}.Ad-Hoc|x86.ActiveCfg = Release|Any CPU
		{8EB2050F-48CE-446A-AE3D-651857A6EABF}.Ad-Hoc|x86.Build.0 = Release|Any CPU
		{8EB2050F-48CE-446A-AE3D-651857A6EABF}.AppStore|Any CPU.ActiveCfg = Release|Any CPU
		{8EB2050F-48CE-446A-AE3D-651857A6EABF}.AppStore|Any CPU.Build.0 = Release|Any CPU
		{8EB2050F-48CE-446A-AE3D-651857A6EABF}.AppStore|ARM.ActiveCfg = Release|Any CPU
		{8EB2050F-48CE-446A-AE3D-651857A6EABF}.AppStore|ARM.Build.0 = Release|Any CPU
		{8EB2050F-48CE-446A-AE3D-651857A6EABF}.AppStore|iPhone.ActiveCfg = Release|Any CPU
		{8EB2050F-48CE-446A-AE3D-651857A6EABF}.AppStore|iPhone.Build.0 = Release|Any CPU
		{8EB2050F-48CE-446A-AE3D-651857A6EABF}.AppStore|iPhoneSimulator.ActiveCfg = Release|Any CPU
		{8EB2050F-48CE-446A-AE3D-651857A6EABF}.AppStore|iPhoneSimulator.Build.0 = Release|Any CPU
		{8EB2050F-48CE-446A-AE3D-651857A6EABF}.AppStore|x64.ActiveCfg = Release|Any CPU
		{8EB2050F-48CE-446A-AE3D-651857A6EABF}.AppStore|x64.Build.0 = Release|Any CPU
		{8EB2050F-48CE-446A-AE3D-651857A6EABF}.AppStore|x86.ActiveCfg = Release|Any CPU
		{8EB2050F-48CE-446A-AE3D-651857A6EABF}.AppStore|x86.Build.0 = Release|Any CPU
		{8EB2050F-48CE-446A-AE3D-651857A6EABF}.Debug|Any CPU.ActiveCfg = Debug|Any CPU
		{8EB2050F-48CE-446A-AE3D-651857A6EABF}.Debug|Any CPU.Build.0 = Debug|Any CPU
		{8EB2050F-48CE-446A-AE3D-651857A6EABF}.Debug|ARM.ActiveCfg = Debug|Any CPU
		{8EB2050F-48CE-446A-AE3D-651857A6EABF}.Debug|ARM.Build.0 = Debug|Any CPU
		{8EB2050F-48CE-446A-AE3D-651857A6EABF}.Debug|iPhone.ActiveCfg = Debug|Any CPU
		{8EB2050F-48CE-446A-AE3D-651857A6EABF}.Debug|iPhone.Build.0 = Debug|Any CPU
		{8EB2050F-48CE-446A-AE3D-651857A6EABF}.Debug|iPhoneSimulator.ActiveCfg = Debug|Any CPU
		{8EB2050F-48CE-446A-AE3D-651857A6EABF}.Debug|iPhoneSimulator.Build.0 = Debug|Any CPU
		{8EB2050F-48CE-446A-AE3D-651857A6EABF}.Debug|x64.ActiveCfg = Debug|Any CPU
		{8EB2050F-48CE-446A-AE3D-651857A6EABF}.Debug|x64.Build.0 = Debug|Any CPU
		{8EB2050F-48CE-446A-AE3D-651857A6EABF}.Debug|x86.ActiveCfg = Debug|Any CPU
		{8EB2050F-48CE-446A-AE3D-651857A6EABF}.Debug|x86.Build.0 = Debug|Any CPU
		{8EB2050F-48CE-446A-AE3D-651857A6EABF}.Release|Any CPU.ActiveCfg = Release|Any CPU
		{8EB2050F-48CE-446A-AE3D-651857A6EABF}.Release|Any CPU.Build.0 = Release|Any CPU
		{8EB2050F-48CE-446A-AE3D-651857A6EABF}.Release|ARM.ActiveCfg = Release|Any CPU
		{8EB2050F-48CE-446A-AE3D-651857A6EABF}.Release|ARM.Build.0 = Release|Any CPU
		{8EB2050F-48CE-446A-AE3D-651857A6EABF}.Release|iPhone.ActiveCfg = Release|Any CPU
		{8EB2050F-48CE-446A-AE3D-651857A6EABF}.Release|iPhone.Build.0 = Release|Any CPU
		{8EB2050F-48CE-446A-AE3D-651857A6EABF}.Release|iPhoneSimulator.ActiveCfg = Release|Any CPU
		{8EB2050F-48CE-446A-AE3D-651857A6EABF}.Release|iPhoneSimulator.Build.0 = Release|Any CPU
		{8EB2050F-48CE-446A-AE3D-651857A6EABF}.Release|x64.ActiveCfg = Release|Any CPU
		{8EB2050F-48CE-446A-AE3D-651857A6EABF}.Release|x64.Build.0 = Release|Any CPU
		{8EB2050F-48CE-446A-AE3D-651857A6EABF}.Release|x86.ActiveCfg = Release|Any CPU
		{8EB2050F-48CE-446A-AE3D-651857A6EABF}.Release|x86.Build.0 = Release|Any CPU
		{B4C1DEDA-5769-4AEB-831C-7E1B4371BB13}.Ad-Hoc|Any CPU.ActiveCfg = Release|Any CPU
		{B4C1DEDA-5769-4AEB-831C-7E1B4371BB13}.Ad-Hoc|Any CPU.Build.0 = Release|Any CPU
		{B4C1DEDA-5769-4AEB-831C-7E1B4371BB13}.Ad-Hoc|ARM.ActiveCfg = Release|Any CPU
		{B4C1DEDA-5769-4AEB-831C-7E1B4371BB13}.Ad-Hoc|ARM.Build.0 = Release|Any CPU
		{B4C1DEDA-5769-4AEB-831C-7E1B4371BB13}.Ad-Hoc|iPhone.ActiveCfg = Release|Any CPU
		{B4C1DEDA-5769-4AEB-831C-7E1B4371BB13}.Ad-Hoc|iPhone.Build.0 = Release|Any CPU
		{B4C1DEDA-5769-4AEB-831C-7E1B4371BB13}.Ad-Hoc|iPhoneSimulator.ActiveCfg = Release|Any CPU
		{B4C1DEDA-5769-4AEB-831C-7E1B4371BB13}.Ad-Hoc|iPhoneSimulator.Build.0 = Release|Any CPU
		{B4C1DEDA-5769-4AEB-831C-7E1B4371BB13}.Ad-Hoc|x64.ActiveCfg = Release|Any CPU
		{B4C1DEDA-5769-4AEB-831C-7E1B4371BB13}.Ad-Hoc|x64.Build.0 = Release|Any CPU
		{B4C1DEDA-5769-4AEB-831C-7E1B4371BB13}.Ad-Hoc|x86.ActiveCfg = Release|Any CPU
		{B4C1DEDA-5769-4AEB-831C-7E1B4371BB13}.Ad-Hoc|x86.Build.0 = Release|Any CPU
		{B4C1DEDA-5769-4AEB-831C-7E1B4371BB13}.AppStore|Any CPU.ActiveCfg = Release|Any CPU
		{B4C1DEDA-5769-4AEB-831C-7E1B4371BB13}.AppStore|Any CPU.Build.0 = Release|Any CPU
		{B4C1DEDA-5769-4AEB-831C-7E1B4371BB13}.AppStore|ARM.ActiveCfg = Release|Any CPU
		{B4C1DEDA-5769-4AEB-831C-7E1B4371BB13}.AppStore|ARM.Build.0 = Release|Any CPU
		{B4C1DEDA-5769-4AEB-831C-7E1B4371BB13}.AppStore|iPhone.ActiveCfg = Release|Any CPU
		{B4C1DEDA-5769-4AEB-831C-7E1B4371BB13}.AppStore|iPhone.Build.0 = Release|Any CPU
		{B4C1DEDA-5769-4AEB-831C-7E1B4371BB13}.AppStore|iPhoneSimulator.ActiveCfg = Release|Any CPU
		{B4C1DEDA-5769-4AEB-831C-7E1B4371BB13}.AppStore|iPhoneSimulator.Build.0 = Release|Any CPU
		{B4C1DEDA-5769-4AEB-831C-7E1B4371BB13}.AppStore|x64.ActiveCfg = Release|Any CPU
		{B4C1DEDA-5769-4AEB-831C-7E1B4371BB13}.AppStore|x64.Build.0 = Release|Any CPU
		{B4C1DEDA-5769-4AEB-831C-7E1B4371BB13}.AppStore|x86.ActiveCfg = Release|Any CPU
		{B4C1DEDA-5769-4AEB-831C-7E1B4371BB13}.AppStore|x86.Build.0 = Release|Any CPU
		{B4C1DEDA-5769-4AEB-831C-7E1B4371BB13}.Debug|Any CPU.ActiveCfg = Debug|Any CPU
		{B4C1DEDA-5769-4AEB-831C-7E1B4371BB13}.Debug|Any CPU.Build.0 = Debug|Any CPU
		{B4C1DEDA-5769-4AEB-831C-7E1B4371BB13}.Debug|ARM.ActiveCfg = Debug|Any CPU
		{B4C1DEDA-5769-4AEB-831C-7E1B4371BB13}.Debug|ARM.Build.0 = Debug|Any CPU
		{B4C1DEDA-5769-4AEB-831C-7E1B4371BB13}.Debug|iPhone.ActiveCfg = Debug|Any CPU
		{B4C1DEDA-5769-4AEB-831C-7E1B4371BB13}.Debug|iPhone.Build.0 = Debug|Any CPU
		{B4C1DEDA-5769-4AEB-831C-7E1B4371BB13}.Debug|iPhoneSimulator.ActiveCfg = Debug|Any CPU
		{B4C1DEDA-5769-4AEB-831C-7E1B4371BB13}.Debug|iPhoneSimulator.Build.0 = Debug|Any CPU
		{B4C1DEDA-5769-4AEB-831C-7E1B4371BB13}.Debug|x64.ActiveCfg = Debug|Any CPU
		{B4C1DEDA-5769-4AEB-831C-7E1B4371BB13}.Debug|x64.Build.0 = Debug|Any CPU
		{B4C1DEDA-5769-4AEB-831C-7E1B4371BB13}.Debug|x86.ActiveCfg = Debug|Any CPU
		{B4C1DEDA-5769-4AEB-831C-7E1B4371BB13}.Debug|x86.Build.0 = Debug|Any CPU
		{B4C1DEDA-5769-4AEB-831C-7E1B4371BB13}.Release|Any CPU.ActiveCfg = Release|Any CPU
		{B4C1DEDA-5769-4AEB-831C-7E1B4371BB13}.Release|Any CPU.Build.0 = Release|Any CPU
		{B4C1DEDA-5769-4AEB-831C-7E1B4371BB13}.Release|ARM.ActiveCfg = Release|Any CPU
		{B4C1DEDA-5769-4AEB-831C-7E1B4371BB13}.Release|ARM.Build.0 = Release|Any CPU
		{B4C1DEDA-5769-4AEB-831C-7E1B4371BB13}.Release|iPhone.ActiveCfg = Release|Any CPU
		{B4C1DEDA-5769-4AEB-831C-7E1B4371BB13}.Release|iPhone.Build.0 = Release|Any CPU
		{B4C1DEDA-5769-4AEB-831C-7E1B4371BB13}.Release|iPhoneSimulator.ActiveCfg = Release|Any CPU
		{B4C1DEDA-5769-4AEB-831C-7E1B4371BB13}.Release|iPhoneSimulator.Build.0 = Release|Any CPU
		{B4C1DEDA-5769-4AEB-831C-7E1B4371BB13}.Release|x64.ActiveCfg = Release|Any CPU
		{B4C1DEDA-5769-4AEB-831C-7E1B4371BB13}.Release|x64.Build.0 = Release|Any CPU
		{B4C1DEDA-5769-4AEB-831C-7E1B4371BB13}.Release|x86.ActiveCfg = Release|Any CPU
		{B4C1DEDA-5769-4AEB-831C-7E1B4371BB13}.Release|x86.Build.0 = Release|Any CPU
		{8C34703A-6E99-446D-9B15-03D96987174D}.Ad-Hoc|Any CPU.ActiveCfg = Release|Any CPU
		{8C34703A-6E99-446D-9B15-03D96987174D}.Ad-Hoc|Any CPU.Build.0 = Release|Any CPU
		{8C34703A-6E99-446D-9B15-03D96987174D}.Ad-Hoc|ARM.ActiveCfg = Release|Any CPU
		{8C34703A-6E99-446D-9B15-03D96987174D}.Ad-Hoc|ARM.Build.0 = Release|Any CPU
		{8C34703A-6E99-446D-9B15-03D96987174D}.Ad-Hoc|iPhone.ActiveCfg = Release|Any CPU
		{8C34703A-6E99-446D-9B15-03D96987174D}.Ad-Hoc|iPhone.Build.0 = Release|Any CPU
		{8C34703A-6E99-446D-9B15-03D96987174D}.Ad-Hoc|iPhoneSimulator.ActiveCfg = Release|Any CPU
		{8C34703A-6E99-446D-9B15-03D96987174D}.Ad-Hoc|iPhoneSimulator.Build.0 = Release|Any CPU
		{8C34703A-6E99-446D-9B15-03D96987174D}.Ad-Hoc|x64.ActiveCfg = Release|Any CPU
		{8C34703A-6E99-446D-9B15-03D96987174D}.Ad-Hoc|x64.Build.0 = Release|Any CPU
		{8C34703A-6E99-446D-9B15-03D96987174D}.Ad-Hoc|x86.ActiveCfg = Release|Any CPU
		{8C34703A-6E99-446D-9B15-03D96987174D}.Ad-Hoc|x86.Build.0 = Release|Any CPU
		{8C34703A-6E99-446D-9B15-03D96987174D}.AppStore|Any CPU.ActiveCfg = Release|Any CPU
		{8C34703A-6E99-446D-9B15-03D96987174D}.AppStore|Any CPU.Build.0 = Release|Any CPU
		{8C34703A-6E99-446D-9B15-03D96987174D}.AppStore|ARM.ActiveCfg = Release|Any CPU
		{8C34703A-6E99-446D-9B15-03D96987174D}.AppStore|ARM.Build.0 = Release|Any CPU
		{8C34703A-6E99-446D-9B15-03D96987174D}.AppStore|iPhone.ActiveCfg = Release|Any CPU
		{8C34703A-6E99-446D-9B15-03D96987174D}.AppStore|iPhone.Build.0 = Release|Any CPU
		{8C34703A-6E99-446D-9B15-03D96987174D}.AppStore|iPhoneSimulator.ActiveCfg = Release|Any CPU
		{8C34703A-6E99-446D-9B15-03D96987174D}.AppStore|iPhoneSimulator.Build.0 = Release|Any CPU
		{8C34703A-6E99-446D-9B15-03D96987174D}.AppStore|x64.ActiveCfg = Release|Any CPU
		{8C34703A-6E99-446D-9B15-03D96987174D}.AppStore|x64.Build.0 = Release|Any CPU
		{8C34703A-6E99-446D-9B15-03D96987174D}.AppStore|x86.ActiveCfg = Release|Any CPU
		{8C34703A-6E99-446D-9B15-03D96987174D}.AppStore|x86.Build.0 = Release|Any CPU
		{8C34703A-6E99-446D-9B15-03D96987174D}.Debug|Any CPU.ActiveCfg = Debug|Any CPU
		{8C34703A-6E99-446D-9B15-03D96987174D}.Debug|Any CPU.Build.0 = Debug|Any CPU
		{8C34703A-6E99-446D-9B15-03D96987174D}.Debug|ARM.ActiveCfg = Debug|Any CPU
		{8C34703A-6E99-446D-9B15-03D96987174D}.Debug|ARM.Build.0 = Debug|Any CPU
		{8C34703A-6E99-446D-9B15-03D96987174D}.Debug|iPhone.ActiveCfg = Debug|Any CPU
		{8C34703A-6E99-446D-9B15-03D96987174D}.Debug|iPhone.Build.0 = Debug|Any CPU
		{8C34703A-6E99-446D-9B15-03D96987174D}.Debug|iPhoneSimulator.ActiveCfg = Debug|Any CPU
		{8C34703A-6E99-446D-9B15-03D96987174D}.Debug|iPhoneSimulator.Build.0 = Debug|Any CPU
		{8C34703A-6E99-446D-9B15-03D96987174D}.Debug|x64.ActiveCfg = Debug|Any CPU
		{8C34703A-6E99-446D-9B15-03D96987174D}.Debug|x64.Build.0 = Debug|Any CPU
		{8C34703A-6E99-446D-9B15-03D96987174D}.Debug|x86.ActiveCfg = Debug|Any CPU
		{8C34703A-6E99-446D-9B15-03D96987174D}.Debug|x86.Build.0 = Debug|Any CPU
		{8C34703A-6E99-446D-9B15-03D96987174D}.Release|Any CPU.ActiveCfg = Release|Any CPU
		{8C34703A-6E99-446D-9B15-03D96987174D}.Release|Any CPU.Build.0 = Release|Any CPU
		{8C34703A-6E99-446D-9B15-03D96987174D}.Release|ARM.ActiveCfg = Release|Any CPU
		{8C34703A-6E99-446D-9B15-03D96987174D}.Release|ARM.Build.0 = Release|Any CPU
		{8C34703A-6E99-446D-9B15-03D96987174D}.Release|iPhone.ActiveCfg = Release|Any CPU
		{8C34703A-6E99-446D-9B15-03D96987174D}.Release|iPhone.Build.0 = Release|Any CPU
		{8C34703A-6E99-446D-9B15-03D96987174D}.Release|iPhoneSimulator.ActiveCfg = Release|Any CPU
		{8C34703A-6E99-446D-9B15-03D96987174D}.Release|iPhoneSimulator.Build.0 = Release|Any CPU
		{8C34703A-6E99-446D-9B15-03D96987174D}.Release|x64.ActiveCfg = Release|Any CPU
		{8C34703A-6E99-446D-9B15-03D96987174D}.Release|x64.Build.0 = Release|Any CPU
		{8C34703A-6E99-446D-9B15-03D96987174D}.Release|x86.ActiveCfg = Release|Any CPU
		{8C34703A-6E99-446D-9B15-03D96987174D}.Release|x86.Build.0 = Release|Any CPU
		{77830533-DB3C-42B5-8551-8B2335E501D4}.Ad-Hoc|Any CPU.ActiveCfg = Release|Any CPU
		{77830533-DB3C-42B5-8551-8B2335E501D4}.Ad-Hoc|Any CPU.Build.0 = Release|Any CPU
		{77830533-DB3C-42B5-8551-8B2335E501D4}.Ad-Hoc|ARM.ActiveCfg = Release|Any CPU
		{77830533-DB3C-42B5-8551-8B2335E501D4}.Ad-Hoc|ARM.Build.0 = Release|Any CPU
		{77830533-DB3C-42B5-8551-8B2335E501D4}.Ad-Hoc|iPhone.ActiveCfg = Release|Any CPU
		{77830533-DB3C-42B5-8551-8B2335E501D4}.Ad-Hoc|iPhone.Build.0 = Release|Any CPU
		{77830533-DB3C-42B5-8551-8B2335E501D4}.Ad-Hoc|iPhoneSimulator.ActiveCfg = Release|Any CPU
		{77830533-DB3C-42B5-8551-8B2335E501D4}.Ad-Hoc|iPhoneSimulator.Build.0 = Release|Any CPU
		{77830533-DB3C-42B5-8551-8B2335E501D4}.Ad-Hoc|x64.ActiveCfg = Release|Any CPU
		{77830533-DB3C-42B5-8551-8B2335E501D4}.Ad-Hoc|x64.Build.0 = Release|Any CPU
		{77830533-DB3C-42B5-8551-8B2335E501D4}.Ad-Hoc|x86.ActiveCfg = Release|Any CPU
		{77830533-DB3C-42B5-8551-8B2335E501D4}.Ad-Hoc|x86.Build.0 = Release|Any CPU
		{77830533-DB3C-42B5-8551-8B2335E501D4}.AppStore|Any CPU.ActiveCfg = Release|Any CPU
		{77830533-DB3C-42B5-8551-8B2335E501D4}.AppStore|Any CPU.Build.0 = Release|Any CPU
		{77830533-DB3C-42B5-8551-8B2335E501D4}.AppStore|ARM.ActiveCfg = Release|Any CPU
		{77830533-DB3C-42B5-8551-8B2335E501D4}.AppStore|ARM.Build.0 = Release|Any CPU
		{77830533-DB3C-42B5-8551-8B2335E501D4}.AppStore|iPhone.ActiveCfg = Release|Any CPU
		{77830533-DB3C-42B5-8551-8B2335E501D4}.AppStore|iPhone.Build.0 = Release|Any CPU
		{77830533-DB3C-42B5-8551-8B2335E501D4}.AppStore|iPhoneSimulator.ActiveCfg = Release|Any CPU
		{77830533-DB3C-42B5-8551-8B2335E501D4}.AppStore|iPhoneSimulator.Build.0 = Release|Any CPU
		{77830533-DB3C-42B5-8551-8B2335E501D4}.AppStore|x64.ActiveCfg = Release|Any CPU
		{77830533-DB3C-42B5-8551-8B2335E501D4}.AppStore|x64.Build.0 = Release|Any CPU
		{77830533-DB3C-42B5-8551-8B2335E501D4}.AppStore|x86.ActiveCfg = Release|Any CPU
		{77830533-DB3C-42B5-8551-8B2335E501D4}.AppStore|x86.Build.0 = Release|Any CPU
		{77830533-DB3C-42B5-8551-8B2335E501D4}.Debug|Any CPU.ActiveCfg = Debug|Any CPU
		{77830533-DB3C-42B5-8551-8B2335E501D4}.Debug|Any CPU.Build.0 = Debug|Any CPU
		{77830533-DB3C-42B5-8551-8B2335E501D4}.Debug|ARM.ActiveCfg = Debug|Any CPU
		{77830533-DB3C-42B5-8551-8B2335E501D4}.Debug|ARM.Build.0 = Debug|Any CPU
		{77830533-DB3C-42B5-8551-8B2335E501D4}.Debug|iPhone.ActiveCfg = Debug|Any CPU
		{77830533-DB3C-42B5-8551-8B2335E501D4}.Debug|iPhone.Build.0 = Debug|Any CPU
		{77830533-DB3C-42B5-8551-8B2335E501D4}.Debug|iPhoneSimulator.ActiveCfg = Debug|Any CPU
		{77830533-DB3C-42B5-8551-8B2335E501D4}.Debug|iPhoneSimulator.Build.0 = Debug|Any CPU
		{77830533-DB3C-42B5-8551-8B2335E501D4}.Debug|x64.ActiveCfg = Debug|Any CPU
		{77830533-DB3C-42B5-8551-8B2335E501D4}.Debug|x64.Build.0 = Debug|Any CPU
		{77830533-DB3C-42B5-8551-8B2335E501D4}.Debug|x86.ActiveCfg = Debug|Any CPU
		{77830533-DB3C-42B5-8551-8B2335E501D4}.Debug|x86.Build.0 = Debug|Any CPU
		{77830533-DB3C-42B5-8551-8B2335E501D4}.Release|Any CPU.ActiveCfg = Release|Any CPU
		{77830533-DB3C-42B5-8551-8B2335E501D4}.Release|Any CPU.Build.0 = Release|Any CPU
		{77830533-DB3C-42B5-8551-8B2335E501D4}.Release|ARM.ActiveCfg = Release|Any CPU
		{77830533-DB3C-42B5-8551-8B2335E501D4}.Release|ARM.Build.0 = Release|Any CPU
		{77830533-DB3C-42B5-8551-8B2335E501D4}.Release|iPhone.ActiveCfg = Release|Any CPU
		{77830533-DB3C-42B5-8551-8B2335E501D4}.Release|iPhone.Build.0 = Release|Any CPU
		{77830533-DB3C-42B5-8551-8B2335E501D4}.Release|iPhoneSimulator.ActiveCfg = Release|Any CPU
		{77830533-DB3C-42B5-8551-8B2335E501D4}.Release|iPhoneSimulator.Build.0 = Release|Any CPU
		{77830533-DB3C-42B5-8551-8B2335E501D4}.Release|x64.ActiveCfg = Release|Any CPU
		{77830533-DB3C-42B5-8551-8B2335E501D4}.Release|x64.Build.0 = Release|Any CPU
		{77830533-DB3C-42B5-8551-8B2335E501D4}.Release|x86.ActiveCfg = Release|Any CPU
		{77830533-DB3C-42B5-8551-8B2335E501D4}.Release|x86.Build.0 = Release|Any CPU
		{EB88F1D0-3530-4DD4-BDAD-9E51B7493BEB}.Ad-Hoc|Any CPU.ActiveCfg = Release|Any CPU
		{EB88F1D0-3530-4DD4-BDAD-9E51B7493BEB}.Ad-Hoc|Any CPU.Build.0 = Release|Any CPU
		{EB88F1D0-3530-4DD4-BDAD-9E51B7493BEB}.Ad-Hoc|ARM.ActiveCfg = Release|Any CPU
		{EB88F1D0-3530-4DD4-BDAD-9E51B7493BEB}.Ad-Hoc|ARM.Build.0 = Release|Any CPU
		{EB88F1D0-3530-4DD4-BDAD-9E51B7493BEB}.Ad-Hoc|iPhone.ActiveCfg = Release|Any CPU
		{EB88F1D0-3530-4DD4-BDAD-9E51B7493BEB}.Ad-Hoc|iPhone.Build.0 = Release|Any CPU
		{EB88F1D0-3530-4DD4-BDAD-9E51B7493BEB}.Ad-Hoc|iPhoneSimulator.ActiveCfg = Release|Any CPU
		{EB88F1D0-3530-4DD4-BDAD-9E51B7493BEB}.Ad-Hoc|iPhoneSimulator.Build.0 = Release|Any CPU
		{EB88F1D0-3530-4DD4-BDAD-9E51B7493BEB}.Ad-Hoc|x64.ActiveCfg = Release|Any CPU
		{EB88F1D0-3530-4DD4-BDAD-9E51B7493BEB}.Ad-Hoc|x64.Build.0 = Release|Any CPU
		{EB88F1D0-3530-4DD4-BDAD-9E51B7493BEB}.Ad-Hoc|x86.ActiveCfg = Release|Any CPU
		{EB88F1D0-3530-4DD4-BDAD-9E51B7493BEB}.Ad-Hoc|x86.Build.0 = Release|Any CPU
		{EB88F1D0-3530-4DD4-BDAD-9E51B7493BEB}.AppStore|Any CPU.ActiveCfg = Release|Any CPU
		{EB88F1D0-3530-4DD4-BDAD-9E51B7493BEB}.AppStore|Any CPU.Build.0 = Release|Any CPU
		{EB88F1D0-3530-4DD4-BDAD-9E51B7493BEB}.AppStore|ARM.ActiveCfg = Release|Any CPU
		{EB88F1D0-3530-4DD4-BDAD-9E51B7493BEB}.AppStore|ARM.Build.0 = Release|Any CPU
		{EB88F1D0-3530-4DD4-BDAD-9E51B7493BEB}.AppStore|iPhone.ActiveCfg = Release|Any CPU
		{EB88F1D0-3530-4DD4-BDAD-9E51B7493BEB}.AppStore|iPhone.Build.0 = Release|Any CPU
		{EB88F1D0-3530-4DD4-BDAD-9E51B7493BEB}.AppStore|iPhoneSimulator.ActiveCfg = Release|Any CPU
		{EB88F1D0-3530-4DD4-BDAD-9E51B7493BEB}.AppStore|iPhoneSimulator.Build.0 = Release|Any CPU
		{EB88F1D0-3530-4DD4-BDAD-9E51B7493BEB}.AppStore|x64.ActiveCfg = Release|Any CPU
		{EB88F1D0-3530-4DD4-BDAD-9E51B7493BEB}.AppStore|x64.Build.0 = Release|Any CPU
		{EB88F1D0-3530-4DD4-BDAD-9E51B7493BEB}.AppStore|x86.ActiveCfg = Release|Any CPU
		{EB88F1D0-3530-4DD4-BDAD-9E51B7493BEB}.AppStore|x86.Build.0 = Release|Any CPU
		{EB88F1D0-3530-4DD4-BDAD-9E51B7493BEB}.Debug|Any CPU.ActiveCfg = Debug|Any CPU
		{EB88F1D0-3530-4DD4-BDAD-9E51B7493BEB}.Debug|Any CPU.Build.0 = Debug|Any CPU
		{EB88F1D0-3530-4DD4-BDAD-9E51B7493BEB}.Debug|ARM.ActiveCfg = Debug|Any CPU
		{EB88F1D0-3530-4DD4-BDAD-9E51B7493BEB}.Debug|ARM.Build.0 = Debug|Any CPU
		{EB88F1D0-3530-4DD4-BDAD-9E51B7493BEB}.Debug|iPhone.ActiveCfg = Debug|Any CPU
		{EB88F1D0-3530-4DD4-BDAD-9E51B7493BEB}.Debug|iPhone.Build.0 = Debug|Any CPU
		{EB88F1D0-3530-4DD4-BDAD-9E51B7493BEB}.Debug|iPhoneSimulator.ActiveCfg = Debug|Any CPU
		{EB88F1D0-3530-4DD4-BDAD-9E51B7493BEB}.Debug|iPhoneSimulator.Build.0 = Debug|Any CPU
		{EB88F1D0-3530-4DD4-BDAD-9E51B7493BEB}.Debug|x64.ActiveCfg = Debug|Any CPU
		{EB88F1D0-3530-4DD4-BDAD-9E51B7493BEB}.Debug|x64.Build.0 = Debug|Any CPU
		{EB88F1D0-3530-4DD4-BDAD-9E51B7493BEB}.Debug|x86.ActiveCfg = Debug|Any CPU
		{EB88F1D0-3530-4DD4-BDAD-9E51B7493BEB}.Debug|x86.Build.0 = Debug|Any CPU
		{EB88F1D0-3530-4DD4-BDAD-9E51B7493BEB}.Release|Any CPU.ActiveCfg = Release|Any CPU
		{EB88F1D0-3530-4DD4-BDAD-9E51B7493BEB}.Release|Any CPU.Build.0 = Release|Any CPU
		{EB88F1D0-3530-4DD4-BDAD-9E51B7493BEB}.Release|ARM.ActiveCfg = Release|Any CPU
		{EB88F1D0-3530-4DD4-BDAD-9E51B7493BEB}.Release|ARM.Build.0 = Release|Any CPU
		{EB88F1D0-3530-4DD4-BDAD-9E51B7493BEB}.Release|iPhone.ActiveCfg = Release|Any CPU
		{EB88F1D0-3530-4DD4-BDAD-9E51B7493BEB}.Release|iPhone.Build.0 = Release|Any CPU
		{EB88F1D0-3530-4DD4-BDAD-9E51B7493BEB}.Release|iPhoneSimulator.ActiveCfg = Release|Any CPU
		{EB88F1D0-3530-4DD4-BDAD-9E51B7493BEB}.Release|iPhoneSimulator.Build.0 = Release|Any CPU
		{EB88F1D0-3530-4DD4-BDAD-9E51B7493BEB}.Release|x64.ActiveCfg = Release|Any CPU
		{EB88F1D0-3530-4DD4-BDAD-9E51B7493BEB}.Release|x64.Build.0 = Release|Any CPU
		{EB88F1D0-3530-4DD4-BDAD-9E51B7493BEB}.Release|x86.ActiveCfg = Release|Any CPU
		{EB88F1D0-3530-4DD4-BDAD-9E51B7493BEB}.Release|x86.Build.0 = Release|Any CPU
		{D68ED488-4970-4301-BF3C-D56C1E6B9B31}.Ad-Hoc|Any CPU.ActiveCfg = Release|Any CPU
		{D68ED488-4970-4301-BF3C-D56C1E6B9B31}.Ad-Hoc|Any CPU.Build.0 = Release|Any CPU
		{D68ED488-4970-4301-BF3C-D56C1E6B9B31}.Ad-Hoc|ARM.ActiveCfg = Release|Any CPU
		{D68ED488-4970-4301-BF3C-D56C1E6B9B31}.Ad-Hoc|ARM.Build.0 = Release|Any CPU
		{D68ED488-4970-4301-BF3C-D56C1E6B9B31}.Ad-Hoc|iPhone.ActiveCfg = Release|Any CPU
		{D68ED488-4970-4301-BF3C-D56C1E6B9B31}.Ad-Hoc|iPhone.Build.0 = Release|Any CPU
		{D68ED488-4970-4301-BF3C-D56C1E6B9B31}.Ad-Hoc|iPhoneSimulator.ActiveCfg = Release|Any CPU
		{D68ED488-4970-4301-BF3C-D56C1E6B9B31}.Ad-Hoc|iPhoneSimulator.Build.0 = Release|Any CPU
		{D68ED488-4970-4301-BF3C-D56C1E6B9B31}.Ad-Hoc|x64.ActiveCfg = Release|Any CPU
		{D68ED488-4970-4301-BF3C-D56C1E6B9B31}.Ad-Hoc|x64.Build.0 = Release|Any CPU
		{D68ED488-4970-4301-BF3C-D56C1E6B9B31}.Ad-Hoc|x86.ActiveCfg = Release|Any CPU
		{D68ED488-4970-4301-BF3C-D56C1E6B9B31}.Ad-Hoc|x86.Build.0 = Release|Any CPU
		{D68ED488-4970-4301-BF3C-D56C1E6B9B31}.AppStore|Any CPU.ActiveCfg = Release|Any CPU
		{D68ED488-4970-4301-BF3C-D56C1E6B9B31}.AppStore|Any CPU.Build.0 = Release|Any CPU
		{D68ED488-4970-4301-BF3C-D56C1E6B9B31}.AppStore|ARM.ActiveCfg = Release|Any CPU
		{D68ED488-4970-4301-BF3C-D56C1E6B9B31}.AppStore|ARM.Build.0 = Release|Any CPU
		{D68ED488-4970-4301-BF3C-D56C1E6B9B31}.AppStore|iPhone.ActiveCfg = Release|Any CPU
		{D68ED488-4970-4301-BF3C-D56C1E6B9B31}.AppStore|iPhone.Build.0 = Release|Any CPU
		{D68ED488-4970-4301-BF3C-D56C1E6B9B31}.AppStore|iPhoneSimulator.ActiveCfg = Release|Any CPU
		{D68ED488-4970-4301-BF3C-D56C1E6B9B31}.AppStore|iPhoneSimulator.Build.0 = Release|Any CPU
		{D68ED488-4970-4301-BF3C-D56C1E6B9B31}.AppStore|x64.ActiveCfg = Release|Any CPU
		{D68ED488-4970-4301-BF3C-D56C1E6B9B31}.AppStore|x64.Build.0 = Release|Any CPU
		{D68ED488-4970-4301-BF3C-D56C1E6B9B31}.AppStore|x86.ActiveCfg = Release|Any CPU
		{D68ED488-4970-4301-BF3C-D56C1E6B9B31}.AppStore|x86.Build.0 = Release|Any CPU
		{D68ED488-4970-4301-BF3C-D56C1E6B9B31}.Debug|Any CPU.ActiveCfg = Debug|Any CPU
		{D68ED488-4970-4301-BF3C-D56C1E6B9B31}.Debug|Any CPU.Build.0 = Debug|Any CPU
		{D68ED488-4970-4301-BF3C-D56C1E6B9B31}.Debug|ARM.ActiveCfg = Debug|Any CPU
		{D68ED488-4970-4301-BF3C-D56C1E6B9B31}.Debug|ARM.Build.0 = Debug|Any CPU
		{D68ED488-4970-4301-BF3C-D56C1E6B9B31}.Debug|iPhone.ActiveCfg = Debug|Any CPU
		{D68ED488-4970-4301-BF3C-D56C1E6B9B31}.Debug|iPhone.Build.0 = Debug|Any CPU
		{D68ED488-4970-4301-BF3C-D56C1E6B9B31}.Debug|iPhoneSimulator.ActiveCfg = Debug|Any CPU
		{D68ED488-4970-4301-BF3C-D56C1E6B9B31}.Debug|iPhoneSimulator.Build.0 = Debug|Any CPU
		{D68ED488-4970-4301-BF3C-D56C1E6B9B31}.Debug|x64.ActiveCfg = Debug|Any CPU
		{D68ED488-4970-4301-BF3C-D56C1E6B9B31}.Debug|x64.Build.0 = Debug|Any CPU
		{D68ED488-4970-4301-BF3C-D56C1E6B9B31}.Debug|x86.ActiveCfg = Debug|Any CPU
		{D68ED488-4970-4301-BF3C-D56C1E6B9B31}.Debug|x86.Build.0 = Debug|Any CPU
		{D68ED488-4970-4301-BF3C-D56C1E6B9B31}.Release|Any CPU.ActiveCfg = Release|Any CPU
		{D68ED488-4970-4301-BF3C-D56C1E6B9B31}.Release|Any CPU.Build.0 = Release|Any CPU
		{D68ED488-4970-4301-BF3C-D56C1E6B9B31}.Release|ARM.ActiveCfg = Release|Any CPU
		{D68ED488-4970-4301-BF3C-D56C1E6B9B31}.Release|ARM.Build.0 = Release|Any CPU
		{D68ED488-4970-4301-BF3C-D56C1E6B9B31}.Release|iPhone.ActiveCfg = Release|Any CPU
		{D68ED488-4970-4301-BF3C-D56C1E6B9B31}.Release|iPhone.Build.0 = Release|Any CPU
		{D68ED488-4970-4301-BF3C-D56C1E6B9B31}.Release|iPhoneSimulator.ActiveCfg = Release|Any CPU
		{D68ED488-4970-4301-BF3C-D56C1E6B9B31}.Release|iPhoneSimulator.Build.0 = Release|Any CPU
		{D68ED488-4970-4301-BF3C-D56C1E6B9B31}.Release|x64.ActiveCfg = Release|Any CPU
		{D68ED488-4970-4301-BF3C-D56C1E6B9B31}.Release|x64.Build.0 = Release|Any CPU
		{D68ED488-4970-4301-BF3C-D56C1E6B9B31}.Release|x86.ActiveCfg = Release|Any CPU
		{D68ED488-4970-4301-BF3C-D56C1E6B9B31}.Release|x86.Build.0 = Release|Any CPU
		{DB56C7C1-12FC-48C8-A79E-13B08E5E5B84}.Ad-Hoc|Any CPU.ActiveCfg = Release|Any CPU
		{DB56C7C1-12FC-48C8-A79E-13B08E5E5B84}.Ad-Hoc|Any CPU.Build.0 = Release|Any CPU
		{DB56C7C1-12FC-48C8-A79E-13B08E5E5B84}.Ad-Hoc|ARM.ActiveCfg = Release|Any CPU
		{DB56C7C1-12FC-48C8-A79E-13B08E5E5B84}.Ad-Hoc|ARM.Build.0 = Release|Any CPU
		{DB56C7C1-12FC-48C8-A79E-13B08E5E5B84}.Ad-Hoc|iPhone.ActiveCfg = Release|Any CPU
		{DB56C7C1-12FC-48C8-A79E-13B08E5E5B84}.Ad-Hoc|iPhone.Build.0 = Release|Any CPU
		{DB56C7C1-12FC-48C8-A79E-13B08E5E5B84}.Ad-Hoc|iPhoneSimulator.ActiveCfg = Release|Any CPU
		{DB56C7C1-12FC-48C8-A79E-13B08E5E5B84}.Ad-Hoc|iPhoneSimulator.Build.0 = Release|Any CPU
		{DB56C7C1-12FC-48C8-A79E-13B08E5E5B84}.Ad-Hoc|x64.ActiveCfg = Release|Any CPU
		{DB56C7C1-12FC-48C8-A79E-13B08E5E5B84}.Ad-Hoc|x64.Build.0 = Release|Any CPU
		{DB56C7C1-12FC-48C8-A79E-13B08E5E5B84}.Ad-Hoc|x86.ActiveCfg = Release|Any CPU
		{DB56C7C1-12FC-48C8-A79E-13B08E5E5B84}.Ad-Hoc|x86.Build.0 = Release|Any CPU
		{DB56C7C1-12FC-48C8-A79E-13B08E5E5B84}.AppStore|Any CPU.ActiveCfg = Release|Any CPU
		{DB56C7C1-12FC-48C8-A79E-13B08E5E5B84}.AppStore|Any CPU.Build.0 = Release|Any CPU
		{DB56C7C1-12FC-48C8-A79E-13B08E5E5B84}.AppStore|ARM.ActiveCfg = Release|Any CPU
		{DB56C7C1-12FC-48C8-A79E-13B08E5E5B84}.AppStore|ARM.Build.0 = Release|Any CPU
		{DB56C7C1-12FC-48C8-A79E-13B08E5E5B84}.AppStore|iPhone.ActiveCfg = Release|Any CPU
		{DB56C7C1-12FC-48C8-A79E-13B08E5E5B84}.AppStore|iPhone.Build.0 = Release|Any CPU
		{DB56C7C1-12FC-48C8-A79E-13B08E5E5B84}.AppStore|iPhoneSimulator.ActiveCfg = Release|Any CPU
		{DB56C7C1-12FC-48C8-A79E-13B08E5E5B84}.AppStore|iPhoneSimulator.Build.0 = Release|Any CPU
		{DB56C7C1-12FC-48C8-A79E-13B08E5E5B84}.AppStore|x64.ActiveCfg = Release|Any CPU
		{DB56C7C1-12FC-48C8-A79E-13B08E5E5B84}.AppStore|x64.Build.0 = Release|Any CPU
		{DB56C7C1-12FC-48C8-A79E-13B08E5E5B84}.AppStore|x86.ActiveCfg = Release|Any CPU
		{DB56C7C1-12FC-48C8-A79E-13B08E5E5B84}.AppStore|x86.Build.0 = Release|Any CPU
		{DB56C7C1-12FC-48C8-A79E-13B08E5E5B84}.Debug|Any CPU.ActiveCfg = Debug|Any CPU
		{DB56C7C1-12FC-48C8-A79E-13B08E5E5B84}.Debug|Any CPU.Build.0 = Debug|Any CPU
		{DB56C7C1-12FC-48C8-A79E-13B08E5E5B84}.Debug|ARM.ActiveCfg = Debug|Any CPU
		{DB56C7C1-12FC-48C8-A79E-13B08E5E5B84}.Debug|ARM.Build.0 = Debug|Any CPU
		{DB56C7C1-12FC-48C8-A79E-13B08E5E5B84}.Debug|iPhone.ActiveCfg = Debug|Any CPU
		{DB56C7C1-12FC-48C8-A79E-13B08E5E5B84}.Debug|iPhone.Build.0 = Debug|Any CPU
		{DB56C7C1-12FC-48C8-A79E-13B08E5E5B84}.Debug|iPhoneSimulator.ActiveCfg = Debug|Any CPU
		{DB56C7C1-12FC-48C8-A79E-13B08E5E5B84}.Debug|iPhoneSimulator.Build.0 = Debug|Any CPU
		{DB56C7C1-12FC-48C8-A79E-13B08E5E5B84}.Debug|x64.ActiveCfg = Debug|Any CPU
		{DB56C7C1-12FC-48C8-A79E-13B08E5E5B84}.Debug|x64.Build.0 = Debug|Any CPU
		{DB56C7C1-12FC-48C8-A79E-13B08E5E5B84}.Debug|x86.ActiveCfg = Debug|Any CPU
		{DB56C7C1-12FC-48C8-A79E-13B08E5E5B84}.Debug|x86.Build.0 = Debug|Any CPU
		{DB56C7C1-12FC-48C8-A79E-13B08E5E5B84}.Release|Any CPU.ActiveCfg = Release|Any CPU
		{DB56C7C1-12FC-48C8-A79E-13B08E5E5B84}.Release|Any CPU.Build.0 = Release|Any CPU
		{DB56C7C1-12FC-48C8-A79E-13B08E5E5B84}.Release|ARM.ActiveCfg = Release|Any CPU
		{DB56C7C1-12FC-48C8-A79E-13B08E5E5B84}.Release|ARM.Build.0 = Release|Any CPU
		{DB56C7C1-12FC-48C8-A79E-13B08E5E5B84}.Release|iPhone.ActiveCfg = Release|Any CPU
		{DB56C7C1-12FC-48C8-A79E-13B08E5E5B84}.Release|iPhone.Build.0 = Release|Any CPU
		{DB56C7C1-12FC-48C8-A79E-13B08E5E5B84}.Release|iPhoneSimulator.ActiveCfg = Release|Any CPU
		{DB56C7C1-12FC-48C8-A79E-13B08E5E5B84}.Release|iPhoneSimulator.Build.0 = Release|Any CPU
		{DB56C7C1-12FC-48C8-A79E-13B08E5E5B84}.Release|x64.ActiveCfg = Release|Any CPU
		{DB56C7C1-12FC-48C8-A79E-13B08E5E5B84}.Release|x64.Build.0 = Release|Any CPU
		{DB56C7C1-12FC-48C8-A79E-13B08E5E5B84}.Release|x86.ActiveCfg = Release|Any CPU
		{DB56C7C1-12FC-48C8-A79E-13B08E5E5B84}.Release|x86.Build.0 = Release|Any CPU
		{5C207EEF-BD2E-47A0-8E35-591207240476}.Ad-Hoc|Any CPU.ActiveCfg = Release|Any CPU
		{5C207EEF-BD2E-47A0-8E35-591207240476}.Ad-Hoc|Any CPU.Build.0 = Release|Any CPU
		{5C207EEF-BD2E-47A0-8E35-591207240476}.Ad-Hoc|ARM.ActiveCfg = Release|Any CPU
		{5C207EEF-BD2E-47A0-8E35-591207240476}.Ad-Hoc|ARM.Build.0 = Release|Any CPU
		{5C207EEF-BD2E-47A0-8E35-591207240476}.Ad-Hoc|iPhone.ActiveCfg = Release|Any CPU
		{5C207EEF-BD2E-47A0-8E35-591207240476}.Ad-Hoc|iPhone.Build.0 = Release|Any CPU
		{5C207EEF-BD2E-47A0-8E35-591207240476}.Ad-Hoc|iPhoneSimulator.ActiveCfg = Release|Any CPU
		{5C207EEF-BD2E-47A0-8E35-591207240476}.Ad-Hoc|iPhoneSimulator.Build.0 = Release|Any CPU
		{5C207EEF-BD2E-47A0-8E35-591207240476}.Ad-Hoc|x64.ActiveCfg = Release|Any CPU
		{5C207EEF-BD2E-47A0-8E35-591207240476}.Ad-Hoc|x64.Build.0 = Release|Any CPU
		{5C207EEF-BD2E-47A0-8E35-591207240476}.Ad-Hoc|x86.ActiveCfg = Release|Any CPU
		{5C207EEF-BD2E-47A0-8E35-591207240476}.Ad-Hoc|x86.Build.0 = Release|Any CPU
		{5C207EEF-BD2E-47A0-8E35-591207240476}.AppStore|Any CPU.ActiveCfg = Release|Any CPU
		{5C207EEF-BD2E-47A0-8E35-591207240476}.AppStore|Any CPU.Build.0 = Release|Any CPU
		{5C207EEF-BD2E-47A0-8E35-591207240476}.AppStore|ARM.ActiveCfg = Release|Any CPU
		{5C207EEF-BD2E-47A0-8E35-591207240476}.AppStore|ARM.Build.0 = Release|Any CPU
		{5C207EEF-BD2E-47A0-8E35-591207240476}.AppStore|iPhone.ActiveCfg = Release|Any CPU
		{5C207EEF-BD2E-47A0-8E35-591207240476}.AppStore|iPhone.Build.0 = Release|Any CPU
		{5C207EEF-BD2E-47A0-8E35-591207240476}.AppStore|iPhoneSimulator.ActiveCfg = Release|Any CPU
		{5C207EEF-BD2E-47A0-8E35-591207240476}.AppStore|iPhoneSimulator.Build.0 = Release|Any CPU
		{5C207EEF-BD2E-47A0-8E35-591207240476}.AppStore|x64.ActiveCfg = Release|Any CPU
		{5C207EEF-BD2E-47A0-8E35-591207240476}.AppStore|x64.Build.0 = Release|Any CPU
		{5C207EEF-BD2E-47A0-8E35-591207240476}.AppStore|x86.ActiveCfg = Release|Any CPU
		{5C207EEF-BD2E-47A0-8E35-591207240476}.AppStore|x86.Build.0 = Release|Any CPU
		{5C207EEF-BD2E-47A0-8E35-591207240476}.Debug|Any CPU.ActiveCfg = Debug|Any CPU
		{5C207EEF-BD2E-47A0-8E35-591207240476}.Debug|Any CPU.Build.0 = Debug|Any CPU
		{5C207EEF-BD2E-47A0-8E35-591207240476}.Debug|ARM.ActiveCfg = Debug|Any CPU
		{5C207EEF-BD2E-47A0-8E35-591207240476}.Debug|ARM.Build.0 = Debug|Any CPU
		{5C207EEF-BD2E-47A0-8E35-591207240476}.Debug|iPhone.ActiveCfg = Debug|Any CPU
		{5C207EEF-BD2E-47A0-8E35-591207240476}.Debug|iPhone.Build.0 = Debug|Any CPU
		{5C207EEF-BD2E-47A0-8E35-591207240476}.Debug|iPhoneSimulator.ActiveCfg = Debug|Any CPU
		{5C207EEF-BD2E-47A0-8E35-591207240476}.Debug|iPhoneSimulator.Build.0 = Debug|Any CPU
		{5C207EEF-BD2E-47A0-8E35-591207240476}.Debug|x64.ActiveCfg = Debug|Any CPU
		{5C207EEF-BD2E-47A0-8E35-591207240476}.Debug|x64.Build.0 = Debug|Any CPU
		{5C207EEF-BD2E-47A0-8E35-591207240476}.Debug|x86.ActiveCfg = Debug|Any CPU
		{5C207EEF-BD2E-47A0-8E35-591207240476}.Debug|x86.Build.0 = Debug|Any CPU
		{5C207EEF-BD2E-47A0-8E35-591207240476}.Release|Any CPU.ActiveCfg = Release|Any CPU
		{5C207EEF-BD2E-47A0-8E35-591207240476}.Release|Any CPU.Build.0 = Release|Any CPU
		{5C207EEF-BD2E-47A0-8E35-591207240476}.Release|ARM.ActiveCfg = Release|Any CPU
		{5C207EEF-BD2E-47A0-8E35-591207240476}.Release|ARM.Build.0 = Release|Any CPU
		{5C207EEF-BD2E-47A0-8E35-591207240476}.Release|iPhone.ActiveCfg = Release|Any CPU
		{5C207EEF-BD2E-47A0-8E35-591207240476}.Release|iPhone.Build.0 = Release|Any CPU
		{5C207EEF-BD2E-47A0-8E35-591207240476}.Release|iPhoneSimulator.ActiveCfg = Release|Any CPU
		{5C207EEF-BD2E-47A0-8E35-591207240476}.Release|iPhoneSimulator.Build.0 = Release|Any CPU
		{5C207EEF-BD2E-47A0-8E35-591207240476}.Release|x64.ActiveCfg = Release|Any CPU
		{5C207EEF-BD2E-47A0-8E35-591207240476}.Release|x64.Build.0 = Release|Any CPU
		{5C207EEF-BD2E-47A0-8E35-591207240476}.Release|x86.ActiveCfg = Release|Any CPU
		{5C207EEF-BD2E-47A0-8E35-591207240476}.Release|x86.Build.0 = Release|Any CPU
		{80E89160-74AA-4A58-BCE7-6E598B1AD211}.Ad-Hoc|Any CPU.ActiveCfg = Release|Any CPU
		{80E89160-74AA-4A58-BCE7-6E598B1AD211}.Ad-Hoc|Any CPU.Build.0 = Release|Any CPU
		{80E89160-74AA-4A58-BCE7-6E598B1AD211}.Ad-Hoc|ARM.ActiveCfg = Release|Any CPU
		{80E89160-74AA-4A58-BCE7-6E598B1AD211}.Ad-Hoc|ARM.Build.0 = Release|Any CPU
		{80E89160-74AA-4A58-BCE7-6E598B1AD211}.Ad-Hoc|iPhone.ActiveCfg = Release|Any CPU
		{80E89160-74AA-4A58-BCE7-6E598B1AD211}.Ad-Hoc|iPhone.Build.0 = Release|Any CPU
		{80E89160-74AA-4A58-BCE7-6E598B1AD211}.Ad-Hoc|iPhoneSimulator.ActiveCfg = Release|Any CPU
		{80E89160-74AA-4A58-BCE7-6E598B1AD211}.Ad-Hoc|iPhoneSimulator.Build.0 = Release|Any CPU
		{80E89160-74AA-4A58-BCE7-6E598B1AD211}.Ad-Hoc|x64.ActiveCfg = Release|Any CPU
		{80E89160-74AA-4A58-BCE7-6E598B1AD211}.Ad-Hoc|x64.Build.0 = Release|Any CPU
		{80E89160-74AA-4A58-BCE7-6E598B1AD211}.Ad-Hoc|x86.ActiveCfg = Release|Any CPU
		{80E89160-74AA-4A58-BCE7-6E598B1AD211}.Ad-Hoc|x86.Build.0 = Release|Any CPU
		{80E89160-74AA-4A58-BCE7-6E598B1AD211}.AppStore|Any CPU.ActiveCfg = Release|Any CPU
		{80E89160-74AA-4A58-BCE7-6E598B1AD211}.AppStore|Any CPU.Build.0 = Release|Any CPU
		{80E89160-74AA-4A58-BCE7-6E598B1AD211}.AppStore|ARM.ActiveCfg = Release|Any CPU
		{80E89160-74AA-4A58-BCE7-6E598B1AD211}.AppStore|ARM.Build.0 = Release|Any CPU
		{80E89160-74AA-4A58-BCE7-6E598B1AD211}.AppStore|iPhone.ActiveCfg = Release|Any CPU
		{80E89160-74AA-4A58-BCE7-6E598B1AD211}.AppStore|iPhone.Build.0 = Release|Any CPU
		{80E89160-74AA-4A58-BCE7-6E598B1AD211}.AppStore|iPhoneSimulator.ActiveCfg = Release|Any CPU
		{80E89160-74AA-4A58-BCE7-6E598B1AD211}.AppStore|iPhoneSimulator.Build.0 = Release|Any CPU
		{80E89160-74AA-4A58-BCE7-6E598B1AD211}.AppStore|x64.ActiveCfg = Release|Any CPU
		{80E89160-74AA-4A58-BCE7-6E598B1AD211}.AppStore|x64.Build.0 = Release|Any CPU
		{80E89160-74AA-4A58-BCE7-6E598B1AD211}.AppStore|x86.ActiveCfg = Release|Any CPU
		{80E89160-74AA-4A58-BCE7-6E598B1AD211}.AppStore|x86.Build.0 = Release|Any CPU
		{80E89160-74AA-4A58-BCE7-6E598B1AD211}.Debug|Any CPU.ActiveCfg = Debug|Any CPU
		{80E89160-74AA-4A58-BCE7-6E598B1AD211}.Debug|Any CPU.Build.0 = Debug|Any CPU
		{80E89160-74AA-4A58-BCE7-6E598B1AD211}.Debug|ARM.ActiveCfg = Debug|Any CPU
		{80E89160-74AA-4A58-BCE7-6E598B1AD211}.Debug|ARM.Build.0 = Debug|Any CPU
		{80E89160-74AA-4A58-BCE7-6E598B1AD211}.Debug|iPhone.ActiveCfg = Debug|Any CPU
		{80E89160-74AA-4A58-BCE7-6E598B1AD211}.Debug|iPhone.Build.0 = Debug|Any CPU
		{80E89160-74AA-4A58-BCE7-6E598B1AD211}.Debug|iPhoneSimulator.ActiveCfg = Debug|Any CPU
		{80E89160-74AA-4A58-BCE7-6E598B1AD211}.Debug|iPhoneSimulator.Build.0 = Debug|Any CPU
		{80E89160-74AA-4A58-BCE7-6E598B1AD211}.Debug|x64.ActiveCfg = Debug|Any CPU
		{80E89160-74AA-4A58-BCE7-6E598B1AD211}.Debug|x64.Build.0 = Debug|Any CPU
		{80E89160-74AA-4A58-BCE7-6E598B1AD211}.Debug|x86.ActiveCfg = Debug|Any CPU
		{80E89160-74AA-4A58-BCE7-6E598B1AD211}.Debug|x86.Build.0 = Debug|Any CPU
		{80E89160-74AA-4A58-BCE7-6E598B1AD211}.Release|Any CPU.ActiveCfg = Release|Any CPU
		{80E89160-74AA-4A58-BCE7-6E598B1AD211}.Release|Any CPU.Build.0 = Release|Any CPU
		{80E89160-74AA-4A58-BCE7-6E598B1AD211}.Release|ARM.ActiveCfg = Release|Any CPU
		{80E89160-74AA-4A58-BCE7-6E598B1AD211}.Release|ARM.Build.0 = Release|Any CPU
		{80E89160-74AA-4A58-BCE7-6E598B1AD211}.Release|iPhone.ActiveCfg = Release|Any CPU
		{80E89160-74AA-4A58-BCE7-6E598B1AD211}.Release|iPhone.Build.0 = Release|Any CPU
		{80E89160-74AA-4A58-BCE7-6E598B1AD211}.Release|iPhoneSimulator.ActiveCfg = Release|Any CPU
		{80E89160-74AA-4A58-BCE7-6E598B1AD211}.Release|iPhoneSimulator.Build.0 = Release|Any CPU
		{80E89160-74AA-4A58-BCE7-6E598B1AD211}.Release|x64.ActiveCfg = Release|Any CPU
		{80E89160-74AA-4A58-BCE7-6E598B1AD211}.Release|x64.Build.0 = Release|Any CPU
		{80E89160-74AA-4A58-BCE7-6E598B1AD211}.Release|x86.ActiveCfg = Release|Any CPU
		{80E89160-74AA-4A58-BCE7-6E598B1AD211}.Release|x86.Build.0 = Release|Any CPU
		{1BF67ABB-5417-47DC-8C28-FF1DD7DC0B07}.Ad-Hoc|Any CPU.ActiveCfg = Release|Any CPU
		{1BF67ABB-5417-47DC-8C28-FF1DD7DC0B07}.Ad-Hoc|Any CPU.Build.0 = Release|Any CPU
		{1BF67ABB-5417-47DC-8C28-FF1DD7DC0B07}.Ad-Hoc|ARM.ActiveCfg = Release|Any CPU
		{1BF67ABB-5417-47DC-8C28-FF1DD7DC0B07}.Ad-Hoc|ARM.Build.0 = Release|Any CPU
		{1BF67ABB-5417-47DC-8C28-FF1DD7DC0B07}.Ad-Hoc|iPhone.ActiveCfg = Release|Any CPU
		{1BF67ABB-5417-47DC-8C28-FF1DD7DC0B07}.Ad-Hoc|iPhone.Build.0 = Release|Any CPU
		{1BF67ABB-5417-47DC-8C28-FF1DD7DC0B07}.Ad-Hoc|iPhoneSimulator.ActiveCfg = Release|Any CPU
		{1BF67ABB-5417-47DC-8C28-FF1DD7DC0B07}.Ad-Hoc|iPhoneSimulator.Build.0 = Release|Any CPU
		{1BF67ABB-5417-47DC-8C28-FF1DD7DC0B07}.Ad-Hoc|x64.ActiveCfg = Release|Any CPU
		{1BF67ABB-5417-47DC-8C28-FF1DD7DC0B07}.Ad-Hoc|x64.Build.0 = Release|Any CPU
		{1BF67ABB-5417-47DC-8C28-FF1DD7DC0B07}.Ad-Hoc|x86.ActiveCfg = Release|Any CPU
		{1BF67ABB-5417-47DC-8C28-FF1DD7DC0B07}.Ad-Hoc|x86.Build.0 = Release|Any CPU
		{1BF67ABB-5417-47DC-8C28-FF1DD7DC0B07}.AppStore|Any CPU.ActiveCfg = Release|Any CPU
		{1BF67ABB-5417-47DC-8C28-FF1DD7DC0B07}.AppStore|Any CPU.Build.0 = Release|Any CPU
		{1BF67ABB-5417-47DC-8C28-FF1DD7DC0B07}.AppStore|ARM.ActiveCfg = Release|Any CPU
		{1BF67ABB-5417-47DC-8C28-FF1DD7DC0B07}.AppStore|ARM.Build.0 = Release|Any CPU
		{1BF67ABB-5417-47DC-8C28-FF1DD7DC0B07}.AppStore|iPhone.ActiveCfg = Release|Any CPU
		{1BF67ABB-5417-47DC-8C28-FF1DD7DC0B07}.AppStore|iPhone.Build.0 = Release|Any CPU
		{1BF67ABB-5417-47DC-8C28-FF1DD7DC0B07}.AppStore|iPhoneSimulator.ActiveCfg = Release|Any CPU
		{1BF67ABB-5417-47DC-8C28-FF1DD7DC0B07}.AppStore|iPhoneSimulator.Build.0 = Release|Any CPU
		{1BF67ABB-5417-47DC-8C28-FF1DD7DC0B07}.AppStore|x64.ActiveCfg = Release|Any CPU
		{1BF67ABB-5417-47DC-8C28-FF1DD7DC0B07}.AppStore|x64.Build.0 = Release|Any CPU
		{1BF67ABB-5417-47DC-8C28-FF1DD7DC0B07}.AppStore|x86.ActiveCfg = Release|Any CPU
		{1BF67ABB-5417-47DC-8C28-FF1DD7DC0B07}.AppStore|x86.Build.0 = Release|Any CPU
		{1BF67ABB-5417-47DC-8C28-FF1DD7DC0B07}.Debug|Any CPU.ActiveCfg = Debug|Any CPU
		{1BF67ABB-5417-47DC-8C28-FF1DD7DC0B07}.Debug|Any CPU.Build.0 = Debug|Any CPU
		{1BF67ABB-5417-47DC-8C28-FF1DD7DC0B07}.Debug|ARM.ActiveCfg = Debug|Any CPU
		{1BF67ABB-5417-47DC-8C28-FF1DD7DC0B07}.Debug|ARM.Build.0 = Debug|Any CPU
		{1BF67ABB-5417-47DC-8C28-FF1DD7DC0B07}.Debug|iPhone.ActiveCfg = Debug|Any CPU
		{1BF67ABB-5417-47DC-8C28-FF1DD7DC0B07}.Debug|iPhone.Build.0 = Debug|Any CPU
		{1BF67ABB-5417-47DC-8C28-FF1DD7DC0B07}.Debug|iPhoneSimulator.ActiveCfg = Debug|Any CPU
		{1BF67ABB-5417-47DC-8C28-FF1DD7DC0B07}.Debug|iPhoneSimulator.Build.0 = Debug|Any CPU
		{1BF67ABB-5417-47DC-8C28-FF1DD7DC0B07}.Debug|x64.ActiveCfg = Debug|Any CPU
		{1BF67ABB-5417-47DC-8C28-FF1DD7DC0B07}.Debug|x64.Build.0 = Debug|Any CPU
		{1BF67ABB-5417-47DC-8C28-FF1DD7DC0B07}.Debug|x86.ActiveCfg = Debug|Any CPU
		{1BF67ABB-5417-47DC-8C28-FF1DD7DC0B07}.Debug|x86.Build.0 = Debug|Any CPU
		{1BF67ABB-5417-47DC-8C28-FF1DD7DC0B07}.Release|Any CPU.ActiveCfg = Release|Any CPU
		{1BF67ABB-5417-47DC-8C28-FF1DD7DC0B07}.Release|Any CPU.Build.0 = Release|Any CPU
		{1BF67ABB-5417-47DC-8C28-FF1DD7DC0B07}.Release|ARM.ActiveCfg = Release|Any CPU
		{1BF67ABB-5417-47DC-8C28-FF1DD7DC0B07}.Release|ARM.Build.0 = Release|Any CPU
		{1BF67ABB-5417-47DC-8C28-FF1DD7DC0B07}.Release|iPhone.ActiveCfg = Release|Any CPU
		{1BF67ABB-5417-47DC-8C28-FF1DD7DC0B07}.Release|iPhone.Build.0 = Release|Any CPU
		{1BF67ABB-5417-47DC-8C28-FF1DD7DC0B07}.Release|iPhoneSimulator.ActiveCfg = Release|Any CPU
		{1BF67ABB-5417-47DC-8C28-FF1DD7DC0B07}.Release|iPhoneSimulator.Build.0 = Release|Any CPU
		{1BF67ABB-5417-47DC-8C28-FF1DD7DC0B07}.Release|x64.ActiveCfg = Release|Any CPU
		{1BF67ABB-5417-47DC-8C28-FF1DD7DC0B07}.Release|x64.Build.0 = Release|Any CPU
		{1BF67ABB-5417-47DC-8C28-FF1DD7DC0B07}.Release|x86.ActiveCfg = Release|Any CPU
		{1BF67ABB-5417-47DC-8C28-FF1DD7DC0B07}.Release|x86.Build.0 = Release|Any CPU
		{0890583B-4155-41D3-ACFF-9EF509EC3A50}.Ad-Hoc|Any CPU.ActiveCfg = Release|x64
		{0890583B-4155-41D3-ACFF-9EF509EC3A50}.Ad-Hoc|Any CPU.Build.0 = Release|x64
		{0890583B-4155-41D3-ACFF-9EF509EC3A50}.Ad-Hoc|Any CPU.Deploy.0 = Release|x64
		{0890583B-4155-41D3-ACFF-9EF509EC3A50}.Ad-Hoc|ARM.ActiveCfg = Release|ARM
		{0890583B-4155-41D3-ACFF-9EF509EC3A50}.Ad-Hoc|ARM.Build.0 = Release|ARM
		{0890583B-4155-41D3-ACFF-9EF509EC3A50}.Ad-Hoc|ARM.Deploy.0 = Release|ARM
		{0890583B-4155-41D3-ACFF-9EF509EC3A50}.Ad-Hoc|iPhone.ActiveCfg = Release|x64
		{0890583B-4155-41D3-ACFF-9EF509EC3A50}.Ad-Hoc|iPhone.Build.0 = Release|x64
		{0890583B-4155-41D3-ACFF-9EF509EC3A50}.Ad-Hoc|iPhone.Deploy.0 = Release|x64
		{0890583B-4155-41D3-ACFF-9EF509EC3A50}.Ad-Hoc|iPhoneSimulator.ActiveCfg = Release|x64
		{0890583B-4155-41D3-ACFF-9EF509EC3A50}.Ad-Hoc|iPhoneSimulator.Build.0 = Release|x64
		{0890583B-4155-41D3-ACFF-9EF509EC3A50}.Ad-Hoc|iPhoneSimulator.Deploy.0 = Release|x64
		{0890583B-4155-41D3-ACFF-9EF509EC3A50}.Ad-Hoc|x64.ActiveCfg = Release|x64
		{0890583B-4155-41D3-ACFF-9EF509EC3A50}.Ad-Hoc|x64.Build.0 = Release|x64
		{0890583B-4155-41D3-ACFF-9EF509EC3A50}.Ad-Hoc|x64.Deploy.0 = Release|x64
		{0890583B-4155-41D3-ACFF-9EF509EC3A50}.Ad-Hoc|x86.ActiveCfg = Release|x86
		{0890583B-4155-41D3-ACFF-9EF509EC3A50}.Ad-Hoc|x86.Build.0 = Release|x86
		{0890583B-4155-41D3-ACFF-9EF509EC3A50}.Ad-Hoc|x86.Deploy.0 = Release|x86
		{0890583B-4155-41D3-ACFF-9EF509EC3A50}.AppStore|Any CPU.ActiveCfg = Release|x64
		{0890583B-4155-41D3-ACFF-9EF509EC3A50}.AppStore|Any CPU.Build.0 = Release|x64
		{0890583B-4155-41D3-ACFF-9EF509EC3A50}.AppStore|Any CPU.Deploy.0 = Release|x64
		{0890583B-4155-41D3-ACFF-9EF509EC3A50}.AppStore|ARM.ActiveCfg = Release|ARM
		{0890583B-4155-41D3-ACFF-9EF509EC3A50}.AppStore|ARM.Build.0 = Release|ARM
		{0890583B-4155-41D3-ACFF-9EF509EC3A50}.AppStore|ARM.Deploy.0 = Release|ARM
		{0890583B-4155-41D3-ACFF-9EF509EC3A50}.AppStore|iPhone.ActiveCfg = Release|x64
		{0890583B-4155-41D3-ACFF-9EF509EC3A50}.AppStore|iPhone.Build.0 = Release|x64
		{0890583B-4155-41D3-ACFF-9EF509EC3A50}.AppStore|iPhone.Deploy.0 = Release|x64
		{0890583B-4155-41D3-ACFF-9EF509EC3A50}.AppStore|iPhoneSimulator.ActiveCfg = Release|x64
		{0890583B-4155-41D3-ACFF-9EF509EC3A50}.AppStore|iPhoneSimulator.Build.0 = Release|x64
		{0890583B-4155-41D3-ACFF-9EF509EC3A50}.AppStore|iPhoneSimulator.Deploy.0 = Release|x64
		{0890583B-4155-41D3-ACFF-9EF509EC3A50}.AppStore|x64.ActiveCfg = Release|x64
		{0890583B-4155-41D3-ACFF-9EF509EC3A50}.AppStore|x64.Build.0 = Release|x64
		{0890583B-4155-41D3-ACFF-9EF509EC3A50}.AppStore|x64.Deploy.0 = Release|x64
		{0890583B-4155-41D3-ACFF-9EF509EC3A50}.AppStore|x86.ActiveCfg = Release|x86
		{0890583B-4155-41D3-ACFF-9EF509EC3A50}.AppStore|x86.Build.0 = Release|x86
		{0890583B-4155-41D3-ACFF-9EF509EC3A50}.AppStore|x86.Deploy.0 = Release|x86
		{0890583B-4155-41D3-ACFF-9EF509EC3A50}.Debug|Any CPU.ActiveCfg = Debug|x86
		{0890583B-4155-41D3-ACFF-9EF509EC3A50}.Debug|ARM.ActiveCfg = Debug|ARM
		{0890583B-4155-41D3-ACFF-9EF509EC3A50}.Debug|ARM.Build.0 = Debug|ARM
		{0890583B-4155-41D3-ACFF-9EF509EC3A50}.Debug|ARM.Deploy.0 = Debug|ARM
		{0890583B-4155-41D3-ACFF-9EF509EC3A50}.Debug|iPhone.ActiveCfg = Debug|x86
		{0890583B-4155-41D3-ACFF-9EF509EC3A50}.Debug|iPhoneSimulator.ActiveCfg = Debug|x86
		{0890583B-4155-41D3-ACFF-9EF509EC3A50}.Debug|x64.ActiveCfg = Debug|x64
		{0890583B-4155-41D3-ACFF-9EF509EC3A50}.Debug|x64.Build.0 = Debug|x64
		{0890583B-4155-41D3-ACFF-9EF509EC3A50}.Debug|x64.Deploy.0 = Debug|x64
		{0890583B-4155-41D3-ACFF-9EF509EC3A50}.Debug|x86.ActiveCfg = Debug|x86
		{0890583B-4155-41D3-ACFF-9EF509EC3A50}.Debug|x86.Build.0 = Debug|x86
		{0890583B-4155-41D3-ACFF-9EF509EC3A50}.Debug|x86.Deploy.0 = Debug|x86
		{0890583B-4155-41D3-ACFF-9EF509EC3A50}.Release|Any CPU.ActiveCfg = Release|x86
		{0890583B-4155-41D3-ACFF-9EF509EC3A50}.Release|ARM.ActiveCfg = Release|ARM
		{0890583B-4155-41D3-ACFF-9EF509EC3A50}.Release|ARM.Build.0 = Release|ARM
		{0890583B-4155-41D3-ACFF-9EF509EC3A50}.Release|ARM.Deploy.0 = Release|ARM
		{0890583B-4155-41D3-ACFF-9EF509EC3A50}.Release|iPhone.ActiveCfg = Release|x86
		{0890583B-4155-41D3-ACFF-9EF509EC3A50}.Release|iPhoneSimulator.ActiveCfg = Release|x86
		{0890583B-4155-41D3-ACFF-9EF509EC3A50}.Release|x64.ActiveCfg = Release|x64
		{0890583B-4155-41D3-ACFF-9EF509EC3A50}.Release|x64.Build.0 = Release|x64
		{0890583B-4155-41D3-ACFF-9EF509EC3A50}.Release|x64.Deploy.0 = Release|x64
		{0890583B-4155-41D3-ACFF-9EF509EC3A50}.Release|x86.ActiveCfg = Release|x86
		{0890583B-4155-41D3-ACFF-9EF509EC3A50}.Release|x86.Build.0 = Release|x86
		{0890583B-4155-41D3-ACFF-9EF509EC3A50}.Release|x86.Deploy.0 = Release|x86
		{BBD2D87F-E83B-4FE7-B4C7-3DAF61472D30}.Ad-Hoc|Any CPU.ActiveCfg = Release|Any CPU
		{BBD2D87F-E83B-4FE7-B4C7-3DAF61472D30}.Ad-Hoc|Any CPU.Build.0 = Release|Any CPU
		{BBD2D87F-E83B-4FE7-B4C7-3DAF61472D30}.Ad-Hoc|ARM.ActiveCfg = Release|Any CPU
		{BBD2D87F-E83B-4FE7-B4C7-3DAF61472D30}.Ad-Hoc|ARM.Build.0 = Release|Any CPU
		{BBD2D87F-E83B-4FE7-B4C7-3DAF61472D30}.Ad-Hoc|iPhone.ActiveCfg = Release|Any CPU
		{BBD2D87F-E83B-4FE7-B4C7-3DAF61472D30}.Ad-Hoc|iPhone.Build.0 = Release|Any CPU
		{BBD2D87F-E83B-4FE7-B4C7-3DAF61472D30}.Ad-Hoc|iPhoneSimulator.ActiveCfg = Release|Any CPU
		{BBD2D87F-E83B-4FE7-B4C7-3DAF61472D30}.Ad-Hoc|iPhoneSimulator.Build.0 = Release|Any CPU
		{BBD2D87F-E83B-4FE7-B4C7-3DAF61472D30}.Ad-Hoc|x64.ActiveCfg = Release|Any CPU
		{BBD2D87F-E83B-4FE7-B4C7-3DAF61472D30}.Ad-Hoc|x64.Build.0 = Release|Any CPU
		{BBD2D87F-E83B-4FE7-B4C7-3DAF61472D30}.Ad-Hoc|x86.ActiveCfg = Release|Any CPU
		{BBD2D87F-E83B-4FE7-B4C7-3DAF61472D30}.Ad-Hoc|x86.Build.0 = Release|Any CPU
		{BBD2D87F-E83B-4FE7-B4C7-3DAF61472D30}.AppStore|Any CPU.ActiveCfg = Release|Any CPU
		{BBD2D87F-E83B-4FE7-B4C7-3DAF61472D30}.AppStore|Any CPU.Build.0 = Release|Any CPU
		{BBD2D87F-E83B-4FE7-B4C7-3DAF61472D30}.AppStore|ARM.ActiveCfg = Release|Any CPU
		{BBD2D87F-E83B-4FE7-B4C7-3DAF61472D30}.AppStore|ARM.Build.0 = Release|Any CPU
		{BBD2D87F-E83B-4FE7-B4C7-3DAF61472D30}.AppStore|iPhone.ActiveCfg = Release|Any CPU
		{BBD2D87F-E83B-4FE7-B4C7-3DAF61472D30}.AppStore|iPhone.Build.0 = Release|Any CPU
		{BBD2D87F-E83B-4FE7-B4C7-3DAF61472D30}.AppStore|iPhoneSimulator.ActiveCfg = Release|Any CPU
		{BBD2D87F-E83B-4FE7-B4C7-3DAF61472D30}.AppStore|iPhoneSimulator.Build.0 = Release|Any CPU
		{BBD2D87F-E83B-4FE7-B4C7-3DAF61472D30}.AppStore|x64.ActiveCfg = Release|Any CPU
		{BBD2D87F-E83B-4FE7-B4C7-3DAF61472D30}.AppStore|x64.Build.0 = Release|Any CPU
		{BBD2D87F-E83B-4FE7-B4C7-3DAF61472D30}.AppStore|x86.ActiveCfg = Release|Any CPU
		{BBD2D87F-E83B-4FE7-B4C7-3DAF61472D30}.AppStore|x86.Build.0 = Release|Any CPU
		{BBD2D87F-E83B-4FE7-B4C7-3DAF61472D30}.Debug|Any CPU.ActiveCfg = Debug|Any CPU
		{BBD2D87F-E83B-4FE7-B4C7-3DAF61472D30}.Debug|Any CPU.Build.0 = Debug|Any CPU
		{BBD2D87F-E83B-4FE7-B4C7-3DAF61472D30}.Debug|ARM.ActiveCfg = Debug|Any CPU
		{BBD2D87F-E83B-4FE7-B4C7-3DAF61472D30}.Debug|ARM.Build.0 = Debug|Any CPU
		{BBD2D87F-E83B-4FE7-B4C7-3DAF61472D30}.Debug|iPhone.ActiveCfg = Debug|Any CPU
		{BBD2D87F-E83B-4FE7-B4C7-3DAF61472D30}.Debug|iPhone.Build.0 = Debug|Any CPU
		{BBD2D87F-E83B-4FE7-B4C7-3DAF61472D30}.Debug|iPhoneSimulator.ActiveCfg = Debug|Any CPU
		{BBD2D87F-E83B-4FE7-B4C7-3DAF61472D30}.Debug|iPhoneSimulator.Build.0 = Debug|Any CPU
		{BBD2D87F-E83B-4FE7-B4C7-3DAF61472D30}.Debug|x64.ActiveCfg = Debug|Any CPU
		{BBD2D87F-E83B-4FE7-B4C7-3DAF61472D30}.Debug|x64.Build.0 = Debug|Any CPU
		{BBD2D87F-E83B-4FE7-B4C7-3DAF61472D30}.Debug|x86.ActiveCfg = Debug|Any CPU
		{BBD2D87F-E83B-4FE7-B4C7-3DAF61472D30}.Debug|x86.Build.0 = Debug|Any CPU
		{BBD2D87F-E83B-4FE7-B4C7-3DAF61472D30}.Release|Any CPU.ActiveCfg = Release|Any CPU
		{BBD2D87F-E83B-4FE7-B4C7-3DAF61472D30}.Release|Any CPU.Build.0 = Release|Any CPU
		{BBD2D87F-E83B-4FE7-B4C7-3DAF61472D30}.Release|ARM.ActiveCfg = Release|Any CPU
		{BBD2D87F-E83B-4FE7-B4C7-3DAF61472D30}.Release|ARM.Build.0 = Release|Any CPU
		{BBD2D87F-E83B-4FE7-B4C7-3DAF61472D30}.Release|iPhone.ActiveCfg = Release|Any CPU
		{BBD2D87F-E83B-4FE7-B4C7-3DAF61472D30}.Release|iPhone.Build.0 = Release|Any CPU
		{BBD2D87F-E83B-4FE7-B4C7-3DAF61472D30}.Release|iPhoneSimulator.ActiveCfg = Release|Any CPU
		{BBD2D87F-E83B-4FE7-B4C7-3DAF61472D30}.Release|iPhoneSimulator.Build.0 = Release|Any CPU
		{BBD2D87F-E83B-4FE7-B4C7-3DAF61472D30}.Release|x64.ActiveCfg = Release|Any CPU
		{BBD2D87F-E83B-4FE7-B4C7-3DAF61472D30}.Release|x64.Build.0 = Release|Any CPU
		{BBD2D87F-E83B-4FE7-B4C7-3DAF61472D30}.Release|x86.ActiveCfg = Release|Any CPU
		{BBD2D87F-E83B-4FE7-B4C7-3DAF61472D30}.Release|x86.Build.0 = Release|Any CPU
		{F37A48F5-39DA-4FA2-8175-2EF291BC1202}.Ad-Hoc|Any CPU.ActiveCfg = Release|Any CPU
		{F37A48F5-39DA-4FA2-8175-2EF291BC1202}.Ad-Hoc|Any CPU.Build.0 = Release|Any CPU
		{F37A48F5-39DA-4FA2-8175-2EF291BC1202}.Ad-Hoc|ARM.ActiveCfg = Release|Any CPU
		{F37A48F5-39DA-4FA2-8175-2EF291BC1202}.Ad-Hoc|ARM.Build.0 = Release|Any CPU
		{F37A48F5-39DA-4FA2-8175-2EF291BC1202}.Ad-Hoc|iPhone.ActiveCfg = Release|Any CPU
		{F37A48F5-39DA-4FA2-8175-2EF291BC1202}.Ad-Hoc|iPhone.Build.0 = Release|Any CPU
		{F37A48F5-39DA-4FA2-8175-2EF291BC1202}.Ad-Hoc|iPhoneSimulator.ActiveCfg = Release|Any CPU
		{F37A48F5-39DA-4FA2-8175-2EF291BC1202}.Ad-Hoc|iPhoneSimulator.Build.0 = Release|Any CPU
		{F37A48F5-39DA-4FA2-8175-2EF291BC1202}.Ad-Hoc|x64.ActiveCfg = Release|Any CPU
		{F37A48F5-39DA-4FA2-8175-2EF291BC1202}.Ad-Hoc|x64.Build.0 = Release|Any CPU
		{F37A48F5-39DA-4FA2-8175-2EF291BC1202}.Ad-Hoc|x86.ActiveCfg = Release|Any CPU
		{F37A48F5-39DA-4FA2-8175-2EF291BC1202}.Ad-Hoc|x86.Build.0 = Release|Any CPU
		{F37A48F5-39DA-4FA2-8175-2EF291BC1202}.AppStore|Any CPU.ActiveCfg = Release|Any CPU
		{F37A48F5-39DA-4FA2-8175-2EF291BC1202}.AppStore|Any CPU.Build.0 = Release|Any CPU
		{F37A48F5-39DA-4FA2-8175-2EF291BC1202}.AppStore|ARM.ActiveCfg = Release|Any CPU
		{F37A48F5-39DA-4FA2-8175-2EF291BC1202}.AppStore|ARM.Build.0 = Release|Any CPU
		{F37A48F5-39DA-4FA2-8175-2EF291BC1202}.AppStore|iPhone.ActiveCfg = Release|Any CPU
		{F37A48F5-39DA-4FA2-8175-2EF291BC1202}.AppStore|iPhone.Build.0 = Release|Any CPU
		{F37A48F5-39DA-4FA2-8175-2EF291BC1202}.AppStore|iPhoneSimulator.ActiveCfg = Release|Any CPU
		{F37A48F5-39DA-4FA2-8175-2EF291BC1202}.AppStore|iPhoneSimulator.Build.0 = Release|Any CPU
		{F37A48F5-39DA-4FA2-8175-2EF291BC1202}.AppStore|x64.ActiveCfg = Release|Any CPU
		{F37A48F5-39DA-4FA2-8175-2EF291BC1202}.AppStore|x64.Build.0 = Release|Any CPU
		{F37A48F5-39DA-4FA2-8175-2EF291BC1202}.AppStore|x86.ActiveCfg = Release|Any CPU
		{F37A48F5-39DA-4FA2-8175-2EF291BC1202}.AppStore|x86.Build.0 = Release|Any CPU
		{F37A48F5-39DA-4FA2-8175-2EF291BC1202}.Debug|Any CPU.ActiveCfg = Debug|Any CPU
		{F37A48F5-39DA-4FA2-8175-2EF291BC1202}.Debug|Any CPU.Build.0 = Debug|Any CPU
		{F37A48F5-39DA-4FA2-8175-2EF291BC1202}.Debug|ARM.ActiveCfg = Debug|Any CPU
		{F37A48F5-39DA-4FA2-8175-2EF291BC1202}.Debug|ARM.Build.0 = Debug|Any CPU
		{F37A48F5-39DA-4FA2-8175-2EF291BC1202}.Debug|iPhone.ActiveCfg = Debug|Any CPU
		{F37A48F5-39DA-4FA2-8175-2EF291BC1202}.Debug|iPhone.Build.0 = Debug|Any CPU
		{F37A48F5-39DA-4FA2-8175-2EF291BC1202}.Debug|iPhoneSimulator.ActiveCfg = Debug|Any CPU
		{F37A48F5-39DA-4FA2-8175-2EF291BC1202}.Debug|iPhoneSimulator.Build.0 = Debug|Any CPU
		{F37A48F5-39DA-4FA2-8175-2EF291BC1202}.Debug|x64.ActiveCfg = Debug|Any CPU
		{F37A48F5-39DA-4FA2-8175-2EF291BC1202}.Debug|x64.Build.0 = Debug|Any CPU
		{F37A48F5-39DA-4FA2-8175-2EF291BC1202}.Debug|x86.ActiveCfg = Debug|Any CPU
		{F37A48F5-39DA-4FA2-8175-2EF291BC1202}.Debug|x86.Build.0 = Debug|Any CPU
		{F37A48F5-39DA-4FA2-8175-2EF291BC1202}.Release|Any CPU.ActiveCfg = Release|Any CPU
		{F37A48F5-39DA-4FA2-8175-2EF291BC1202}.Release|Any CPU.Build.0 = Release|Any CPU
		{F37A48F5-39DA-4FA2-8175-2EF291BC1202}.Release|ARM.ActiveCfg = Release|Any CPU
		{F37A48F5-39DA-4FA2-8175-2EF291BC1202}.Release|ARM.Build.0 = Release|Any CPU
		{F37A48F5-39DA-4FA2-8175-2EF291BC1202}.Release|iPhone.ActiveCfg = Release|Any CPU
		{F37A48F5-39DA-4FA2-8175-2EF291BC1202}.Release|iPhone.Build.0 = Release|Any CPU
		{F37A48F5-39DA-4FA2-8175-2EF291BC1202}.Release|iPhoneSimulator.ActiveCfg = Release|Any CPU
		{F37A48F5-39DA-4FA2-8175-2EF291BC1202}.Release|iPhoneSimulator.Build.0 = Release|Any CPU
		{F37A48F5-39DA-4FA2-8175-2EF291BC1202}.Release|x64.ActiveCfg = Release|Any CPU
		{F37A48F5-39DA-4FA2-8175-2EF291BC1202}.Release|x64.Build.0 = Release|Any CPU
		{F37A48F5-39DA-4FA2-8175-2EF291BC1202}.Release|x86.ActiveCfg = Release|Any CPU
		{F37A48F5-39DA-4FA2-8175-2EF291BC1202}.Release|x86.Build.0 = Release|Any CPU
		{BACD0B37-153F-4EFD-962A-9111B51623B2}.Ad-Hoc|Any CPU.ActiveCfg = Release|Any CPU
		{BACD0B37-153F-4EFD-962A-9111B51623B2}.Ad-Hoc|Any CPU.Build.0 = Release|Any CPU
		{BACD0B37-153F-4EFD-962A-9111B51623B2}.Ad-Hoc|Any CPU.Deploy.0 = Release|Any CPU
		{BACD0B37-153F-4EFD-962A-9111B51623B2}.Ad-Hoc|ARM.ActiveCfg = Release|Any CPU
		{BACD0B37-153F-4EFD-962A-9111B51623B2}.Ad-Hoc|ARM.Build.0 = Release|Any CPU
		{BACD0B37-153F-4EFD-962A-9111B51623B2}.Ad-Hoc|ARM.Deploy.0 = Release|Any CPU
		{BACD0B37-153F-4EFD-962A-9111B51623B2}.Ad-Hoc|iPhone.ActiveCfg = Release|Any CPU
		{BACD0B37-153F-4EFD-962A-9111B51623B2}.Ad-Hoc|iPhone.Build.0 = Release|Any CPU
		{BACD0B37-153F-4EFD-962A-9111B51623B2}.Ad-Hoc|iPhone.Deploy.0 = Release|Any CPU
		{BACD0B37-153F-4EFD-962A-9111B51623B2}.Ad-Hoc|iPhoneSimulator.ActiveCfg = Release|Any CPU
		{BACD0B37-153F-4EFD-962A-9111B51623B2}.Ad-Hoc|iPhoneSimulator.Build.0 = Release|Any CPU
		{BACD0B37-153F-4EFD-962A-9111B51623B2}.Ad-Hoc|iPhoneSimulator.Deploy.0 = Release|Any CPU
		{BACD0B37-153F-4EFD-962A-9111B51623B2}.Ad-Hoc|x64.ActiveCfg = Release|Any CPU
		{BACD0B37-153F-4EFD-962A-9111B51623B2}.Ad-Hoc|x64.Build.0 = Release|Any CPU
		{BACD0B37-153F-4EFD-962A-9111B51623B2}.Ad-Hoc|x64.Deploy.0 = Release|Any CPU
		{BACD0B37-153F-4EFD-962A-9111B51623B2}.Ad-Hoc|x86.ActiveCfg = Release|Any CPU
		{BACD0B37-153F-4EFD-962A-9111B51623B2}.Ad-Hoc|x86.Build.0 = Release|Any CPU
		{BACD0B37-153F-4EFD-962A-9111B51623B2}.Ad-Hoc|x86.Deploy.0 = Release|Any CPU
		{BACD0B37-153F-4EFD-962A-9111B51623B2}.AppStore|Any CPU.ActiveCfg = Release|Any CPU
		{BACD0B37-153F-4EFD-962A-9111B51623B2}.AppStore|Any CPU.Build.0 = Release|Any CPU
		{BACD0B37-153F-4EFD-962A-9111B51623B2}.AppStore|Any CPU.Deploy.0 = Release|Any CPU
		{BACD0B37-153F-4EFD-962A-9111B51623B2}.AppStore|ARM.ActiveCfg = Release|Any CPU
		{BACD0B37-153F-4EFD-962A-9111B51623B2}.AppStore|ARM.Build.0 = Release|Any CPU
		{BACD0B37-153F-4EFD-962A-9111B51623B2}.AppStore|ARM.Deploy.0 = Release|Any CPU
		{BACD0B37-153F-4EFD-962A-9111B51623B2}.AppStore|iPhone.ActiveCfg = Release|Any CPU
		{BACD0B37-153F-4EFD-962A-9111B51623B2}.AppStore|iPhone.Build.0 = Release|Any CPU
		{BACD0B37-153F-4EFD-962A-9111B51623B2}.AppStore|iPhone.Deploy.0 = Release|Any CPU
		{BACD0B37-153F-4EFD-962A-9111B51623B2}.AppStore|iPhoneSimulator.ActiveCfg = Release|Any CPU
		{BACD0B37-153F-4EFD-962A-9111B51623B2}.AppStore|iPhoneSimulator.Build.0 = Release|Any CPU
		{BACD0B37-153F-4EFD-962A-9111B51623B2}.AppStore|iPhoneSimulator.Deploy.0 = Release|Any CPU
		{BACD0B37-153F-4EFD-962A-9111B51623B2}.AppStore|x64.ActiveCfg = Release|Any CPU
		{BACD0B37-153F-4EFD-962A-9111B51623B2}.AppStore|x64.Build.0 = Release|Any CPU
		{BACD0B37-153F-4EFD-962A-9111B51623B2}.AppStore|x64.Deploy.0 = Release|Any CPU
		{BACD0B37-153F-4EFD-962A-9111B51623B2}.AppStore|x86.ActiveCfg = Release|Any CPU
		{BACD0B37-153F-4EFD-962A-9111B51623B2}.AppStore|x86.Build.0 = Release|Any CPU
		{BACD0B37-153F-4EFD-962A-9111B51623B2}.AppStore|x86.Deploy.0 = Release|Any CPU
		{BACD0B37-153F-4EFD-962A-9111B51623B2}.Debug|Any CPU.ActiveCfg = Debug|Any CPU
		{BACD0B37-153F-4EFD-962A-9111B51623B2}.Debug|Any CPU.Build.0 = Debug|Any CPU
		{BACD0B37-153F-4EFD-962A-9111B51623B2}.Debug|Any CPU.Deploy.0 = Debug|Any CPU
		{BACD0B37-153F-4EFD-962A-9111B51623B2}.Debug|ARM.ActiveCfg = Debug|Any CPU
		{BACD0B37-153F-4EFD-962A-9111B51623B2}.Debug|ARM.Build.0 = Debug|Any CPU
		{BACD0B37-153F-4EFD-962A-9111B51623B2}.Debug|ARM.Deploy.0 = Debug|Any CPU
		{BACD0B37-153F-4EFD-962A-9111B51623B2}.Debug|iPhone.ActiveCfg = Debug|Any CPU
		{BACD0B37-153F-4EFD-962A-9111B51623B2}.Debug|iPhone.Build.0 = Debug|Any CPU
		{BACD0B37-153F-4EFD-962A-9111B51623B2}.Debug|iPhone.Deploy.0 = Debug|Any CPU
		{BACD0B37-153F-4EFD-962A-9111B51623B2}.Debug|iPhoneSimulator.ActiveCfg = Debug|Any CPU
		{BACD0B37-153F-4EFD-962A-9111B51623B2}.Debug|iPhoneSimulator.Build.0 = Debug|Any CPU
		{BACD0B37-153F-4EFD-962A-9111B51623B2}.Debug|iPhoneSimulator.Deploy.0 = Debug|Any CPU
		{BACD0B37-153F-4EFD-962A-9111B51623B2}.Debug|x64.ActiveCfg = Debug|Any CPU
		{BACD0B37-153F-4EFD-962A-9111B51623B2}.Debug|x64.Build.0 = Debug|Any CPU
		{BACD0B37-153F-4EFD-962A-9111B51623B2}.Debug|x64.Deploy.0 = Debug|Any CPU
		{BACD0B37-153F-4EFD-962A-9111B51623B2}.Debug|x86.ActiveCfg = Debug|Any CPU
		{BACD0B37-153F-4EFD-962A-9111B51623B2}.Debug|x86.Build.0 = Debug|Any CPU
		{BACD0B37-153F-4EFD-962A-9111B51623B2}.Debug|x86.Deploy.0 = Debug|Any CPU
		{BACD0B37-153F-4EFD-962A-9111B51623B2}.Release|Any CPU.ActiveCfg = Release|Any CPU
		{BACD0B37-153F-4EFD-962A-9111B51623B2}.Release|Any CPU.Build.0 = Release|Any CPU
		{BACD0B37-153F-4EFD-962A-9111B51623B2}.Release|Any CPU.Deploy.0 = Release|Any CPU
		{BACD0B37-153F-4EFD-962A-9111B51623B2}.Release|ARM.ActiveCfg = Release|Any CPU
		{BACD0B37-153F-4EFD-962A-9111B51623B2}.Release|ARM.Build.0 = Release|Any CPU
		{BACD0B37-153F-4EFD-962A-9111B51623B2}.Release|ARM.Deploy.0 = Release|Any CPU
		{BACD0B37-153F-4EFD-962A-9111B51623B2}.Release|iPhone.ActiveCfg = Release|Any CPU
		{BACD0B37-153F-4EFD-962A-9111B51623B2}.Release|iPhone.Build.0 = Release|Any CPU
		{BACD0B37-153F-4EFD-962A-9111B51623B2}.Release|iPhone.Deploy.0 = Release|Any CPU
		{BACD0B37-153F-4EFD-962A-9111B51623B2}.Release|iPhoneSimulator.ActiveCfg = Release|Any CPU
		{BACD0B37-153F-4EFD-962A-9111B51623B2}.Release|iPhoneSimulator.Build.0 = Release|Any CPU
		{BACD0B37-153F-4EFD-962A-9111B51623B2}.Release|iPhoneSimulator.Deploy.0 = Release|Any CPU
		{BACD0B37-153F-4EFD-962A-9111B51623B2}.Release|x64.ActiveCfg = Release|Any CPU
		{BACD0B37-153F-4EFD-962A-9111B51623B2}.Release|x64.Build.0 = Release|Any CPU
		{BACD0B37-153F-4EFD-962A-9111B51623B2}.Release|x64.Deploy.0 = Release|Any CPU
		{BACD0B37-153F-4EFD-962A-9111B51623B2}.Release|x86.ActiveCfg = Release|Any CPU
		{BACD0B37-153F-4EFD-962A-9111B51623B2}.Release|x86.Build.0 = Release|Any CPU
		{BACD0B37-153F-4EFD-962A-9111B51623B2}.Release|x86.Deploy.0 = Release|Any CPU
		{2FCBE7B4-22DE-4AD0-8B72-ED6B878DC279}.Ad-Hoc|Any CPU.ActiveCfg = Release|Any CPU
		{2FCBE7B4-22DE-4AD0-8B72-ED6B878DC279}.Ad-Hoc|Any CPU.Build.0 = Release|Any CPU
		{2FCBE7B4-22DE-4AD0-8B72-ED6B878DC279}.Ad-Hoc|ARM.ActiveCfg = Release|Any CPU
		{2FCBE7B4-22DE-4AD0-8B72-ED6B878DC279}.Ad-Hoc|ARM.Build.0 = Release|Any CPU
		{2FCBE7B4-22DE-4AD0-8B72-ED6B878DC279}.Ad-Hoc|iPhone.ActiveCfg = Release|Any CPU
		{2FCBE7B4-22DE-4AD0-8B72-ED6B878DC279}.Ad-Hoc|iPhone.Build.0 = Release|Any CPU
		{2FCBE7B4-22DE-4AD0-8B72-ED6B878DC279}.Ad-Hoc|iPhoneSimulator.ActiveCfg = Release|Any CPU
		{2FCBE7B4-22DE-4AD0-8B72-ED6B878DC279}.Ad-Hoc|iPhoneSimulator.Build.0 = Release|Any CPU
		{2FCBE7B4-22DE-4AD0-8B72-ED6B878DC279}.Ad-Hoc|x64.ActiveCfg = Release|Any CPU
		{2FCBE7B4-22DE-4AD0-8B72-ED6B878DC279}.Ad-Hoc|x64.Build.0 = Release|Any CPU
		{2FCBE7B4-22DE-4AD0-8B72-ED6B878DC279}.Ad-Hoc|x86.ActiveCfg = Release|Any CPU
		{2FCBE7B4-22DE-4AD0-8B72-ED6B878DC279}.Ad-Hoc|x86.Build.0 = Release|Any CPU
		{2FCBE7B4-22DE-4AD0-8B72-ED6B878DC279}.AppStore|Any CPU.ActiveCfg = Release|Any CPU
		{2FCBE7B4-22DE-4AD0-8B72-ED6B878DC279}.AppStore|Any CPU.Build.0 = Release|Any CPU
		{2FCBE7B4-22DE-4AD0-8B72-ED6B878DC279}.AppStore|ARM.ActiveCfg = Release|Any CPU
		{2FCBE7B4-22DE-4AD0-8B72-ED6B878DC279}.AppStore|ARM.Build.0 = Release|Any CPU
		{2FCBE7B4-22DE-4AD0-8B72-ED6B878DC279}.AppStore|iPhone.ActiveCfg = Release|Any CPU
		{2FCBE7B4-22DE-4AD0-8B72-ED6B878DC279}.AppStore|iPhone.Build.0 = Release|Any CPU
		{2FCBE7B4-22DE-4AD0-8B72-ED6B878DC279}.AppStore|iPhoneSimulator.ActiveCfg = Release|Any CPU
		{2FCBE7B4-22DE-4AD0-8B72-ED6B878DC279}.AppStore|iPhoneSimulator.Build.0 = Release|Any CPU
		{2FCBE7B4-22DE-4AD0-8B72-ED6B878DC279}.AppStore|x64.ActiveCfg = Release|Any CPU
		{2FCBE7B4-22DE-4AD0-8B72-ED6B878DC279}.AppStore|x64.Build.0 = Release|Any CPU
		{2FCBE7B4-22DE-4AD0-8B72-ED6B878DC279}.AppStore|x86.ActiveCfg = Release|Any CPU
		{2FCBE7B4-22DE-4AD0-8B72-ED6B878DC279}.AppStore|x86.Build.0 = Release|Any CPU
		{2FCBE7B4-22DE-4AD0-8B72-ED6B878DC279}.Debug|Any CPU.ActiveCfg = Debug|Any CPU
		{2FCBE7B4-22DE-4AD0-8B72-ED6B878DC279}.Debug|Any CPU.Build.0 = Debug|Any CPU
		{2FCBE7B4-22DE-4AD0-8B72-ED6B878DC279}.Debug|ARM.ActiveCfg = Debug|Any CPU
		{2FCBE7B4-22DE-4AD0-8B72-ED6B878DC279}.Debug|ARM.Build.0 = Debug|Any CPU
		{2FCBE7B4-22DE-4AD0-8B72-ED6B878DC279}.Debug|iPhone.ActiveCfg = Debug|Any CPU
		{2FCBE7B4-22DE-4AD0-8B72-ED6B878DC279}.Debug|iPhone.Build.0 = Debug|Any CPU
		{2FCBE7B4-22DE-4AD0-8B72-ED6B878DC279}.Debug|iPhoneSimulator.ActiveCfg = Debug|Any CPU
		{2FCBE7B4-22DE-4AD0-8B72-ED6B878DC279}.Debug|iPhoneSimulator.Build.0 = Debug|Any CPU
		{2FCBE7B4-22DE-4AD0-8B72-ED6B878DC279}.Debug|x64.ActiveCfg = Debug|Any CPU
		{2FCBE7B4-22DE-4AD0-8B72-ED6B878DC279}.Debug|x64.Build.0 = Debug|Any CPU
		{2FCBE7B4-22DE-4AD0-8B72-ED6B878DC279}.Debug|x86.ActiveCfg = Debug|Any CPU
		{2FCBE7B4-22DE-4AD0-8B72-ED6B878DC279}.Debug|x86.Build.0 = Debug|Any CPU
		{2FCBE7B4-22DE-4AD0-8B72-ED6B878DC279}.Release|Any CPU.ActiveCfg = Release|Any CPU
		{2FCBE7B4-22DE-4AD0-8B72-ED6B878DC279}.Release|Any CPU.Build.0 = Release|Any CPU
		{2FCBE7B4-22DE-4AD0-8B72-ED6B878DC279}.Release|ARM.ActiveCfg = Release|Any CPU
		{2FCBE7B4-22DE-4AD0-8B72-ED6B878DC279}.Release|ARM.Build.0 = Release|Any CPU
		{2FCBE7B4-22DE-4AD0-8B72-ED6B878DC279}.Release|iPhone.ActiveCfg = Release|Any CPU
		{2FCBE7B4-22DE-4AD0-8B72-ED6B878DC279}.Release|iPhone.Build.0 = Release|Any CPU
		{2FCBE7B4-22DE-4AD0-8B72-ED6B878DC279}.Release|iPhoneSimulator.ActiveCfg = Release|Any CPU
		{2FCBE7B4-22DE-4AD0-8B72-ED6B878DC279}.Release|iPhoneSimulator.Build.0 = Release|Any CPU
		{2FCBE7B4-22DE-4AD0-8B72-ED6B878DC279}.Release|x64.ActiveCfg = Release|Any CPU
		{2FCBE7B4-22DE-4AD0-8B72-ED6B878DC279}.Release|x64.Build.0 = Release|Any CPU
		{2FCBE7B4-22DE-4AD0-8B72-ED6B878DC279}.Release|x86.ActiveCfg = Release|Any CPU
		{2FCBE7B4-22DE-4AD0-8B72-ED6B878DC279}.Release|x86.Build.0 = Release|Any CPU
		{DFFE8B48-2B4A-4647-82B9-AEE024CA7484}.Ad-Hoc|Any CPU.ActiveCfg = Ad-Hoc|iPhone
		{DFFE8B48-2B4A-4647-82B9-AEE024CA7484}.Ad-Hoc|ARM.ActiveCfg = Ad-Hoc|iPhone
		{DFFE8B48-2B4A-4647-82B9-AEE024CA7484}.Ad-Hoc|iPhone.ActiveCfg = Ad-Hoc|iPhone
		{DFFE8B48-2B4A-4647-82B9-AEE024CA7484}.Ad-Hoc|iPhone.Build.0 = Ad-Hoc|iPhone
		{DFFE8B48-2B4A-4647-82B9-AEE024CA7484}.Ad-Hoc|iPhoneSimulator.ActiveCfg = Ad-Hoc|iPhoneSimulator
		{DFFE8B48-2B4A-4647-82B9-AEE024CA7484}.Ad-Hoc|iPhoneSimulator.Build.0 = Ad-Hoc|iPhoneSimulator
		{DFFE8B48-2B4A-4647-82B9-AEE024CA7484}.Ad-Hoc|x64.ActiveCfg = Ad-Hoc|iPhone
		{DFFE8B48-2B4A-4647-82B9-AEE024CA7484}.Ad-Hoc|x86.ActiveCfg = Ad-Hoc|iPhone
		{DFFE8B48-2B4A-4647-82B9-AEE024CA7484}.AppStore|Any CPU.ActiveCfg = AppStore|iPhone
		{DFFE8B48-2B4A-4647-82B9-AEE024CA7484}.AppStore|ARM.ActiveCfg = AppStore|iPhone
		{DFFE8B48-2B4A-4647-82B9-AEE024CA7484}.AppStore|iPhone.ActiveCfg = AppStore|iPhone
		{DFFE8B48-2B4A-4647-82B9-AEE024CA7484}.AppStore|iPhone.Build.0 = AppStore|iPhone
		{DFFE8B48-2B4A-4647-82B9-AEE024CA7484}.AppStore|iPhoneSimulator.ActiveCfg = AppStore|iPhoneSimulator
		{DFFE8B48-2B4A-4647-82B9-AEE024CA7484}.AppStore|iPhoneSimulator.Build.0 = AppStore|iPhoneSimulator
		{DFFE8B48-2B4A-4647-82B9-AEE024CA7484}.AppStore|x64.ActiveCfg = AppStore|iPhone
		{DFFE8B48-2B4A-4647-82B9-AEE024CA7484}.AppStore|x86.ActiveCfg = AppStore|iPhone
		{DFFE8B48-2B4A-4647-82B9-AEE024CA7484}.Debug|Any CPU.ActiveCfg = Debug|iPhone
		{DFFE8B48-2B4A-4647-82B9-AEE024CA7484}.Debug|ARM.ActiveCfg = Debug|iPhone
		{DFFE8B48-2B4A-4647-82B9-AEE024CA7484}.Debug|iPhone.ActiveCfg = Debug|iPhone
		{DFFE8B48-2B4A-4647-82B9-AEE024CA7484}.Debug|iPhone.Build.0 = Debug|iPhone
		{DFFE8B48-2B4A-4647-82B9-AEE024CA7484}.Debug|iPhoneSimulator.ActiveCfg = Debug|iPhoneSimulator
		{DFFE8B48-2B4A-4647-82B9-AEE024CA7484}.Debug|iPhoneSimulator.Build.0 = Debug|iPhoneSimulator
		{DFFE8B48-2B4A-4647-82B9-AEE024CA7484}.Debug|x64.ActiveCfg = Debug|iPhone
		{DFFE8B48-2B4A-4647-82B9-AEE024CA7484}.Debug|x86.ActiveCfg = Debug|iPhone
		{DFFE8B48-2B4A-4647-82B9-AEE024CA7484}.Release|Any CPU.ActiveCfg = Release|iPhone
		{DFFE8B48-2B4A-4647-82B9-AEE024CA7484}.Release|ARM.ActiveCfg = Release|iPhone
		{DFFE8B48-2B4A-4647-82B9-AEE024CA7484}.Release|iPhone.ActiveCfg = Release|iPhone
		{DFFE8B48-2B4A-4647-82B9-AEE024CA7484}.Release|iPhone.Build.0 = Release|iPhone
		{DFFE8B48-2B4A-4647-82B9-AEE024CA7484}.Release|iPhoneSimulator.ActiveCfg = Release|iPhoneSimulator
		{DFFE8B48-2B4A-4647-82B9-AEE024CA7484}.Release|iPhoneSimulator.Build.0 = Release|iPhoneSimulator
		{DFFE8B48-2B4A-4647-82B9-AEE024CA7484}.Release|x64.ActiveCfg = Release|iPhone
		{DFFE8B48-2B4A-4647-82B9-AEE024CA7484}.Release|x86.ActiveCfg = Release|iPhone
		{3D3BC9AA-471C-42E0-BEE6-A43F955529DD}.Ad-Hoc|Any CPU.ActiveCfg = Release|Any CPU
		{3D3BC9AA-471C-42E0-BEE6-A43F955529DD}.Ad-Hoc|Any CPU.Build.0 = Release|Any CPU
		{3D3BC9AA-471C-42E0-BEE6-A43F955529DD}.Ad-Hoc|ARM.ActiveCfg = Release|Any CPU
		{3D3BC9AA-471C-42E0-BEE6-A43F955529DD}.Ad-Hoc|ARM.Build.0 = Release|Any CPU
		{3D3BC9AA-471C-42E0-BEE6-A43F955529DD}.Ad-Hoc|iPhone.ActiveCfg = Release|Any CPU
		{3D3BC9AA-471C-42E0-BEE6-A43F955529DD}.Ad-Hoc|iPhone.Build.0 = Release|Any CPU
		{3D3BC9AA-471C-42E0-BEE6-A43F955529DD}.Ad-Hoc|iPhoneSimulator.ActiveCfg = Release|Any CPU
		{3D3BC9AA-471C-42E0-BEE6-A43F955529DD}.Ad-Hoc|iPhoneSimulator.Build.0 = Release|Any CPU
		{3D3BC9AA-471C-42E0-BEE6-A43F955529DD}.Ad-Hoc|x64.ActiveCfg = Release|Any CPU
		{3D3BC9AA-471C-42E0-BEE6-A43F955529DD}.Ad-Hoc|x64.Build.0 = Release|Any CPU
		{3D3BC9AA-471C-42E0-BEE6-A43F955529DD}.Ad-Hoc|x86.ActiveCfg = Release|Any CPU
		{3D3BC9AA-471C-42E0-BEE6-A43F955529DD}.Ad-Hoc|x86.Build.0 = Release|Any CPU
		{3D3BC9AA-471C-42E0-BEE6-A43F955529DD}.AppStore|Any CPU.ActiveCfg = Release|Any CPU
		{3D3BC9AA-471C-42E0-BEE6-A43F955529DD}.AppStore|Any CPU.Build.0 = Release|Any CPU
		{3D3BC9AA-471C-42E0-BEE6-A43F955529DD}.AppStore|ARM.ActiveCfg = Release|Any CPU
		{3D3BC9AA-471C-42E0-BEE6-A43F955529DD}.AppStore|ARM.Build.0 = Release|Any CPU
		{3D3BC9AA-471C-42E0-BEE6-A43F955529DD}.AppStore|iPhone.ActiveCfg = Release|Any CPU
		{3D3BC9AA-471C-42E0-BEE6-A43F955529DD}.AppStore|iPhone.Build.0 = Release|Any CPU
		{3D3BC9AA-471C-42E0-BEE6-A43F955529DD}.AppStore|iPhoneSimulator.ActiveCfg = Release|Any CPU
		{3D3BC9AA-471C-42E0-BEE6-A43F955529DD}.AppStore|iPhoneSimulator.Build.0 = Release|Any CPU
		{3D3BC9AA-471C-42E0-BEE6-A43F955529DD}.AppStore|x64.ActiveCfg = Release|Any CPU
		{3D3BC9AA-471C-42E0-BEE6-A43F955529DD}.AppStore|x64.Build.0 = Release|Any CPU
		{3D3BC9AA-471C-42E0-BEE6-A43F955529DD}.AppStore|x86.ActiveCfg = Release|Any CPU
		{3D3BC9AA-471C-42E0-BEE6-A43F955529DD}.AppStore|x86.Build.0 = Release|Any CPU
		{3D3BC9AA-471C-42E0-BEE6-A43F955529DD}.Debug|Any CPU.ActiveCfg = Debug|Any CPU
		{3D3BC9AA-471C-42E0-BEE6-A43F955529DD}.Debug|Any CPU.Build.0 = Debug|Any CPU
		{3D3BC9AA-471C-42E0-BEE6-A43F955529DD}.Debug|ARM.ActiveCfg = Debug|Any CPU
		{3D3BC9AA-471C-42E0-BEE6-A43F955529DD}.Debug|ARM.Build.0 = Debug|Any CPU
		{3D3BC9AA-471C-42E0-BEE6-A43F955529DD}.Debug|iPhone.ActiveCfg = Debug|Any CPU
		{3D3BC9AA-471C-42E0-BEE6-A43F955529DD}.Debug|iPhone.Build.0 = Debug|Any CPU
		{3D3BC9AA-471C-42E0-BEE6-A43F955529DD}.Debug|iPhoneSimulator.ActiveCfg = Debug|Any CPU
		{3D3BC9AA-471C-42E0-BEE6-A43F955529DD}.Debug|iPhoneSimulator.Build.0 = Debug|Any CPU
		{3D3BC9AA-471C-42E0-BEE6-A43F955529DD}.Debug|x64.ActiveCfg = Debug|Any CPU
		{3D3BC9AA-471C-42E0-BEE6-A43F955529DD}.Debug|x64.Build.0 = Debug|Any CPU
		{3D3BC9AA-471C-42E0-BEE6-A43F955529DD}.Debug|x86.ActiveCfg = Debug|Any CPU
		{3D3BC9AA-471C-42E0-BEE6-A43F955529DD}.Debug|x86.Build.0 = Debug|Any CPU
		{3D3BC9AA-471C-42E0-BEE6-A43F955529DD}.Release|Any CPU.ActiveCfg = Release|Any CPU
		{3D3BC9AA-471C-42E0-BEE6-A43F955529DD}.Release|Any CPU.Build.0 = Release|Any CPU
		{3D3BC9AA-471C-42E0-BEE6-A43F955529DD}.Release|ARM.ActiveCfg = Release|Any CPU
		{3D3BC9AA-471C-42E0-BEE6-A43F955529DD}.Release|ARM.Build.0 = Release|Any CPU
		{3D3BC9AA-471C-42E0-BEE6-A43F955529DD}.Release|iPhone.ActiveCfg = Release|Any CPU
		{3D3BC9AA-471C-42E0-BEE6-A43F955529DD}.Release|iPhone.Build.0 = Release|Any CPU
		{3D3BC9AA-471C-42E0-BEE6-A43F955529DD}.Release|iPhoneSimulator.ActiveCfg = Release|Any CPU
		{3D3BC9AA-471C-42E0-BEE6-A43F955529DD}.Release|iPhoneSimulator.Build.0 = Release|Any CPU
		{3D3BC9AA-471C-42E0-BEE6-A43F955529DD}.Release|x64.ActiveCfg = Release|Any CPU
		{3D3BC9AA-471C-42E0-BEE6-A43F955529DD}.Release|x64.Build.0 = Release|Any CPU
		{3D3BC9AA-471C-42E0-BEE6-A43F955529DD}.Release|x86.ActiveCfg = Release|Any CPU
		{3D3BC9AA-471C-42E0-BEE6-A43F955529DD}.Release|x86.Build.0 = Release|Any CPU
		{1559E81A-0408-4D97-A74E-46D331A2A595}.Ad-Hoc|Any CPU.ActiveCfg = Release|Any CPU
		{1559E81A-0408-4D97-A74E-46D331A2A595}.Ad-Hoc|Any CPU.Build.0 = Release|Any CPU
		{1559E81A-0408-4D97-A74E-46D331A2A595}.Ad-Hoc|ARM.ActiveCfg = Release|Any CPU
		{1559E81A-0408-4D97-A74E-46D331A2A595}.Ad-Hoc|ARM.Build.0 = Release|Any CPU
		{1559E81A-0408-4D97-A74E-46D331A2A595}.Ad-Hoc|iPhone.ActiveCfg = Release|Any CPU
		{1559E81A-0408-4D97-A74E-46D331A2A595}.Ad-Hoc|iPhone.Build.0 = Release|Any CPU
		{1559E81A-0408-4D97-A74E-46D331A2A595}.Ad-Hoc|iPhoneSimulator.ActiveCfg = Release|Any CPU
		{1559E81A-0408-4D97-A74E-46D331A2A595}.Ad-Hoc|iPhoneSimulator.Build.0 = Release|Any CPU
		{1559E81A-0408-4D97-A74E-46D331A2A595}.Ad-Hoc|x64.ActiveCfg = Release|Any CPU
		{1559E81A-0408-4D97-A74E-46D331A2A595}.Ad-Hoc|x64.Build.0 = Release|Any CPU
		{1559E81A-0408-4D97-A74E-46D331A2A595}.Ad-Hoc|x86.ActiveCfg = Release|Any CPU
		{1559E81A-0408-4D97-A74E-46D331A2A595}.Ad-Hoc|x86.Build.0 = Release|Any CPU
		{1559E81A-0408-4D97-A74E-46D331A2A595}.AppStore|Any CPU.ActiveCfg = Release|Any CPU
		{1559E81A-0408-4D97-A74E-46D331A2A595}.AppStore|Any CPU.Build.0 = Release|Any CPU
		{1559E81A-0408-4D97-A74E-46D331A2A595}.AppStore|ARM.ActiveCfg = Release|Any CPU
		{1559E81A-0408-4D97-A74E-46D331A2A595}.AppStore|ARM.Build.0 = Release|Any CPU
		{1559E81A-0408-4D97-A74E-46D331A2A595}.AppStore|iPhone.ActiveCfg = Release|Any CPU
		{1559E81A-0408-4D97-A74E-46D331A2A595}.AppStore|iPhone.Build.0 = Release|Any CPU
		{1559E81A-0408-4D97-A74E-46D331A2A595}.AppStore|iPhoneSimulator.ActiveCfg = Release|Any CPU
		{1559E81A-0408-4D97-A74E-46D331A2A595}.AppStore|iPhoneSimulator.Build.0 = Release|Any CPU
		{1559E81A-0408-4D97-A74E-46D331A2A595}.AppStore|x64.ActiveCfg = Release|Any CPU
		{1559E81A-0408-4D97-A74E-46D331A2A595}.AppStore|x64.Build.0 = Release|Any CPU
		{1559E81A-0408-4D97-A74E-46D331A2A595}.AppStore|x86.ActiveCfg = Release|Any CPU
		{1559E81A-0408-4D97-A74E-46D331A2A595}.AppStore|x86.Build.0 = Release|Any CPU
		{1559E81A-0408-4D97-A74E-46D331A2A595}.Debug|Any CPU.ActiveCfg = Debug|Any CPU
		{1559E81A-0408-4D97-A74E-46D331A2A595}.Debug|Any CPU.Build.0 = Debug|Any CPU
		{1559E81A-0408-4D97-A74E-46D331A2A595}.Debug|ARM.ActiveCfg = Debug|Any CPU
		{1559E81A-0408-4D97-A74E-46D331A2A595}.Debug|ARM.Build.0 = Debug|Any CPU
		{1559E81A-0408-4D97-A74E-46D331A2A595}.Debug|iPhone.ActiveCfg = Debug|Any CPU
		{1559E81A-0408-4D97-A74E-46D331A2A595}.Debug|iPhone.Build.0 = Debug|Any CPU
		{1559E81A-0408-4D97-A74E-46D331A2A595}.Debug|iPhoneSimulator.ActiveCfg = Debug|Any CPU
		{1559E81A-0408-4D97-A74E-46D331A2A595}.Debug|iPhoneSimulator.Build.0 = Debug|Any CPU
		{1559E81A-0408-4D97-A74E-46D331A2A595}.Debug|x64.ActiveCfg = Debug|Any CPU
		{1559E81A-0408-4D97-A74E-46D331A2A595}.Debug|x64.Build.0 = Debug|Any CPU
		{1559E81A-0408-4D97-A74E-46D331A2A595}.Debug|x86.ActiveCfg = Debug|Any CPU
		{1559E81A-0408-4D97-A74E-46D331A2A595}.Debug|x86.Build.0 = Debug|Any CPU
		{1559E81A-0408-4D97-A74E-46D331A2A595}.Release|Any CPU.ActiveCfg = Release|Any CPU
		{1559E81A-0408-4D97-A74E-46D331A2A595}.Release|Any CPU.Build.0 = Release|Any CPU
		{1559E81A-0408-4D97-A74E-46D331A2A595}.Release|ARM.ActiveCfg = Release|Any CPU
		{1559E81A-0408-4D97-A74E-46D331A2A595}.Release|ARM.Build.0 = Release|Any CPU
		{1559E81A-0408-4D97-A74E-46D331A2A595}.Release|iPhone.ActiveCfg = Release|Any CPU
		{1559E81A-0408-4D97-A74E-46D331A2A595}.Release|iPhone.Build.0 = Release|Any CPU
		{1559E81A-0408-4D97-A74E-46D331A2A595}.Release|iPhoneSimulator.ActiveCfg = Release|Any CPU
		{1559E81A-0408-4D97-A74E-46D331A2A595}.Release|iPhoneSimulator.Build.0 = Release|Any CPU
		{1559E81A-0408-4D97-A74E-46D331A2A595}.Release|x64.ActiveCfg = Release|Any CPU
		{1559E81A-0408-4D97-A74E-46D331A2A595}.Release|x64.Build.0 = Release|Any CPU
		{1559E81A-0408-4D97-A74E-46D331A2A595}.Release|x86.ActiveCfg = Release|Any CPU
		{1559E81A-0408-4D97-A74E-46D331A2A595}.Release|x86.Build.0 = Release|Any CPU
		{FB82351E-5720-462D-8562-EDFEFA3EFA03}.Ad-Hoc|Any CPU.ActiveCfg = Debug|Any CPU
		{FB82351E-5720-462D-8562-EDFEFA3EFA03}.Ad-Hoc|Any CPU.Build.0 = Debug|Any CPU
		{FB82351E-5720-462D-8562-EDFEFA3EFA03}.Ad-Hoc|ARM.ActiveCfg = Debug|Any CPU
		{FB82351E-5720-462D-8562-EDFEFA3EFA03}.Ad-Hoc|ARM.Build.0 = Debug|Any CPU
		{FB82351E-5720-462D-8562-EDFEFA3EFA03}.Ad-Hoc|iPhone.ActiveCfg = Debug|Any CPU
		{FB82351E-5720-462D-8562-EDFEFA3EFA03}.Ad-Hoc|iPhone.Build.0 = Debug|Any CPU
		{FB82351E-5720-462D-8562-EDFEFA3EFA03}.Ad-Hoc|iPhoneSimulator.ActiveCfg = Debug|Any CPU
		{FB82351E-5720-462D-8562-EDFEFA3EFA03}.Ad-Hoc|iPhoneSimulator.Build.0 = Debug|Any CPU
		{FB82351E-5720-462D-8562-EDFEFA3EFA03}.Ad-Hoc|x64.ActiveCfg = Debug|Any CPU
		{FB82351E-5720-462D-8562-EDFEFA3EFA03}.Ad-Hoc|x64.Build.0 = Debug|Any CPU
		{FB82351E-5720-462D-8562-EDFEFA3EFA03}.Ad-Hoc|x86.ActiveCfg = Debug|Any CPU
		{FB82351E-5720-462D-8562-EDFEFA3EFA03}.Ad-Hoc|x86.Build.0 = Debug|Any CPU
		{FB82351E-5720-462D-8562-EDFEFA3EFA03}.AppStore|Any CPU.ActiveCfg = Debug|Any CPU
		{FB82351E-5720-462D-8562-EDFEFA3EFA03}.AppStore|Any CPU.Build.0 = Debug|Any CPU
		{FB82351E-5720-462D-8562-EDFEFA3EFA03}.AppStore|ARM.ActiveCfg = Debug|Any CPU
		{FB82351E-5720-462D-8562-EDFEFA3EFA03}.AppStore|ARM.Build.0 = Debug|Any CPU
		{FB82351E-5720-462D-8562-EDFEFA3EFA03}.AppStore|iPhone.ActiveCfg = Debug|Any CPU
		{FB82351E-5720-462D-8562-EDFEFA3EFA03}.AppStore|iPhone.Build.0 = Debug|Any CPU
		{FB82351E-5720-462D-8562-EDFEFA3EFA03}.AppStore|iPhoneSimulator.ActiveCfg = Debug|Any CPU
		{FB82351E-5720-462D-8562-EDFEFA3EFA03}.AppStore|iPhoneSimulator.Build.0 = Debug|Any CPU
		{FB82351E-5720-462D-8562-EDFEFA3EFA03}.AppStore|x64.ActiveCfg = Debug|Any CPU
		{FB82351E-5720-462D-8562-EDFEFA3EFA03}.AppStore|x64.Build.0 = Debug|Any CPU
		{FB82351E-5720-462D-8562-EDFEFA3EFA03}.AppStore|x86.ActiveCfg = Debug|Any CPU
		{FB82351E-5720-462D-8562-EDFEFA3EFA03}.AppStore|x86.Build.0 = Debug|Any CPU
		{FB82351E-5720-462D-8562-EDFEFA3EFA03}.Debug|Any CPU.ActiveCfg = Debug|Any CPU
		{FB82351E-5720-462D-8562-EDFEFA3EFA03}.Debug|Any CPU.Build.0 = Debug|Any CPU
		{FB82351E-5720-462D-8562-EDFEFA3EFA03}.Debug|ARM.ActiveCfg = Debug|Any CPU
		{FB82351E-5720-462D-8562-EDFEFA3EFA03}.Debug|ARM.Build.0 = Debug|Any CPU
		{FB82351E-5720-462D-8562-EDFEFA3EFA03}.Debug|iPhone.ActiveCfg = Debug|Any CPU
		{FB82351E-5720-462D-8562-EDFEFA3EFA03}.Debug|iPhone.Build.0 = Debug|Any CPU
		{FB82351E-5720-462D-8562-EDFEFA3EFA03}.Debug|iPhoneSimulator.ActiveCfg = Debug|Any CPU
		{FB82351E-5720-462D-8562-EDFEFA3EFA03}.Debug|iPhoneSimulator.Build.0 = Debug|Any CPU
		{FB82351E-5720-462D-8562-EDFEFA3EFA03}.Debug|x64.ActiveCfg = Debug|Any CPU
		{FB82351E-5720-462D-8562-EDFEFA3EFA03}.Debug|x64.Build.0 = Debug|Any CPU
		{FB82351E-5720-462D-8562-EDFEFA3EFA03}.Debug|x86.ActiveCfg = Debug|Any CPU
		{FB82351E-5720-462D-8562-EDFEFA3EFA03}.Debug|x86.Build.0 = Debug|Any CPU
		{FB82351E-5720-462D-8562-EDFEFA3EFA03}.Release|Any CPU.ActiveCfg = Release|Any CPU
		{FB82351E-5720-462D-8562-EDFEFA3EFA03}.Release|Any CPU.Build.0 = Release|Any CPU
		{FB82351E-5720-462D-8562-EDFEFA3EFA03}.Release|ARM.ActiveCfg = Release|Any CPU
		{FB82351E-5720-462D-8562-EDFEFA3EFA03}.Release|ARM.Build.0 = Release|Any CPU
		{FB82351E-5720-462D-8562-EDFEFA3EFA03}.Release|iPhone.ActiveCfg = Release|Any CPU
		{FB82351E-5720-462D-8562-EDFEFA3EFA03}.Release|iPhone.Build.0 = Release|Any CPU
		{FB82351E-5720-462D-8562-EDFEFA3EFA03}.Release|iPhoneSimulator.ActiveCfg = Release|Any CPU
		{FB82351E-5720-462D-8562-EDFEFA3EFA03}.Release|iPhoneSimulator.Build.0 = Release|Any CPU
		{FB82351E-5720-462D-8562-EDFEFA3EFA03}.Release|x64.ActiveCfg = Release|Any CPU
		{FB82351E-5720-462D-8562-EDFEFA3EFA03}.Release|x64.Build.0 = Release|Any CPU
		{FB82351E-5720-462D-8562-EDFEFA3EFA03}.Release|x86.ActiveCfg = Release|Any CPU
		{FB82351E-5720-462D-8562-EDFEFA3EFA03}.Release|x86.Build.0 = Release|Any CPU
		{D3239412-8AA7-45E2-9BDE-BE82A3E50A67}.Ad-Hoc|Any CPU.ActiveCfg = Debug|Any CPU
		{D3239412-8AA7-45E2-9BDE-BE82A3E50A67}.Ad-Hoc|Any CPU.Build.0 = Debug|Any CPU
		{D3239412-8AA7-45E2-9BDE-BE82A3E50A67}.Ad-Hoc|ARM.ActiveCfg = Debug|Any CPU
		{D3239412-8AA7-45E2-9BDE-BE82A3E50A67}.Ad-Hoc|ARM.Build.0 = Debug|Any CPU
		{D3239412-8AA7-45E2-9BDE-BE82A3E50A67}.Ad-Hoc|iPhone.ActiveCfg = Debug|Any CPU
		{D3239412-8AA7-45E2-9BDE-BE82A3E50A67}.Ad-Hoc|iPhone.Build.0 = Debug|Any CPU
		{D3239412-8AA7-45E2-9BDE-BE82A3E50A67}.Ad-Hoc|iPhoneSimulator.ActiveCfg = Debug|Any CPU
		{D3239412-8AA7-45E2-9BDE-BE82A3E50A67}.Ad-Hoc|iPhoneSimulator.Build.0 = Debug|Any CPU
		{D3239412-8AA7-45E2-9BDE-BE82A3E50A67}.Ad-Hoc|x64.ActiveCfg = Debug|Any CPU
		{D3239412-8AA7-45E2-9BDE-BE82A3E50A67}.Ad-Hoc|x64.Build.0 = Debug|Any CPU
		{D3239412-8AA7-45E2-9BDE-BE82A3E50A67}.Ad-Hoc|x86.ActiveCfg = Debug|Any CPU
		{D3239412-8AA7-45E2-9BDE-BE82A3E50A67}.Ad-Hoc|x86.Build.0 = Debug|Any CPU
		{D3239412-8AA7-45E2-9BDE-BE82A3E50A67}.AppStore|Any CPU.ActiveCfg = Debug|Any CPU
		{D3239412-8AA7-45E2-9BDE-BE82A3E50A67}.AppStore|Any CPU.Build.0 = Debug|Any CPU
		{D3239412-8AA7-45E2-9BDE-BE82A3E50A67}.AppStore|ARM.ActiveCfg = Debug|Any CPU
		{D3239412-8AA7-45E2-9BDE-BE82A3E50A67}.AppStore|ARM.Build.0 = Debug|Any CPU
		{D3239412-8AA7-45E2-9BDE-BE82A3E50A67}.AppStore|iPhone.ActiveCfg = Debug|Any CPU
		{D3239412-8AA7-45E2-9BDE-BE82A3E50A67}.AppStore|iPhone.Build.0 = Debug|Any CPU
		{D3239412-8AA7-45E2-9BDE-BE82A3E50A67}.AppStore|iPhoneSimulator.ActiveCfg = Debug|Any CPU
		{D3239412-8AA7-45E2-9BDE-BE82A3E50A67}.AppStore|iPhoneSimulator.Build.0 = Debug|Any CPU
		{D3239412-8AA7-45E2-9BDE-BE82A3E50A67}.AppStore|x64.ActiveCfg = Debug|Any CPU
		{D3239412-8AA7-45E2-9BDE-BE82A3E50A67}.AppStore|x64.Build.0 = Debug|Any CPU
		{D3239412-8AA7-45E2-9BDE-BE82A3E50A67}.AppStore|x86.ActiveCfg = Debug|Any CPU
		{D3239412-8AA7-45E2-9BDE-BE82A3E50A67}.AppStore|x86.Build.0 = Debug|Any CPU
		{D3239412-8AA7-45E2-9BDE-BE82A3E50A67}.Debug|Any CPU.ActiveCfg = Debug|Any CPU
		{D3239412-8AA7-45E2-9BDE-BE82A3E50A67}.Debug|Any CPU.Build.0 = Debug|Any CPU
		{D3239412-8AA7-45E2-9BDE-BE82A3E50A67}.Debug|ARM.ActiveCfg = Debug|Any CPU
		{D3239412-8AA7-45E2-9BDE-BE82A3E50A67}.Debug|ARM.Build.0 = Debug|Any CPU
		{D3239412-8AA7-45E2-9BDE-BE82A3E50A67}.Debug|iPhone.ActiveCfg = Debug|Any CPU
		{D3239412-8AA7-45E2-9BDE-BE82A3E50A67}.Debug|iPhone.Build.0 = Debug|Any CPU
		{D3239412-8AA7-45E2-9BDE-BE82A3E50A67}.Debug|iPhoneSimulator.ActiveCfg = Debug|Any CPU
		{D3239412-8AA7-45E2-9BDE-BE82A3E50A67}.Debug|iPhoneSimulator.Build.0 = Debug|Any CPU
		{D3239412-8AA7-45E2-9BDE-BE82A3E50A67}.Debug|x64.ActiveCfg = Debug|Any CPU
		{D3239412-8AA7-45E2-9BDE-BE82A3E50A67}.Debug|x64.Build.0 = Debug|Any CPU
		{D3239412-8AA7-45E2-9BDE-BE82A3E50A67}.Debug|x86.ActiveCfg = Debug|Any CPU
		{D3239412-8AA7-45E2-9BDE-BE82A3E50A67}.Debug|x86.Build.0 = Debug|Any CPU
		{D3239412-8AA7-45E2-9BDE-BE82A3E50A67}.Release|Any CPU.ActiveCfg = Release|Any CPU
		{D3239412-8AA7-45E2-9BDE-BE82A3E50A67}.Release|Any CPU.Build.0 = Release|Any CPU
		{D3239412-8AA7-45E2-9BDE-BE82A3E50A67}.Release|ARM.ActiveCfg = Release|Any CPU
		{D3239412-8AA7-45E2-9BDE-BE82A3E50A67}.Release|ARM.Build.0 = Release|Any CPU
		{D3239412-8AA7-45E2-9BDE-BE82A3E50A67}.Release|iPhone.ActiveCfg = Release|Any CPU
		{D3239412-8AA7-45E2-9BDE-BE82A3E50A67}.Release|iPhone.Build.0 = Release|Any CPU
		{D3239412-8AA7-45E2-9BDE-BE82A3E50A67}.Release|iPhoneSimulator.ActiveCfg = Release|Any CPU
		{D3239412-8AA7-45E2-9BDE-BE82A3E50A67}.Release|iPhoneSimulator.Build.0 = Release|Any CPU
		{D3239412-8AA7-45E2-9BDE-BE82A3E50A67}.Release|x64.ActiveCfg = Release|Any CPU
		{D3239412-8AA7-45E2-9BDE-BE82A3E50A67}.Release|x64.Build.0 = Release|Any CPU
		{D3239412-8AA7-45E2-9BDE-BE82A3E50A67}.Release|x86.ActiveCfg = Release|Any CPU
		{D3239412-8AA7-45E2-9BDE-BE82A3E50A67}.Release|x86.Build.0 = Release|Any CPU
	EndGlobalSection
	GlobalSection(SolutionProperties) = preSolution
		HideSolutionNode = FALSE
	EndGlobalSection
	GlobalSection(NestedProjects) = preSolution
		{80E89160-74AA-4A58-BCE7-6E598B1AD211} = {BF17EF93-A82C-43D8-813C-0DBBC53A8A80}
		{1BF67ABB-5417-47DC-8C28-FF1DD7DC0B07} = {BF17EF93-A82C-43D8-813C-0DBBC53A8A80}
		{0890583B-4155-41D3-ACFF-9EF509EC3A50} = {BF17EF93-A82C-43D8-813C-0DBBC53A8A80}
		{F37A48F5-39DA-4FA2-8175-2EF291BC1202} = {BF17EF93-A82C-43D8-813C-0DBBC53A8A80}
		{BACD0B37-153F-4EFD-962A-9111B51623B2} = {BF17EF93-A82C-43D8-813C-0DBBC53A8A80}
		{2FCBE7B4-22DE-4AD0-8B72-ED6B878DC279} = {BF17EF93-A82C-43D8-813C-0DBBC53A8A80}
		{DFFE8B48-2B4A-4647-82B9-AEE024CA7484} = {BF17EF93-A82C-43D8-813C-0DBBC53A8A80}
		{3D3BC9AA-471C-42E0-BEE6-A43F955529DD} = {BF17EF93-A82C-43D8-813C-0DBBC53A8A80}
		{1559E81A-0408-4D97-A74E-46D331A2A595} = {BF17EF93-A82C-43D8-813C-0DBBC53A8A80}
		{D3239412-8AA7-45E2-9BDE-BE82A3E50A67} = {BF17EF93-A82C-43D8-813C-0DBBC53A8A80}
	EndGlobalSection
	GlobalSection(ExtensibilityGlobals) = postSolution
		SolutionGuid = {C6934D12-5188-46C0-B5C0-FAF01E50BE0E}
	EndGlobalSection
EndGlobal
