
Microsoft Visual Studio Solution File, Format Version 12.00
# Visual Studio 15
VisualStudioVersion = 15.0.26430.13
MinimumVisualStudioVersion = 10.0.40219.1
Project("{FAE04EC0-301F-11D3-BF4B-00C04F79EFBC}") = "Tweetinvi.Core", "Tweetinvi.Core\Tweetinvi.Core.csproj", "{9101F0E8-CFA4-49B5-8568-C3136A765AAF}"
EndProject
Project("{FAE04EC0-301F-11D3-BF4B-00C04F79EFBC}") = "Tweetinvi.Security", "Tweetinvi.Security\Tweetinvi.Security.csproj", "{8EB2050F-48CE-446A-AE3D-651857A6EABF}"
EndProject
Project("{9A19103F-16F7-4668-BE54-9A1E7A4F7556}") = "Tweetinvi.Logic", "Tweetinvi.Logic\Tweetinvi.Logic.csproj", "{B4C1DEDA-5769-4AEB-831C-7E1B4371BB13}"
EndProject
Project("{9A19103F-16F7-4668-BE54-9A1E7A4F7556}") = "Tweetinvi.Streams", "Tweetinvi.Streams\Tweetinvi.Streams.csproj", "{8C34703A-6E99-446D-9B15-03D96987174D}"
EndProject
Project("{9A19103F-16F7-4668-BE54-9A1E7A4F7556}") = "Tweetinvi.WebLogic", "Tweetinvi.WebLogic\Tweetinvi.WebLogic.csproj", "{77830533-DB3C-42B5-8551-8B2335E501D4}"
EndProject
Project("{FAE04EC0-301F-11D3-BF4B-00C04F79EFBC}") = "Tweetinvi.Factories", "Tweetinvi.Factories\Tweetinvi.Factories.csproj", "{EB88F1D0-3530-4DD4-BDAD-9E51B7493BEB}"
EndProject
Project("{FAE04EC0-301F-11D3-BF4B-00C04F79EFBC}") = "Tweetinvi.Credentials", "Tweetinvi.Credentials\Tweetinvi.Credentials.csproj", "{D68ED488-4970-4301-BF3C-D56C1E6B9B31}"
EndProject
Project("{FAE04EC0-301F-11D3-BF4B-00C04F79EFBC}") = "Tweetinvi.Controllers", "Tweetinvi.Controllers\Tweetinvi.Controllers.csproj", "{DB56C7C1-12FC-48C8-A79E-13B08E5E5B84}"
EndProject
Project("{FAE04EC0-301F-11D3-BF4B-00C04F79EFBC}") = "Tweetinvi", "Tweetinvi\Tweetinvi.csproj", "{5C207EEF-BD2E-47A0-8E35-591207240476}"
EndProject
Project("{FAE04EC0-301F-11D3-BF4B-00C04F79EFBC}") = "Examplinvi.NETFramework", "Examplinvi.NETFramework\Examplinvi.NETFramework.csproj", "{80E89160-74AA-4A58-BCE7-6E598B1AD211}"
EndProject
Project("{9A19103F-16F7-4668-BE54-9A1E7A4F7556}") = "Examplinvi.NETStandard", "Examplinvi.NETStandard\Examplinvi.NETStandard.csproj", "{1BF67ABB-5417-47DC-8C28-FF1DD7DC0B07}"
EndProject
Project("{2150E333-8FDC-42A3-9474-1A3956D46DE8}") = "Examples", "Examples", "{BF17EF93-A82C-43D8-813C-0DBBC53A8A80}"
EndProject
Project("{FAE04EC0-301F-11D3-BF4B-00C04F79EFBC}") = "Examplinvi.UAP", "Examplinvi.UAP\Examplinvi.UAP.csproj", "{0890583B-4155-41D3-ACFF-9EF509EC3A50}"
EndProject
Project("{FAE04EC0-301F-11D3-BF4B-00C04F79EFBC}") = "Testinvi", "Testinvi\Testinvi.csproj", "{BBD2D87F-E83B-4FE7-B4C7-3DAF61472D30}"
EndProject
Project("{FAE04EC0-301F-11D3-BF4B-00C04F79EFBC}") = "Examplinvi.ASP.NET.Core", "Examplinvi.ASP.NET.Core\Examplinvi.ASP.NET.Core.csproj", "{F37A48F5-39DA-4FA2-8175-2EF291BC1202}"
EndProject
Project("{FAE04EC0-301F-11D3-BF4B-00C04F79EFBC}") = "Examplinvi.Xamarin.Android", "Examplinvi.Xamarin.Android\Examplinvi.Xamarin.Android.csproj", "{BACD0B37-153F-4EFD-962A-9111B51623B2}"
EndProject
Global
	GlobalSection(SolutionConfigurationPlatforms) = preSolution
		Debug|Any CPU = Debug|Any CPU
		Debug|ARM = Debug|ARM
		Debug|x64 = Debug|x64
		Debug|x86 = Debug|x86
		Release|Any CPU = Release|Any CPU
		Release|ARM = Release|ARM
		Release|x64 = Release|x64
		Release|x86 = Release|x86
	EndGlobalSection
	GlobalSection(ProjectConfigurationPlatforms) = postSolution
		{9101F0E8-CFA4-49B5-8568-C3136A765AAF}.Debug|Any CPU.ActiveCfg = Debug|Any CPU
		{9101F0E8-CFA4-49B5-8568-C3136A765AAF}.Debug|Any CPU.Build.0 = Debug|Any CPU
		{9101F0E8-CFA4-49B5-8568-C3136A765AAF}.Debug|ARM.ActiveCfg = Debug|Any CPU
		{9101F0E8-CFA4-49B5-8568-C3136A765AAF}.Debug|ARM.Build.0 = Debug|Any CPU
		{9101F0E8-CFA4-49B5-8568-C3136A765AAF}.Debug|x64.ActiveCfg = Debug|Any CPU
		{9101F0E8-CFA4-49B5-8568-C3136A765AAF}.Debug|x64.Build.0 = Debug|Any CPU
		{9101F0E8-CFA4-49B5-8568-C3136A765AAF}.Debug|x86.ActiveCfg = Debug|Any CPU
		{9101F0E8-CFA4-49B5-8568-C3136A765AAF}.Debug|x86.Build.0 = Debug|Any CPU
		{9101F0E8-CFA4-49B5-8568-C3136A765AAF}.Release|Any CPU.ActiveCfg = Release|Any CPU
		{9101F0E8-CFA4-49B5-8568-C3136A765AAF}.Release|Any CPU.Build.0 = Release|Any CPU
		{9101F0E8-CFA4-49B5-8568-C3136A765AAF}.Release|ARM.ActiveCfg = Release|Any CPU
		{9101F0E8-CFA4-49B5-8568-C3136A765AAF}.Release|ARM.Build.0 = Release|Any CPU
		{9101F0E8-CFA4-49B5-8568-C3136A765AAF}.Release|x64.ActiveCfg = Release|Any CPU
		{9101F0E8-CFA4-49B5-8568-C3136A765AAF}.Release|x64.Build.0 = Release|Any CPU
		{9101F0E8-CFA4-49B5-8568-C3136A765AAF}.Release|x86.ActiveCfg = Release|Any CPU
		{9101F0E8-CFA4-49B5-8568-C3136A765AAF}.Release|x86.Build.0 = Release|Any CPU
		{8EB2050F-48CE-446A-AE3D-651857A6EABF}.Debug|Any CPU.ActiveCfg = Debug|Any CPU
		{8EB2050F-48CE-446A-AE3D-651857A6EABF}.Debug|Any CPU.Build.0 = Debug|Any CPU
		{8EB2050F-48CE-446A-AE3D-651857A6EABF}.Debug|ARM.ActiveCfg = Debug|Any CPU
		{8EB2050F-48CE-446A-AE3D-651857A6EABF}.Debug|ARM.Build.0 = Debug|Any CPU
		{8EB2050F-48CE-446A-AE3D-651857A6EABF}.Debug|x64.ActiveCfg = Debug|Any CPU
		{8EB2050F-48CE-446A-AE3D-651857A6EABF}.Debug|x64.Build.0 = Debug|Any CPU
		{8EB2050F-48CE-446A-AE3D-651857A6EABF}.Debug|x86.ActiveCfg = Debug|Any CPU
		{8EB2050F-48CE-446A-AE3D-651857A6EABF}.Debug|x86.Build.0 = Debug|Any CPU
		{8EB2050F-48CE-446A-AE3D-651857A6EABF}.Release|Any CPU.ActiveCfg = Release|Any CPU
		{8EB2050F-48CE-446A-AE3D-651857A6EABF}.Release|Any CPU.Build.0 = Release|Any CPU
		{8EB2050F-48CE-446A-AE3D-651857A6EABF}.Release|ARM.ActiveCfg = Release|Any CPU
		{8EB2050F-48CE-446A-AE3D-651857A6EABF}.Release|ARM.Build.0 = Release|Any CPU
		{8EB2050F-48CE-446A-AE3D-651857A6EABF}.Release|x64.ActiveCfg = Release|Any CPU
		{8EB2050F-48CE-446A-AE3D-651857A6EABF}.Release|x64.Build.0 = Release|Any CPU
		{8EB2050F-48CE-446A-AE3D-651857A6EABF}.Release|x86.ActiveCfg = Release|Any CPU
		{8EB2050F-48CE-446A-AE3D-651857A6EABF}.Release|x86.Build.0 = Release|Any CPU
		{B4C1DEDA-5769-4AEB-831C-7E1B4371BB13}.Debug|Any CPU.ActiveCfg = Debug|Any CPU
		{B4C1DEDA-5769-4AEB-831C-7E1B4371BB13}.Debug|Any CPU.Build.0 = Debug|Any CPU
		{B4C1DEDA-5769-4AEB-831C-7E1B4371BB13}.Debug|ARM.ActiveCfg = Debug|Any CPU
		{B4C1DEDA-5769-4AEB-831C-7E1B4371BB13}.Debug|ARM.Build.0 = Debug|Any CPU
		{B4C1DEDA-5769-4AEB-831C-7E1B4371BB13}.Debug|x64.ActiveCfg = Debug|Any CPU
		{B4C1DEDA-5769-4AEB-831C-7E1B4371BB13}.Debug|x64.Build.0 = Debug|Any CPU
		{B4C1DEDA-5769-4AEB-831C-7E1B4371BB13}.Debug|x86.ActiveCfg = Debug|Any CPU
		{B4C1DEDA-5769-4AEB-831C-7E1B4371BB13}.Debug|x86.Build.0 = Debug|Any CPU
		{B4C1DEDA-5769-4AEB-831C-7E1B4371BB13}.Release|Any CPU.ActiveCfg = Release|Any CPU
		{B4C1DEDA-5769-4AEB-831C-7E1B4371BB13}.Release|Any CPU.Build.0 = Release|Any CPU
		{B4C1DEDA-5769-4AEB-831C-7E1B4371BB13}.Release|ARM.ActiveCfg = Release|Any CPU
		{B4C1DEDA-5769-4AEB-831C-7E1B4371BB13}.Release|ARM.Build.0 = Release|Any CPU
		{B4C1DEDA-5769-4AEB-831C-7E1B4371BB13}.Release|x64.ActiveCfg = Release|Any CPU
		{B4C1DEDA-5769-4AEB-831C-7E1B4371BB13}.Release|x64.Build.0 = Release|Any CPU
		{B4C1DEDA-5769-4AEB-831C-7E1B4371BB13}.Release|x86.ActiveCfg = Release|Any CPU
		{B4C1DEDA-5769-4AEB-831C-7E1B4371BB13}.Release|x86.Build.0 = Release|Any CPU
		{8C34703A-6E99-446D-9B15-03D96987174D}.Debug|Any CPU.ActiveCfg = Debug|Any CPU
		{8C34703A-6E99-446D-9B15-03D96987174D}.Debug|Any CPU.Build.0 = Debug|Any CPU
		{8C34703A-6E99-446D-9B15-03D96987174D}.Debug|ARM.ActiveCfg = Debug|Any CPU
		{8C34703A-6E99-446D-9B15-03D96987174D}.Debug|ARM.Build.0 = Debug|Any CPU
		{8C34703A-6E99-446D-9B15-03D96987174D}.Debug|x64.ActiveCfg = Debug|Any CPU
		{8C34703A-6E99-446D-9B15-03D96987174D}.Debug|x64.Build.0 = Debug|Any CPU
		{8C34703A-6E99-446D-9B15-03D96987174D}.Debug|x86.ActiveCfg = Debug|Any CPU
		{8C34703A-6E99-446D-9B15-03D96987174D}.Debug|x86.Build.0 = Debug|Any CPU
		{8C34703A-6E99-446D-9B15-03D96987174D}.Release|Any CPU.ActiveCfg = Release|Any CPU
		{8C34703A-6E99-446D-9B15-03D96987174D}.Release|Any CPU.Build.0 = Release|Any CPU
		{8C34703A-6E99-446D-9B15-03D96987174D}.Release|ARM.ActiveCfg = Release|Any CPU
		{8C34703A-6E99-446D-9B15-03D96987174D}.Release|ARM.Build.0 = Release|Any CPU
		{8C34703A-6E99-446D-9B15-03D96987174D}.Release|x64.ActiveCfg = Release|Any CPU
		{8C34703A-6E99-446D-9B15-03D96987174D}.Release|x64.Build.0 = Release|Any CPU
		{8C34703A-6E99-446D-9B15-03D96987174D}.Release|x86.ActiveCfg = Release|Any CPU
		{8C34703A-6E99-446D-9B15-03D96987174D}.Release|x86.Build.0 = Release|Any CPU
		{77830533-DB3C-42B5-8551-8B2335E501D4}.Debug|Any CPU.ActiveCfg = Debug|Any CPU
		{77830533-DB3C-42B5-8551-8B2335E501D4}.Debug|Any CPU.Build.0 = Debug|Any CPU
		{77830533-DB3C-42B5-8551-8B2335E501D4}.Debug|ARM.ActiveCfg = Debug|Any CPU
		{77830533-DB3C-42B5-8551-8B2335E501D4}.Debug|ARM.Build.0 = Debug|Any CPU
		{77830533-DB3C-42B5-8551-8B2335E501D4}.Debug|x64.ActiveCfg = Debug|Any CPU
		{77830533-DB3C-42B5-8551-8B2335E501D4}.Debug|x64.Build.0 = Debug|Any CPU
		{77830533-DB3C-42B5-8551-8B2335E501D4}.Debug|x86.ActiveCfg = Debug|Any CPU
		{77830533-DB3C-42B5-8551-8B2335E501D4}.Debug|x86.Build.0 = Debug|Any CPU
		{77830533-DB3C-42B5-8551-8B2335E501D4}.Release|Any CPU.ActiveCfg = Release|Any CPU
		{77830533-DB3C-42B5-8551-8B2335E501D4}.Release|Any CPU.Build.0 = Release|Any CPU
		{77830533-DB3C-42B5-8551-8B2335E501D4}.Release|ARM.ActiveCfg = Release|Any CPU
		{77830533-DB3C-42B5-8551-8B2335E501D4}.Release|ARM.Build.0 = Release|Any CPU
		{77830533-DB3C-42B5-8551-8B2335E501D4}.Release|x64.ActiveCfg = Release|Any CPU
		{77830533-DB3C-42B5-8551-8B2335E501D4}.Release|x64.Build.0 = Release|Any CPU
		{77830533-DB3C-42B5-8551-8B2335E501D4}.Release|x86.ActiveCfg = Release|Any CPU
		{77830533-DB3C-42B5-8551-8B2335E501D4}.Release|x86.Build.0 = Release|Any CPU
		{EB88F1D0-3530-4DD4-BDAD-9E51B7493BEB}.Debug|Any CPU.ActiveCfg = Debug|Any CPU
		{EB88F1D0-3530-4DD4-BDAD-9E51B7493BEB}.Debug|Any CPU.Build.0 = Debug|Any CPU
		{EB88F1D0-3530-4DD4-BDAD-9E51B7493BEB}.Debug|ARM.ActiveCfg = Debug|Any CPU
		{EB88F1D0-3530-4DD4-BDAD-9E51B7493BEB}.Debug|ARM.Build.0 = Debug|Any CPU
		{EB88F1D0-3530-4DD4-BDAD-9E51B7493BEB}.Debug|x64.ActiveCfg = Debug|Any CPU
		{EB88F1D0-3530-4DD4-BDAD-9E51B7493BEB}.Debug|x64.Build.0 = Debug|Any CPU
		{EB88F1D0-3530-4DD4-BDAD-9E51B7493BEB}.Debug|x86.ActiveCfg = Debug|Any CPU
		{EB88F1D0-3530-4DD4-BDAD-9E51B7493BEB}.Debug|x86.Build.0 = Debug|Any CPU
		{EB88F1D0-3530-4DD4-BDAD-9E51B7493BEB}.Release|Any CPU.ActiveCfg = Release|Any CPU
		{EB88F1D0-3530-4DD4-BDAD-9E51B7493BEB}.Release|Any CPU.Build.0 = Release|Any CPU
		{EB88F1D0-3530-4DD4-BDAD-9E51B7493BEB}.Release|ARM.ActiveCfg = Release|Any CPU
		{EB88F1D0-3530-4DD4-BDAD-9E51B7493BEB}.Release|ARM.Build.0 = Release|Any CPU
		{EB88F1D0-3530-4DD4-BDAD-9E51B7493BEB}.Release|x64.ActiveCfg = Release|Any CPU
		{EB88F1D0-3530-4DD4-BDAD-9E51B7493BEB}.Release|x64.Build.0 = Release|Any CPU
		{EB88F1D0-3530-4DD4-BDAD-9E51B7493BEB}.Release|x86.ActiveCfg = Release|Any CPU
		{EB88F1D0-3530-4DD4-BDAD-9E51B7493BEB}.Release|x86.Build.0 = Release|Any CPU
		{D68ED488-4970-4301-BF3C-D56C1E6B9B31}.Debug|Any CPU.ActiveCfg = Debug|Any CPU
		{D68ED488-4970-4301-BF3C-D56C1E6B9B31}.Debug|Any CPU.Build.0 = Debug|Any CPU
		{D68ED488-4970-4301-BF3C-D56C1E6B9B31}.Debug|ARM.ActiveCfg = Debug|Any CPU
		{D68ED488-4970-4301-BF3C-D56C1E6B9B31}.Debug|ARM.Build.0 = Debug|Any CPU
		{D68ED488-4970-4301-BF3C-D56C1E6B9B31}.Debug|x64.ActiveCfg = Debug|Any CPU
		{D68ED488-4970-4301-BF3C-D56C1E6B9B31}.Debug|x64.Build.0 = Debug|Any CPU
		{D68ED488-4970-4301-BF3C-D56C1E6B9B31}.Debug|x86.ActiveCfg = Debug|Any CPU
		{D68ED488-4970-4301-BF3C-D56C1E6B9B31}.Debug|x86.Build.0 = Debug|Any CPU
		{D68ED488-4970-4301-BF3C-D56C1E6B9B31}.Release|Any CPU.ActiveCfg = Release|Any CPU
		{D68ED488-4970-4301-BF3C-D56C1E6B9B31}.Release|Any CPU.Build.0 = Release|Any CPU
		{D68ED488-4970-4301-BF3C-D56C1E6B9B31}.Release|ARM.ActiveCfg = Release|Any CPU
		{D68ED488-4970-4301-BF3C-D56C1E6B9B31}.Release|ARM.Build.0 = Release|Any CPU
		{D68ED488-4970-4301-BF3C-D56C1E6B9B31}.Release|x64.ActiveCfg = Release|Any CPU
		{D68ED488-4970-4301-BF3C-D56C1E6B9B31}.Release|x64.Build.0 = Release|Any CPU
		{D68ED488-4970-4301-BF3C-D56C1E6B9B31}.Release|x86.ActiveCfg = Release|Any CPU
		{D68ED488-4970-4301-BF3C-D56C1E6B9B31}.Release|x86.Build.0 = Release|Any CPU
		{DB56C7C1-12FC-48C8-A79E-13B08E5E5B84}.Debug|Any CPU.ActiveCfg = Debug|Any CPU
		{DB56C7C1-12FC-48C8-A79E-13B08E5E5B84}.Debug|Any CPU.Build.0 = Debug|Any CPU
		{DB56C7C1-12FC-48C8-A79E-13B08E5E5B84}.Debug|ARM.ActiveCfg = Debug|Any CPU
		{DB56C7C1-12FC-48C8-A79E-13B08E5E5B84}.Debug|ARM.Build.0 = Debug|Any CPU
		{DB56C7C1-12FC-48C8-A79E-13B08E5E5B84}.Debug|x64.ActiveCfg = Debug|Any CPU
		{DB56C7C1-12FC-48C8-A79E-13B08E5E5B84}.Debug|x64.Build.0 = Debug|Any CPU
		{DB56C7C1-12FC-48C8-A79E-13B08E5E5B84}.Debug|x86.ActiveCfg = Debug|Any CPU
		{DB56C7C1-12FC-48C8-A79E-13B08E5E5B84}.Debug|x86.Build.0 = Debug|Any CPU
		{DB56C7C1-12FC-48C8-A79E-13B08E5E5B84}.Release|Any CPU.ActiveCfg = Release|Any CPU
		{DB56C7C1-12FC-48C8-A79E-13B08E5E5B84}.Release|Any CPU.Build.0 = Release|Any CPU
		{DB56C7C1-12FC-48C8-A79E-13B08E5E5B84}.Release|ARM.ActiveCfg = Release|Any CPU
		{DB56C7C1-12FC-48C8-A79E-13B08E5E5B84}.Release|ARM.Build.0 = Release|Any CPU
		{DB56C7C1-12FC-48C8-A79E-13B08E5E5B84}.Release|x64.ActiveCfg = Release|Any CPU
		{DB56C7C1-12FC-48C8-A79E-13B08E5E5B84}.Release|x64.Build.0 = Release|Any CPU
		{DB56C7C1-12FC-48C8-A79E-13B08E5E5B84}.Release|x86.ActiveCfg = Release|Any CPU
		{DB56C7C1-12FC-48C8-A79E-13B08E5E5B84}.Release|x86.Build.0 = Release|Any CPU
		{5C207EEF-BD2E-47A0-8E35-591207240476}.Debug|Any CPU.ActiveCfg = Debug|Any CPU
		{5C207EEF-BD2E-47A0-8E35-591207240476}.Debug|Any CPU.Build.0 = Debug|Any CPU
		{5C207EEF-BD2E-47A0-8E35-591207240476}.Debug|ARM.ActiveCfg = Debug|Any CPU
		{5C207EEF-BD2E-47A0-8E35-591207240476}.Debug|ARM.Build.0 = Debug|Any CPU
		{5C207EEF-BD2E-47A0-8E35-591207240476}.Debug|x64.ActiveCfg = Debug|Any CPU
		{5C207EEF-BD2E-47A0-8E35-591207240476}.Debug|x64.Build.0 = Debug|Any CPU
		{5C207EEF-BD2E-47A0-8E35-591207240476}.Debug|x86.ActiveCfg = Debug|Any CPU
		{5C207EEF-BD2E-47A0-8E35-591207240476}.Debug|x86.Build.0 = Debug|Any CPU
		{5C207EEF-BD2E-47A0-8E35-591207240476}.Release|Any CPU.ActiveCfg = Release|Any CPU
		{5C207EEF-BD2E-47A0-8E35-591207240476}.Release|Any CPU.Build.0 = Release|Any CPU
		{5C207EEF-BD2E-47A0-8E35-591207240476}.Release|ARM.ActiveCfg = Release|Any CPU
		{5C207EEF-BD2E-47A0-8E35-591207240476}.Release|ARM.Build.0 = Release|Any CPU
		{5C207EEF-BD2E-47A0-8E35-591207240476}.Release|x64.ActiveCfg = Release|Any CPU
		{5C207EEF-BD2E-47A0-8E35-591207240476}.Release|x64.Build.0 = Release|Any CPU
		{5C207EEF-BD2E-47A0-8E35-591207240476}.Release|x86.ActiveCfg = Release|Any CPU
		{5C207EEF-BD2E-47A0-8E35-591207240476}.Release|x86.Build.0 = Release|Any CPU
		{80E89160-74AA-4A58-BCE7-6E598B1AD211}.Debug|Any CPU.ActiveCfg = Debug|Any CPU
		{80E89160-74AA-4A58-BCE7-6E598B1AD211}.Debug|Any CPU.Build.0 = Debug|Any CPU
		{80E89160-74AA-4A58-BCE7-6E598B1AD211}.Debug|ARM.ActiveCfg = Debug|Any CPU
		{80E89160-74AA-4A58-BCE7-6E598B1AD211}.Debug|ARM.Build.0 = Debug|Any CPU
		{80E89160-74AA-4A58-BCE7-6E598B1AD211}.Debug|x64.ActiveCfg = Debug|Any CPU
		{80E89160-74AA-4A58-BCE7-6E598B1AD211}.Debug|x64.Build.0 = Debug|Any CPU
		{80E89160-74AA-4A58-BCE7-6E598B1AD211}.Debug|x86.ActiveCfg = Debug|Any CPU
		{80E89160-74AA-4A58-BCE7-6E598B1AD211}.Debug|x86.Build.0 = Debug|Any CPU
		{80E89160-74AA-4A58-BCE7-6E598B1AD211}.Release|Any CPU.ActiveCfg = Release|Any CPU
		{80E89160-74AA-4A58-BCE7-6E598B1AD211}.Release|Any CPU.Build.0 = Release|Any CPU
		{80E89160-74AA-4A58-BCE7-6E598B1AD211}.Release|ARM.ActiveCfg = Release|Any CPU
		{80E89160-74AA-4A58-BCE7-6E598B1AD211}.Release|ARM.Build.0 = Release|Any CPU
		{80E89160-74AA-4A58-BCE7-6E598B1AD211}.Release|x64.ActiveCfg = Release|Any CPU
		{80E89160-74AA-4A58-BCE7-6E598B1AD211}.Release|x64.Build.0 = Release|Any CPU
		{80E89160-74AA-4A58-BCE7-6E598B1AD211}.Release|x86.ActiveCfg = Release|Any CPU
		{80E89160-74AA-4A58-BCE7-6E598B1AD211}.Release|x86.Build.0 = Release|Any CPU
		{1BF67ABB-5417-47DC-8C28-FF1DD7DC0B07}.Debug|Any CPU.ActiveCfg = Debug|Any CPU
		{1BF67ABB-5417-47DC-8C28-FF1DD7DC0B07}.Debug|Any CPU.Build.0 = Debug|Any CPU
		{1BF67ABB-5417-47DC-8C28-FF1DD7DC0B07}.Debug|ARM.ActiveCfg = Debug|Any CPU
		{1BF67ABB-5417-47DC-8C28-FF1DD7DC0B07}.Debug|ARM.Build.0 = Debug|Any CPU
		{1BF67ABB-5417-47DC-8C28-FF1DD7DC0B07}.Debug|x64.ActiveCfg = Debug|Any CPU
		{1BF67ABB-5417-47DC-8C28-FF1DD7DC0B07}.Debug|x64.Build.0 = Debug|Any CPU
		{1BF67ABB-5417-47DC-8C28-FF1DD7DC0B07}.Debug|x86.ActiveCfg = Debug|Any CPU
		{1BF67ABB-5417-47DC-8C28-FF1DD7DC0B07}.Debug|x86.Build.0 = Debug|Any CPU
		{1BF67ABB-5417-47DC-8C28-FF1DD7DC0B07}.Release|Any CPU.ActiveCfg = Release|Any CPU
		{1BF67ABB-5417-47DC-8C28-FF1DD7DC0B07}.Release|Any CPU.Build.0 = Release|Any CPU
		{1BF67ABB-5417-47DC-8C28-FF1DD7DC0B07}.Release|ARM.ActiveCfg = Release|Any CPU
		{1BF67ABB-5417-47DC-8C28-FF1DD7DC0B07}.Release|ARM.Build.0 = Release|Any CPU
		{1BF67ABB-5417-47DC-8C28-FF1DD7DC0B07}.Release|x64.ActiveCfg = Release|Any CPU
		{1BF67ABB-5417-47DC-8C28-FF1DD7DC0B07}.Release|x64.Build.0 = Release|Any CPU
		{1BF67ABB-5417-47DC-8C28-FF1DD7DC0B07}.Release|x86.ActiveCfg = Release|Any CPU
		{1BF67ABB-5417-47DC-8C28-FF1DD7DC0B07}.Release|x86.Build.0 = Release|Any CPU
		{0890583B-4155-41D3-ACFF-9EF509EC3A50}.Debug|Any CPU.ActiveCfg = Debug|x86
		{0890583B-4155-41D3-ACFF-9EF509EC3A50}.Debug|ARM.ActiveCfg = Debug|ARM
		{0890583B-4155-41D3-ACFF-9EF509EC3A50}.Debug|ARM.Build.0 = Debug|ARM
		{0890583B-4155-41D3-ACFF-9EF509EC3A50}.Debug|ARM.Deploy.0 = Debug|ARM
		{0890583B-4155-41D3-ACFF-9EF509EC3A50}.Debug|x64.ActiveCfg = Debug|x64
		{0890583B-4155-41D3-ACFF-9EF509EC3A50}.Debug|x64.Build.0 = Debug|x64
		{0890583B-4155-41D3-ACFF-9EF509EC3A50}.Debug|x64.Deploy.0 = Debug|x64
		{0890583B-4155-41D3-ACFF-9EF509EC3A50}.Debug|x86.ActiveCfg = Debug|x86
		{0890583B-4155-41D3-ACFF-9EF509EC3A50}.Debug|x86.Build.0 = Debug|x86
		{0890583B-4155-41D3-ACFF-9EF509EC3A50}.Debug|x86.Deploy.0 = Debug|x86
		{0890583B-4155-41D3-ACFF-9EF509EC3A50}.Release|Any CPU.ActiveCfg = Release|x86
		{0890583B-4155-41D3-ACFF-9EF509EC3A50}.Release|ARM.ActiveCfg = Release|ARM
		{0890583B-4155-41D3-ACFF-9EF509EC3A50}.Release|ARM.Build.0 = Release|ARM
		{0890583B-4155-41D3-ACFF-9EF509EC3A50}.Release|ARM.Deploy.0 = Release|ARM
		{0890583B-4155-41D3-ACFF-9EF509EC3A50}.Release|x64.ActiveCfg = Release|x64
		{0890583B-4155-41D3-ACFF-9EF509EC3A50}.Release|x64.Build.0 = Release|x64
		{0890583B-4155-41D3-ACFF-9EF509EC3A50}.Release|x64.Deploy.0 = Release|x64
		{0890583B-4155-41D3-ACFF-9EF509EC3A50}.Release|x86.ActiveCfg = Release|x86
		{0890583B-4155-41D3-ACFF-9EF509EC3A50}.Release|x86.Build.0 = Release|x86
		{0890583B-4155-41D3-ACFF-9EF509EC3A50}.Release|x86.Deploy.0 = Release|x86
		{BBD2D87F-E83B-4FE7-B4C7-3DAF61472D30}.Debug|Any CPU.ActiveCfg = Debug|Any CPU
		{BBD2D87F-E83B-4FE7-B4C7-3DAF61472D30}.Debug|Any CPU.Build.0 = Debug|Any CPU
		{BBD2D87F-E83B-4FE7-B4C7-3DAF61472D30}.Debug|ARM.ActiveCfg = Debug|Any CPU
		{BBD2D87F-E83B-4FE7-B4C7-3DAF61472D30}.Debug|ARM.Build.0 = Debug|Any CPU
		{BBD2D87F-E83B-4FE7-B4C7-3DAF61472D30}.Debug|x64.ActiveCfg = Debug|Any CPU
		{BBD2D87F-E83B-4FE7-B4C7-3DAF61472D30}.Debug|x64.Build.0 = Debug|Any CPU
		{BBD2D87F-E83B-4FE7-B4C7-3DAF61472D30}.Debug|x86.ActiveCfg = Debug|Any CPU
		{BBD2D87F-E83B-4FE7-B4C7-3DAF61472D30}.Debug|x86.Build.0 = Debug|Any CPU
		{BBD2D87F-E83B-4FE7-B4C7-3DAF61472D30}.Release|Any CPU.ActiveCfg = Release|Any CPU
		{BBD2D87F-E83B-4FE7-B4C7-3DAF61472D30}.Release|Any CPU.Build.0 = Release|Any CPU
		{BBD2D87F-E83B-4FE7-B4C7-3DAF61472D30}.Release|ARM.ActiveCfg = Release|Any CPU
		{BBD2D87F-E83B-4FE7-B4C7-3DAF61472D30}.Release|ARM.Build.0 = Release|Any CPU
		{BBD2D87F-E83B-4FE7-B4C7-3DAF61472D30}.Release|x64.ActiveCfg = Release|Any CPU
		{BBD2D87F-E83B-4FE7-B4C7-3DAF61472D30}.Release|x64.Build.0 = Release|Any CPU
		{BBD2D87F-E83B-4FE7-B4C7-3DAF61472D30}.Release|x86.ActiveCfg = Release|Any CPU
		{BBD2D87F-E83B-4FE7-B4C7-3DAF61472D30}.Release|x86.Build.0 = Release|Any CPU
		{F37A48F5-39DA-4FA2-8175-2EF291BC1202}.Debug|Any CPU.ActiveCfg = Debug|Any CPU
		{F37A48F5-39DA-4FA2-8175-2EF291BC1202}.Debug|Any CPU.Build.0 = Debug|Any CPU
		{F37A48F5-39DA-4FA2-8175-2EF291BC1202}.Debug|ARM.ActiveCfg = Debug|Any CPU
		{F37A48F5-39DA-4FA2-8175-2EF291BC1202}.Debug|ARM.Build.0 = Debug|Any CPU
		{F37A48F5-39DA-4FA2-8175-2EF291BC1202}.Debug|x64.ActiveCfg = Debug|Any CPU
		{F37A48F5-39DA-4FA2-8175-2EF291BC1202}.Debug|x64.Build.0 = Debug|Any CPU
		{F37A48F5-39DA-4FA2-8175-2EF291BC1202}.Debug|x86.ActiveCfg = Debug|Any CPU
		{F37A48F5-39DA-4FA2-8175-2EF291BC1202}.Debug|x86.Build.0 = Debug|Any CPU
		{F37A48F5-39DA-4FA2-8175-2EF291BC1202}.Release|Any CPU.ActiveCfg = Release|Any CPU
		{F37A48F5-39DA-4FA2-8175-2EF291BC1202}.Release|Any CPU.Build.0 = Release|Any CPU
		{F37A48F5-39DA-4FA2-8175-2EF291BC1202}.Release|ARM.ActiveCfg = Release|Any CPU
		{F37A48F5-39DA-4FA2-8175-2EF291BC1202}.Release|ARM.Build.0 = Release|Any CPU
		{F37A48F5-39DA-4FA2-8175-2EF291BC1202}.Release|x64.ActiveCfg = Release|Any CPU
		{F37A48F5-39DA-4FA2-8175-2EF291BC1202}.Release|x64.Build.0 = Release|Any CPU
		{F37A48F5-39DA-4FA2-8175-2EF291BC1202}.Release|x86.ActiveCfg = Release|Any CPU
		{F37A48F5-39DA-4FA2-8175-2EF291BC1202}.Release|x86.Build.0 = Release|Any CPU
		{BACD0B37-153F-4EFD-962A-9111B51623B2}.Debug|Any CPU.ActiveCfg = Debug|Any CPU
		{BACD0B37-153F-4EFD-962A-9111B51623B2}.Debug|Any CPU.Build.0 = Debug|Any CPU
		{BACD0B37-153F-4EFD-962A-9111B51623B2}.Debug|Any CPU.Deploy.0 = Debug|Any CPU
		{BACD0B37-153F-4EFD-962A-9111B51623B2}.Debug|ARM.ActiveCfg = Debug|Any CPU
		{BACD0B37-153F-4EFD-962A-9111B51623B2}.Debug|ARM.Build.0 = Debug|Any CPU
		{BACD0B37-153F-4EFD-962A-9111B51623B2}.Debug|ARM.Deploy.0 = Debug|Any CPU
		{BACD0B37-153F-4EFD-962A-9111B51623B2}.Debug|x64.ActiveCfg = Debug|Any CPU
		{BACD0B37-153F-4EFD-962A-9111B51623B2}.Debug|x64.Build.0 = Debug|Any CPU
		{BACD0B37-153F-4EFD-962A-9111B51623B2}.Debug|x64.Deploy.0 = Debug|Any CPU
		{BACD0B37-153F-4EFD-962A-9111B51623B2}.Debug|x86.ActiveCfg = Debug|Any CPU
		{BACD0B37-153F-4EFD-962A-9111B51623B2}.Debug|x86.Build.0 = Debug|Any CPU
		{BACD0B37-153F-4EFD-962A-9111B51623B2}.Debug|x86.Deploy.0 = Debug|Any CPU
		{BACD0B37-153F-4EFD-962A-9111B51623B2}.Release|Any CPU.ActiveCfg = Release|Any CPU
		{BACD0B37-153F-4EFD-962A-9111B51623B2}.Release|Any CPU.Build.0 = Release|Any CPU
		{BACD0B37-153F-4EFD-962A-9111B51623B2}.Release|Any CPU.Deploy.0 = Release|Any CPU
		{BACD0B37-153F-4EFD-962A-9111B51623B2}.Release|ARM.ActiveCfg = Release|Any CPU
		{BACD0B37-153F-4EFD-962A-9111B51623B2}.Release|ARM.Build.0 = Release|Any CPU
		{BACD0B37-153F-4EFD-962A-9111B51623B2}.Release|ARM.Deploy.0 = Release|Any CPU
		{BACD0B37-153F-4EFD-962A-9111B51623B2}.Release|x64.ActiveCfg = Release|Any CPU
		{BACD0B37-153F-4EFD-962A-9111B51623B2}.Release|x64.Build.0 = Release|Any CPU
		{BACD0B37-153F-4EFD-962A-9111B51623B2}.Release|x64.Deploy.0 = Release|Any CPU
		{BACD0B37-153F-4EFD-962A-9111B51623B2}.Release|x86.ActiveCfg = Release|Any CPU
		{BACD0B37-153F-4EFD-962A-9111B51623B2}.Release|x86.Build.0 = Release|Any CPU
		{BACD0B37-153F-4EFD-962A-9111B51623B2}.Release|x86.Deploy.0 = Release|Any CPU
	EndGlobalSection
	GlobalSection(SolutionProperties) = preSolution
		HideSolutionNode = FALSE
	EndGlobalSection
	GlobalSection(NestedProjects) = preSolution
		{80E89160-74AA-4A58-BCE7-6E598B1AD211} = {BF17EF93-A82C-43D8-813C-0DBBC53A8A80}
		{1BF67ABB-5417-47DC-8C28-FF1DD7DC0B07} = {BF17EF93-A82C-43D8-813C-0DBBC53A8A80}
		{0890583B-4155-41D3-ACFF-9EF509EC3A50} = {BF17EF93-A82C-43D8-813C-0DBBC53A8A80}
		{F37A48F5-39DA-4FA2-8175-2EF291BC1202} = {BF17EF93-A82C-43D8-813C-0DBBC53A8A80}
		{BACD0B37-153F-4EFD-962A-9111B51623B2} = {BF17EF93-A82C-43D8-813C-0DBBC53A8A80}
	EndGlobalSection
EndGlobal
