
Microsoft Visual Studio Solution File, Format Version 12.00
# Visual Studio Version 16
VisualStudioVersion = 16.0.29911.84
MinimumVisualStudioVersion = 10.0.40219.1
Project("{9A19103F-16F7-4668-BE54-9A1E7A4F7556}") = "Tweetinvi", "src\Tweetinvi\Tweetinvi.csproj", "{F5D1BEE1-7517-4CBD-AA8F-3599AD5C456B}"
EndProject
Project("{9A19103F-16F7-4668-BE54-9A1E7A4F7556}") = "Tweetinvi.Controllers", "src\Tweetinvi.Controllers\Tweetinvi.Controllers.csproj", "{9A1EF2AA-48AB-4721-8721-ABEAA2631674}"
EndProject
Project("{9A19103F-16F7-4668-BE54-9A1E7A4F7556}") = "Tweetinvi.Core", "src\Tweetinvi.Core\Tweetinvi.Core.csproj", "{1AF835D2-C7A8-4D91-9616-8ACC91E7BFE2}"
EndProject
Project("{9A19103F-16F7-4668-BE54-9A1E7A4F7556}") = "Tweetinvi.Credentials", "src\Tweetinvi.Credentials\Tweetinvi.Credentials.csproj", "{D6D56C7A-813F-450A-8D4D-76D6B39CCA2B}"
EndProject
Project("{9A19103F-16F7-4668-BE54-9A1E7A4F7556}") = "Tweetinvi.Logic", "src\Tweetinvi.Logic\Tweetinvi.Logic.csproj", "{0E51F282-E0FF-46E6-B70E-4BE81E1A0FDE}"
EndProject
Project("{9A19103F-16F7-4668-BE54-9A1E7A4F7556}") = "Tweetinvi.Security", "src\Tweetinvi.Security\Tweetinvi.Security.csproj", "{D6C75F20-7EF0-44E6-BE09-194E9C3A06B9}"
EndProject
Project("{9A19103F-16F7-4668-BE54-9A1E7A4F7556}") = "Tweetinvi.Streams", "src\Tweetinvi.Streams\Tweetinvi.Streams.csproj", "{5FFD016C-D903-480F-9EF1-F2E954B293F2}"
EndProject
Project("{9A19103F-16F7-4668-BE54-9A1E7A4F7556}") = "Tweetinvi.AspNet", "src\Tweetinvi.AspNet\Tweetinvi.AspNet.csproj", "{07DC80BE-112B-4242-BCD8-51CE31C13722}"
EndProject
Project("{9A19103F-16F7-4668-BE54-9A1E7A4F7556}") = "Tweetinvi.WebLogic", "src\Tweetinvi.WebLogic\Tweetinvi.WebLogic.csproj", "{E28C4C1F-05CD-4E56-8C70-987CAF7ACFBE}"
EndProject
Project("{9A19103F-16F7-4668-BE54-9A1E7A4F7556}") = "Examplinvi.AccountActivity.ASP.NETCore", "Examples - Account Activity\Examplinvi.AccountActivity.ASP.NETCore\Examplinvi.AccountActivity.ASP.NETCore.csproj", "{AF6B5057-F8E0-4D7B-BEF6-A10A696B1B3A}"
EndProject
Project("{9A19103F-16F7-4668-BE54-9A1E7A4F7556}") = "Examplinvi.AccountActivityEvents", "Examples - Account Activity\Examplinvi.AccountActivityEvents\Examplinvi.AccountActivityEvents.csproj", "{1D28682C-C259-4419-8160-2235FA25D355}"
EndProject
Project("{FAE04EC0-301F-11D3-BF4B-00C04F79EFBC}") = "Examplinvi.AccountActivity.ASP", "Examples - Account Activity\Examplinvi.AccountActivity.ASP\Examplinvi.AccountActivity.ASP.csproj", "{23314C51-0AAF-4FD2-B13B-26545043157A}"
EndProject
Project("{2150E333-8FDC-42A3-9474-1A3956D46DE8}") = "Examples - Account Activity", "Examples - Account Activity", "{C242E17C-CDE3-4A13-84F9-2D119EDC5373}"
EndProject
Project("{2150E333-8FDC-42A3-9474-1A3956D46DE8}") = "Examples", "Examples", "{53D39A10-59EC-4D51-AFB0-E85D5499FFD8}"
EndProject
Project("{FAE04EC0-301F-11D3-BF4B-00C04F79EFBC}") = "Examplinvi.ASP.NET", "Examples\Examplinvi.ASP.NET\Examplinvi.ASP.NET.csproj", "{EED8E96B-DE57-46B6-9F8A-FA4820B9EDC3}"
EndProject
Project("{FAE04EC0-301F-11D3-BF4B-00C04F79EFBC}") = "xUnitinvi", "Tests\xUnitinvi\xUnitinvi.csproj", "{6D1E649C-123C-463B-A759-94F2619E1480}"
EndProject
Project("{FAE04EC0-301F-11D3-BF4B-00C04F79EFBC}") = "Examplinvi.Console", "Examples\Examplinvi.Console\Examplinvi.Console.csproj", "{CE404F25-0BD1-4C95-B58D-C5D3014C5361}"
EndProject
Project("{FAE04EC0-301F-11D3-BF4B-00C04F79EFBC}") = "Examplinvi.UAP", "Examples\Examplinvi.UAP\Examplinvi.UAP.csproj", "{0890583B-4155-41D3-ACFF-9EF509EC3A50}"
EndProject
Project("{FAE04EC0-301F-11D3-BF4B-00C04F79EFBC}") = "Examplinvi.Winforms", "Examples\Examplinvi.Winforms\Examplinvi.Winforms.csproj", "{E5FDB0D5-FC31-4596-A18C-A82F09A18B9E}"
EndProject
Project("{FAE04EC0-301F-11D3-BF4B-00C04F79EFBC}") = "Examplinvi.WPF", "Examples\Examplinvi.WPF\Examplinvi.WPF.csproj", "{0F2DB26E-0D35-4C6F-9B50-5C8F53021A81}"
EndProject
Global
	GlobalSection(SolutionConfigurationPlatforms) = preSolution
		Debug|Any CPU = Debug|Any CPU
		Release|Any CPU = Release|Any CPU
	EndGlobalSection
	GlobalSection(ProjectConfigurationPlatforms) = postSolution
		{F5D1BEE1-7517-4CBD-AA8F-3599AD5C456B}.Debug|Any CPU.ActiveCfg = Debug|Any CPU
		{F5D1BEE1-7517-4CBD-AA8F-3599AD5C456B}.Debug|Any CPU.Build.0 = Debug|Any CPU
		{F5D1BEE1-7517-4CBD-AA8F-3599AD5C456B}.Release|Any CPU.ActiveCfg = Release|Any CPU
		{F5D1BEE1-7517-4CBD-AA8F-3599AD5C456B}.Release|Any CPU.Build.0 = Release|Any CPU
		{9A1EF2AA-48AB-4721-8721-ABEAA2631674}.Debug|Any CPU.ActiveCfg = Debug|Any CPU
		{9A1EF2AA-48AB-4721-8721-ABEAA2631674}.Debug|Any CPU.Build.0 = Debug|Any CPU
		{9A1EF2AA-48AB-4721-8721-ABEAA2631674}.Release|Any CPU.ActiveCfg = Release|Any CPU
		{9A1EF2AA-48AB-4721-8721-ABEAA2631674}.Release|Any CPU.Build.0 = Release|Any CPU
		{1AF835D2-C7A8-4D91-9616-8ACC91E7BFE2}.Debug|Any CPU.ActiveCfg = Debug|Any CPU
		{1AF835D2-C7A8-4D91-9616-8ACC91E7BFE2}.Debug|Any CPU.Build.0 = Debug|Any CPU
		{1AF835D2-C7A8-4D91-9616-8ACC91E7BFE2}.Release|Any CPU.ActiveCfg = Release|Any CPU
		{1AF835D2-C7A8-4D91-9616-8ACC91E7BFE2}.Release|Any CPU.Build.0 = Release|Any CPU
		{D6D56C7A-813F-450A-8D4D-76D6B39CCA2B}.Debug|Any CPU.ActiveCfg = Debug|Any CPU
		{D6D56C7A-813F-450A-8D4D-76D6B39CCA2B}.Debug|Any CPU.Build.0 = Debug|Any CPU
		{D6D56C7A-813F-450A-8D4D-76D6B39CCA2B}.Release|Any CPU.ActiveCfg = Release|Any CPU
		{D6D56C7A-813F-450A-8D4D-76D6B39CCA2B}.Release|Any CPU.Build.0 = Release|Any CPU
		{0E51F282-E0FF-46E6-B70E-4BE81E1A0FDE}.Debug|Any CPU.ActiveCfg = Debug|Any CPU
		{0E51F282-E0FF-46E6-B70E-4BE81E1A0FDE}.Debug|Any CPU.Build.0 = Debug|Any CPU
		{0E51F282-E0FF-46E6-B70E-4BE81E1A0FDE}.Release|Any CPU.ActiveCfg = Release|Any CPU
		{0E51F282-E0FF-46E6-B70E-4BE81E1A0FDE}.Release|Any CPU.Build.0 = Release|Any CPU
		{D6C75F20-7EF0-44E6-BE09-194E9C3A06B9}.Debug|Any CPU.ActiveCfg = Debug|Any CPU
		{D6C75F20-7EF0-44E6-BE09-194E9C3A06B9}.Debug|Any CPU.Build.0 = Debug|Any CPU
		{D6C75F20-7EF0-44E6-BE09-194E9C3A06B9}.Release|Any CPU.ActiveCfg = Release|Any CPU
		{D6C75F20-7EF0-44E6-BE09-194E9C3A06B9}.Release|Any CPU.Build.0 = Release|Any CPU
		{5FFD016C-D903-480F-9EF1-F2E954B293F2}.Debug|Any CPU.ActiveCfg = Debug|Any CPU
		{5FFD016C-D903-480F-9EF1-F2E954B293F2}.Debug|Any CPU.Build.0 = Debug|Any CPU
		{5FFD016C-D903-480F-9EF1-F2E954B293F2}.Release|Any CPU.ActiveCfg = Release|Any CPU
		{5FFD016C-D903-480F-9EF1-F2E954B293F2}.Release|Any CPU.Build.0 = Release|Any CPU
		{07DC80BE-112B-4242-BCD8-51CE31C13722}.Debug|Any CPU.ActiveCfg = Debug|Any CPU
		{07DC80BE-112B-4242-BCD8-51CE31C13722}.Debug|Any CPU.Build.0 = Debug|Any CPU
		{07DC80BE-112B-4242-BCD8-51CE31C13722}.Release|Any CPU.ActiveCfg = Release|Any CPU
		{07DC80BE-112B-4242-BCD8-51CE31C13722}.Release|Any CPU.Build.0 = Release|Any CPU
		{185672C7-BDE4-487E-8385-C5440E32B924}.Debug|Any CPU.ActiveCfg = Debug|Any CPU
		{185672C7-BDE4-487E-8385-C5440E32B924}.Debug|Any CPU.Build.0 = Debug|Any CPU
		{185672C7-BDE4-487E-8385-C5440E32B924}.Release|Any CPU.ActiveCfg = Release|Any CPU
		{185672C7-BDE4-487E-8385-C5440E32B924}.Release|Any CPU.Build.0 = Release|Any CPU
		{E28C4C1F-05CD-4E56-8C70-987CAF7ACFBE}.Debug|Any CPU.ActiveCfg = Debug|Any CPU
		{E28C4C1F-05CD-4E56-8C70-987CAF7ACFBE}.Debug|Any CPU.Build.0 = Debug|Any CPU
		{E28C4C1F-05CD-4E56-8C70-987CAF7ACFBE}.Release|Any CPU.ActiveCfg = Release|Any CPU
		{E28C4C1F-05CD-4E56-8C70-987CAF7ACFBE}.Release|Any CPU.Build.0 = Release|Any CPU
		{AF6B5057-F8E0-4D7B-BEF6-A10A696B1B3A}.Debug|Any CPU.ActiveCfg = Debug|Any CPU
		{AF6B5057-F8E0-4D7B-BEF6-A10A696B1B3A}.Debug|Any CPU.Build.0 = Debug|Any CPU
		{AF6B5057-F8E0-4D7B-BEF6-A10A696B1B3A}.Release|Any CPU.ActiveCfg = Release|Any CPU
		{AF6B5057-F8E0-4D7B-BEF6-A10A696B1B3A}.Release|Any CPU.Build.0 = Release|Any CPU
		{79891991-BC8B-4723-9566-A88D50A946FE}.Debug|Any CPU.ActiveCfg = Debug|Any CPU
		{79891991-BC8B-4723-9566-A88D50A946FE}.Debug|Any CPU.Build.0 = Debug|Any CPU
		{79891991-BC8B-4723-9566-A88D50A946FE}.Release|Any CPU.ActiveCfg = Release|Any CPU
		{79891991-BC8B-4723-9566-A88D50A946FE}.Release|Any CPU.Build.0 = Release|Any CPU
		{1D28682C-C259-4419-8160-2235FA25D355}.Debug|Any CPU.ActiveCfg = Debug|Any CPU
		{1D28682C-C259-4419-8160-2235FA25D355}.Debug|Any CPU.Build.0 = Debug|Any CPU
		{1D28682C-C259-4419-8160-2235FA25D355}.Release|Any CPU.ActiveCfg = Release|Any CPU
		{1D28682C-C259-4419-8160-2235FA25D355}.Release|Any CPU.Build.0 = Release|Any CPU
		{23314C51-0AAF-4FD2-B13B-26545043157A}.Debug|Any CPU.ActiveCfg = Debug|Any CPU
		{23314C51-0AAF-4FD2-B13B-26545043157A}.Debug|Any CPU.Build.0 = Debug|Any CPU
		{23314C51-0AAF-4FD2-B13B-26545043157A}.Release|Any CPU.ActiveCfg = Release|Any CPU
		{23314C51-0AAF-4FD2-B13B-26545043157A}.Release|Any CPU.Build.0 = Release|Any CPU
		{EED8E96B-DE57-46B6-9F8A-FA4820B9EDC3}.Debug|Any CPU.ActiveCfg = Debug|Any CPU
		{EED8E96B-DE57-46B6-9F8A-FA4820B9EDC3}.Debug|Any CPU.Build.0 = Debug|Any CPU
		{EED8E96B-DE57-46B6-9F8A-FA4820B9EDC3}.Release|Any CPU.ActiveCfg = Release|Any CPU
		{EED8E96B-DE57-46B6-9F8A-FA4820B9EDC3}.Release|Any CPU.Build.0 = Release|Any CPU
		{6D1E649C-123C-463B-A759-94F2619E1480}.Debug|Any CPU.ActiveCfg = Debug|Any CPU
		{6D1E649C-123C-463B-A759-94F2619E1480}.Debug|Any CPU.Build.0 = Debug|Any CPU
		{6D1E649C-123C-463B-A759-94F2619E1480}.Release|Any CPU.ActiveCfg = Release|Any CPU
		{6D1E649C-123C-463B-A759-94F2619E1480}.Release|Any CPU.Build.0 = Release|Any CPU
		{CE404F25-0BD1-4C95-B58D-C5D3014C5361}.Debug|Any CPU.ActiveCfg = Debug|Any CPU
		{CE404F25-0BD1-4C95-B58D-C5D3014C5361}.Debug|Any CPU.Build.0 = Debug|Any CPU
		{CE404F25-0BD1-4C95-B58D-C5D3014C5361}.Release|Any CPU.ActiveCfg = Release|Any CPU
		{CE404F25-0BD1-4C95-B58D-C5D3014C5361}.Release|Any CPU.Build.0 = Release|Any CPU
		{0890583B-4155-41D3-ACFF-9EF509EC3A50}.Debug|Any CPU.ActiveCfg = Debug|x86
		{0890583B-4155-41D3-ACFF-9EF509EC3A50}.Debug|Any CPU.Build.0 = Debug|x86
		{0890583B-4155-41D3-ACFF-9EF509EC3A50}.Release|Any CPU.ActiveCfg = Release|x86
		{0890583B-4155-41D3-ACFF-9EF509EC3A50}.Release|Any CPU.Build.0 = Release|x86
		{E5FDB0D5-FC31-4596-A18C-A82F09A18B9E}.Debug|Any CPU.ActiveCfg = Debug|Any CPU
		{E5FDB0D5-FC31-4596-A18C-A82F09A18B9E}.Debug|Any CPU.Build.0 = Debug|Any CPU
		{E5FDB0D5-FC31-4596-A18C-A82F09A18B9E}.Release|Any CPU.ActiveCfg = Release|Any CPU
		{E5FDB0D5-FC31-4596-A18C-A82F09A18B9E}.Release|Any CPU.Build.0 = Release|Any CPU
		{0F2DB26E-0D35-4C6F-9B50-5C8F53021A81}.Debug|Any CPU.ActiveCfg = Debug|Any CPU
		{0F2DB26E-0D35-4C6F-9B50-5C8F53021A81}.Debug|Any CPU.Build.0 = Debug|Any CPU
		{0F2DB26E-0D35-4C6F-9B50-5C8F53021A81}.Release|Any CPU.ActiveCfg = Release|Any CPU
		{0F2DB26E-0D35-4C6F-9B50-5C8F53021A81}.Release|Any CPU.Build.0 = Release|Any CPU
	EndGlobalSection
	GlobalSection(SolutionProperties) = preSolution
		HideSolutionNode = FALSE
	EndGlobalSection
	GlobalSection(ExtensibilityGlobals) = postSolution
		SolutionGuid = {2B3B802E-1D6D-43B1-BB8F-D5FE24439BDD}
	EndGlobalSection
	GlobalSection(NestedProjects) = preSolution
		{23314C51-0AAF-4FD2-B13B-26545043157A} = {C242E17C-CDE3-4A13-84F9-2D119EDC5373}
		{AF6B5057-F8E0-4D7B-BEF6-A10A696B1B3A} = {C242E17C-CDE3-4A13-84F9-2D119EDC5373}
		{1D28682C-C259-4419-8160-2235FA25D355} = {C242E17C-CDE3-4A13-84F9-2D119EDC5373}
		{EED8E96B-DE57-46B6-9F8A-FA4820B9EDC3} = {53D39A10-59EC-4D51-AFB0-E85D5499FFD8}
		{CE404F25-0BD1-4C95-B58D-C5D3014C5361} = {53D39A10-59EC-4D51-AFB0-E85D5499FFD8}
		{0890583B-4155-41D3-ACFF-9EF509EC3A50} = {53D39A10-59EC-4D51-AFB0-E85D5499FFD8}
		{E5FDB0D5-FC31-4596-A18C-A82F09A18B9E} = {53D39A10-59EC-4D51-AFB0-E85D5499FFD8}
		{0F2DB26E-0D35-4C6F-9B50-5C8F53021A81} = {53D39A10-59EC-4D51-AFB0-E85D5499FFD8}
	EndGlobalSection
EndGlobal
